{
  "version": 4,
  "terraform_version": "1.14.4",
  "serial": 1852,
  "lineage": "103f6758-db94-466e-6f91-debc734c75d7",
  "outputs": {
    "authenticated_role_arn": {
      "value": "arn:aws:iam::205930637405:role/vocaldocs_identity_pool-bu791qc9",
      "type": "string"
    },
    "build_artifacts_bucket": {
      "value": "codebuild-artifacts-bu791qc9",
      "type": "string"
    },
    "codebuild_project_name": {
      "value": "pdf-lambda-build-bu791qc9",
      "type": "string"
    },
    "cognito_client_id": {
      "value": "13qs24batvnlh5ehgv66gl6pf2",
      "type": "string"
    },
    "cognito_domain": {
      "value": "https://vocaldocs-auth-bu791qc9.auth.eu-west-1.amazoncognito.com",
      "type": "string"
    },
    "cognito_hosted_ui_domain": {
      "value": "https://vocaldocs-auth-bu791qc9.auth.eu-west-1.amazoncognito.com",
      "type": "string"
    },
    "cognito_user_pool_id": {
      "value": "eu-west-1_7cXLDArwh",
      "type": "string"
    },
    "config_js_path": {
      "value": "C:/Users/aymenaly/Gitlab Folder/vocaldocs-repo-gitlab/src/static_website/config.js",
      "type": "string"
    },
    "document_bucket_name": {
      "value": "document-request-bucket-vocaldocs-bu791qc9",
      "type": "string"
    },
    "dynamodb_table_name": {
      "value": "Document_Request_db-bu791qc9",
      "type": "string"
    },
    "ecr_repository_name": {
      "value": "pdf-lambda-bu791qc9",
      "type": "string"
    },
    "ecr_repository_url": {
      "value": "205930637405.dkr.ecr.eu-west-1.amazonaws.com/pdf-lambda-bu791qc9",
      "type": "string"
    },
    "identity_pool_id": {
      "value": "eu-west-1:a1c23eb0-06ae-49ed-8c6e-cdbca98bc361",
      "type": "string"
    },
    "image_converter_lambda_arn": {
      "value": "arn:aws:lambda:eu-west-1:205930637405:function:image_converter-bu791qc9",
      "type": "string"
    },
    "pdf_splitter_lambda_arn": {
      "value": "arn:aws:lambda:eu-west-1:205930637405:function:PDFSplitter-CONTAINER-bu791qc9",
      "type": "string"
    },
    "polly_invoker_lambda_arn": {
      "value": "arn:aws:lambda:eu-west-1:205930637405:function:polly_invoker-bu791qc9",
      "type": "string"
    },
    "random_suffix": {
      "value": "bu791qc9",
      "type": "string"
    },
    "s3_bucket_name": {
      "value": "vocaldocs-static-website-bucket-bu791qc9",
      "type": "string"
    },
    "sns_topic_arn": {
      "value": "arn:aws:sns:eu-west-1:205930637405:VocalDocs-SNS-Topic-bu791qc9",
      "type": "string"
    },
    "track_lambda_arn": {
      "value": "arn:aws:lambda:eu-west-1:205930637405:function:track-execution-bu791qc9",
      "type": "string"
    },
    "upload_lambda_arn": {
      "value": "arn:aws:lambda:eu-west-1:205930637405:function:upload-execution-bu791qc9",
      "type": "string"
    },
    "website_files": {
      "value": [
        "VocalDocs.jpg",
        "VocalDocs.png",
        "background.png",
        "comingsoon.html",
        "favicon.ico",
        "index.html",
        "main.js",
        "new-request.html",
        "script.js",
        "styles.css",
        "track-request.html",
        "config.js"
      ],
      "type": [
        "tuple",
        [
          "string",
          "string",
          "string",
          "string",
          "string",
          "string",
          "string",
          "string",
          "string",
          "string",
          "string",
          "string"
        ]
      ]
    },
    "website_url": {
      "value": "https://d3m4bewcberec8.cloudfront.net",
      "type": "string"
    }
  },
  "resources": [
    {
      "mode": "data",
      "type": "archive_file",
      "name": "codebuild_invoker_lambda_package",
      "provider": "provider[\"registry.terraform.io/hashicorp/archive\"]",
      "instances": [
        {
          "schema_version": 0,
          "attributes": {
            "exclude_symlink_directories": null,
            "excludes": null,
            "id": "157770aa94a35ce814ce2df375249c6194782116",
            "output_base64sha256": "wpJhmW7v3bjVG1cMm91xku0Nl+suudiZm6roI+gM6WY=",
            "output_base64sha512": "egFVgPHpvoZb7WnB1QY3QdLX6yE0bIjjB+s/Ovwpeht8EHKCbC7cLypyqbOJXc7PqNVUbHqE2VXR15s9QVekBw==",
            "output_file_mode": null,
            "output_md5": "a7e2ccbaefd4f77109866a446e2496e0",
            "output_path": "./../lambda_functions/codebuild_invoker.zip",
            "output_sha": "157770aa94a35ce814ce2df375249c6194782116",
            "output_sha256": "c29261996eefddb8d51b570c9bdd7192ed0d97eb2eb9d8999baae823e80ce966",
            "output_sha512": "7a015580f1e9be865bed69c1d5063741d2d7eb21346c88e307eb3f3afc297a1b7c1072826c2edc2f2a72a9b3895dcecfa8d5546c7a84d955d1d79b3d4157a407",
            "output_size": 2135,
            "source": [],
            "source_content": null,
            "source_content_filename": null,
            "source_dir": "./../lambda_functions/codebuild_invoker",
            "source_file": null,
            "type": "zip"
          },
          "sensitive_attributes": [],
          "identity_schema_version": 0
        }
      ]
    },
    {
      "mode": "data",
      "type": "archive_file",
      "name": "image_converter_lambda_package",
      "provider": "provider[\"registry.terraform.io/hashicorp/archive\"]",
      "instances": [
        {
          "schema_version": 0,
          "attributes": {
            "exclude_symlink_directories": null,
            "excludes": null,
            "id": "13708aa71cbd553379184138431f84cf5d216333",
            "output_base64sha256": "PK9Y1kwKFgA19CoCkMIspakstxY+4Fj7SdDovyquU8s=",
            "output_base64sha512": "9yHTfZSyB9/dCKWySqq7O9WY+KAq4O8zgeuRe+brPLrviX1oPvlH/xQck9pdovU8vZ7DtSDYrsEpSE386qlFsw==",
            "output_file_mode": null,
            "output_md5": "e68069ab0fe2381ef6bf533afbc275b3",
            "output_path": "./../lambda_functions/image_converter.zip",
            "output_sha": "13708aa71cbd553379184138431f84cf5d216333",
            "output_sha256": "3caf58d64c0a160035f42a0290c22ca5a92cb7163ee058fb49d0e8bf2aae53cb",
            "output_sha512": "f721d37d94b207dfdd08a5b24aaabb3bd598f8a02ae0ef3381eb917be6eb3cbaef897d683ef947ff141c93da5da2f53cbd9ec3b520d8aec129484dfceaa945b3",
            "output_size": 3340,
            "source": [],
            "source_content": null,
            "source_content_filename": null,
            "source_dir": "./../lambda_functions/image_converter",
            "source_file": null,
            "type": "zip"
          },
          "sensitive_attributes": [],
          "identity_schema_version": 0
        }
      ]
    },
    {
      "mode": "data",
      "type": "archive_file",
      "name": "polly_invoker_lambda_package",
      "provider": "provider[\"registry.terraform.io/hashicorp/archive\"]",
      "instances": [
        {
          "schema_version": 0,
          "attributes": {
            "exclude_symlink_directories": null,
            "excludes": null,
            "id": "632015887f9874a8d535d94827be1a2c032fe3b0",
            "output_base64sha256": "s/moHE8TvTx68+UZDmU+A9MbPcujkDUTNjtWXm5C0FI=",
            "output_base64sha512": "U2aVC+A0XXkuhaxayQXdCORmG/5QzhYMPzTkG25rF8onfYJP+idmuZxiz6AaT+hDlwo7wIEt+Vyx7Bt4SUmWAg==",
            "output_file_mode": null,
            "output_md5": "a04b61d0f932a9fb51b7eaa4e145c9fa",
            "output_path": "./../lambda_functions/polly_invoker.zip",
            "output_sha": "632015887f9874a8d535d94827be1a2c032fe3b0",
            "output_sha256": "b3f9a81c4f13bd3c7af3e5190e653e03d31b3dcba3903513363b565e6e42d052",
            "output_sha512": "5366950be0345d792e85ac5ac905dd08e4661bfe50ce160c3f34e41b6e6b17ca277d824ffa2766b99c62cfa01a4fe843970a3bc0812df95cb1ec1b7849499602",
            "output_size": 4298,
            "source": [],
            "source_content": null,
            "source_content_filename": null,
            "source_dir": "./../lambda_functions/polly_invoker",
            "source_file": null,
            "type": "zip"
          },
          "sensitive_attributes": [],
          "identity_schema_version": 0
        }
      ]
    },
    {
      "mode": "data",
      "type": "archive_file",
      "name": "track_execution_lambda_package",
      "provider": "provider[\"registry.terraform.io/hashicorp/archive\"]",
      "instances": [
        {
          "schema_version": 0,
          "attributes": {
            "exclude_symlink_directories": null,
            "excludes": null,
            "id": "b5e5a65e36f4f2438f63e30e6eea51daac4f8a70",
            "output_base64sha256": "FGHn5rL12LbTBmnC+BNKxKJPyfkM3xVHlGhCWaPRBwk=",
            "output_base64sha512": "3W60S85usdyt8vUXWxo16cuhTFPNr/FvlgsvQIwFwMquIMFT3BARcTTNk47djFHjsifaBtt96DIH8QcpETDMlQ==",
            "output_file_mode": null,
            "output_md5": "37f311c26223cbd18cabcea9edef9bb5",
            "output_path": "./../lambda_functions/track_execution.zip",
            "output_sha": "b5e5a65e36f4f2438f63e30e6eea51daac4f8a70",
            "output_sha256": "1461e7e6b2f5d8b6d30669c2f8134ac4a24fc9f90cdf154794684259a3d10709",
            "output_sha512": "dd6eb44bce6eb1dcadf2f5175b1a35e9cba14c53cdaff16f960b2f408c05c0caae20c153dc10117134cd938edd8c51e3b227da06db7de83207f107291130cc95",
            "output_size": 2784,
            "source": [],
            "source_content": null,
            "source_content_filename": null,
            "source_dir": "./../lambda_functions/track_execution",
            "source_file": null,
            "type": "zip"
          },
          "sensitive_attributes": [],
          "identity_schema_version": 0
        }
      ]
    },
    {
      "mode": "data",
      "type": "archive_file",
      "name": "upload_execution_lambda_package",
      "provider": "provider[\"registry.terraform.io/hashicorp/archive\"]",
      "instances": [
        {
          "schema_version": 0,
          "attributes": {
            "exclude_symlink_directories": null,
            "excludes": null,
            "id": "1d8a510ffbe7d4c76185b9c0eee3a5148797fc0b",
            "output_base64sha256": "hV+bEQ3S/b9XTxuiKl/xBuxkRNky46Le6qYit8cibWQ=",
            "output_base64sha512": "rcQADz93/DG27pmm2cBqpNEVN14xSlizLt62pv1BnupaRWyRMpwo2VTSFyPcn5el2N/MBx6/Wt++xczK/CDEKQ==",
            "output_file_mode": null,
            "output_md5": "acdead7167b91a9ca25ed626ce90f8ff",
            "output_path": "./../lambda_functions/upload_execution.zip",
            "output_sha": "1d8a510ffbe7d4c76185b9c0eee3a5148797fc0b",
            "output_sha256": "855f9b110dd2fdbf574f1ba22a5ff106ec6444d932e3a2deeaa622b7c7226d64",
            "output_sha512": "adc4000f3f77fc31b6ee99a6d9c06aa4d115375e314a58b32edeb6a6fd419eea5a456c91329c28d954d21723dc9f97a5d8dfcc071ebf5adfbec5cccafc20c429",
            "output_size": 2254,
            "source": [],
            "source_content": null,
            "source_content_filename": null,
            "source_dir": "./../lambda_functions/upload_execution",
            "source_file": null,
            "type": "zip"
          },
          "sensitive_attributes": [],
          "identity_schema_version": 0
        }
      ]
    },
    {
      "mode": "data",
      "type": "aws_caller_identity",
      "name": "current",
      "provider": "provider[\"registry.terraform.io/hashicorp/aws\"]",
      "instances": [
        {
          "schema_version": 0,
          "attributes": {
            "account_id": "205930637405",
            "arn": "arn:aws:sts::205930637405:assumed-role/Admin/aymenaly-Isengard",
            "id": "205930637405",
            "user_id": "AROAS74TMFBOS3NZMQ4KN:aymenaly-Isengard"
          },
          "sensitive_attributes": [],
          "identity_schema_version": 0
        }
      ]
    },
    {
      "mode": "data",
      "type": "aws_partition",
      "name": "current",
      "provider": "provider[\"registry.terraform.io/hashicorp/aws\"]",
      "instances": [
        {
          "schema_version": 0,
          "attributes": {
            "dns_suffix": "amazonaws.com",
            "id": "aws",
            "partition": "aws",
            "reverse_dns_prefix": "com.amazonaws"
          },
          "sensitive_attributes": [],
          "identity_schema_version": 0
        }
      ]
    },
    {
      "mode": "managed",
      "type": "aws_cloudfront_distribution",
      "name": "s3_distribution",
      "provider": "provider[\"registry.terraform.io/hashicorp/aws\"]",
      "instances": [
        {
          "schema_version": 1,
          "attributes": {
            "aliases": null,
            "arn": "arn:aws:cloudfront::205930637405:distribution/E96TXPHIVY1KK",
            "caller_reference": "terraform-20260211154555955500000001",
            "comment": null,
            "continuous_deployment_policy_id": "",
            "custom_error_response": [],
            "default_cache_behavior": [
              {
                "allowed_methods": [
                  "DELETE",
                  "GET",
                  "HEAD",
                  "OPTIONS",
                  "PATCH",
                  "POST",
                  "PUT"
                ],
                "cache_policy_id": "658327ea-f89d-4fab-a63d-7e88639e58f6",
                "cached_methods": [
                  "GET",
                  "HEAD"
                ],
                "compress": true,
                "default_ttl": 0,
                "field_level_encryption_id": "",
                "forwarded_values": [],
                "function_association": [],
                "grpc_config": [
                  {
                    "enabled": false
                  }
                ],
                "lambda_function_association": [],
                "max_ttl": 0,
                "min_ttl": 0,
                "origin_request_policy_id": "",
                "realtime_log_config_arn": "",
                "response_headers_policy_id": "",
                "smooth_streaming": false,
                "target_origin_id": "S3-vocaldocs-static-website-bucket",
                "trusted_key_groups": [],
                "trusted_signers": [],
                "viewer_protocol_policy": "https-only"
              }
            ],
            "default_root_object": "index.html",
            "domain_name": "d3m4bewcberec8.cloudfront.net",
            "enabled": true,
            "etag": "E23ZP02F085DFQ",
            "hosted_zone_id": "Z2FDTNDATAQYW2",
            "http_version": "http2",
            "id": "E96TXPHIVY1KK",
            "in_progress_validation_batches": 0,
            "is_ipv6_enabled": true,
            "last_modified_time": "2026-02-11 15:45:56.112 +0000 UTC",
            "logging_config": [],
            "ordered_cache_behavior": [],
            "origin": [
              {
                "connection_attempts": 3,
                "connection_timeout": 10,
                "custom_header": [],
                "custom_origin_config": [],
                "domain_name": "vocaldocs-static-website-bucket-bu791qc9.s3.eu-west-1.amazonaws.com",
                "origin_access_control_id": "E1H95DT5UNAMCH",
                "origin_id": "S3-vocaldocs-static-website-bucket",
                "origin_path": "",
                "origin_shield": [],
                "s3_origin_config": [],
                "vpc_origin_config": []
              }
            ],
            "origin_group": [],
            "price_class": "PriceClass_All",
            "restrictions": [
              {
                "geo_restriction": [
                  {
                    "locations": [],
                    "restriction_type": "none"
                  }
                ]
              }
            ],
            "retain_on_delete": false,
            "staging": false,
            "status": "Deployed",
            "tags": null,
            "tags_all": {
              "Application": "VocalDocs"
            },
            "trusted_key_groups": [
              {
                "enabled": false,
                "items": []
              }
            ],
            "trusted_signers": [
              {
                "enabled": false,
                "items": []
              }
            ],
            "viewer_certificate": [
              {
                "acm_certificate_arn": "",
                "cloudfront_default_certificate": true,
                "iam_certificate_id": "",
                "minimum_protocol_version": "TLSv1",
                "ssl_support_method": ""
              }
            ],
            "wait_for_deployment": true,
            "web_acl_id": ""
          },
          "sensitive_attributes": [],
          "identity_schema_version": 0,
          "private": "eyJzY2hlbWFfdmVyc2lvbiI6IjEifQ==",
          "dependencies": [
            "aws_cloudfront_origin_access_control.oac",
            "aws_s3_bucket.website_bucket",
            "random_string.suffix"
          ]
        }
      ]
    },
    {
      "mode": "managed",
      "type": "aws_cloudfront_origin_access_control",
      "name": "oac",
      "provider": "provider[\"registry.terraform.io/hashicorp/aws\"]",
      "instances": [
        {
          "schema_version": 0,
          "attributes": {
            "description": "Origin Access Control for S3 bucket",
            "etag": "ETVPDKIKX0DER",
            "id": "E1H95DT5UNAMCH",
            "name": "S3-vocaldocs-static-website-bucket-bu791qc9",
            "origin_access_control_origin_type": "s3",
            "signing_behavior": "always",
            "signing_protocol": "sigv4"
          },
          "sensitive_attributes": [],
          "identity_schema_version": 0,
          "private": "bnVsbA==",
          "dependencies": [
            "random_string.suffix"
          ]
        }
      ]
    },
    {
      "mode": "managed",
      "type": "aws_codebuild_project",
      "name": "pdf_lambda",
      "provider": "provider[\"registry.terraform.io/hashicorp/aws\"]",
      "instances": [
        {
          "schema_version": 0,
          "attributes": {
            "arn": "arn:aws:codebuild:eu-west-1:205930637405:project/pdf-lambda-build-bu791qc9",
            "artifacts": [
              {
                "artifact_identifier": "",
                "bucket_owner_access": "",
                "encryption_disabled": false,
                "location": "",
                "name": "",
                "namespace_type": "",
                "override_artifact_name": false,
                "packaging": "",
                "path": "",
                "type": "NO_ARTIFACTS"
              }
            ],
            "badge_enabled": false,
            "badge_url": "",
            "build_batch_config": [],
            "build_timeout": 60,
            "cache": [
              {
                "location": "",
                "modes": [],
                "type": "NO_CACHE"
              }
            ],
            "concurrent_build_limit": 0,
            "description": "",
            "encryption_key": "arn:aws:kms:eu-west-1:205930637405:alias/aws/s3",
            "environment": [
              {
                "certificate": "",
                "compute_type": "BUILD_GENERAL1_SMALL",
                "environment_variable": [
                  {
                    "name": "ECR_REPOSITORY_URI",
                    "type": "PLAINTEXT",
                    "value": "205930637405.dkr.ecr.eu-west-1.amazonaws.com/pdf-lambda-bu791qc9"
                  },
                  {
                    "name": "SNS_TOPIC_NAME",
                    "type": "PLAINTEXT",
                    "value": "VocalDocs-SNS-Topic-bu791qc9"
                  },
                  {
                    "name": "DYNAMODB_TABLE",
                    "type": "PLAINTEXT",
                    "value": "Document_Request_db-bu791qc9"
                  }
                ],
                "fleet": [],
                "image": "aws/codebuild/amazonlinux2-x86_64-standard:4.0",
                "image_pull_credentials_type": "CODEBUILD",
                "privileged_mode": true,
                "registry_credential": [],
                "type": "LINUX_CONTAINER"
              }
            ],
            "file_system_locations": [],
            "id": "arn:aws:codebuild:eu-west-1:205930637405:project/pdf-lambda-build-bu791qc9",
            "logs_config": [
              {
                "cloudwatch_logs": [
                  {
                    "group_name": "",
                    "status": "ENABLED",
                    "stream_name": ""
                  }
                ],
                "s3_logs": [
                  {
                    "bucket_owner_access": "",
                    "encryption_disabled": false,
                    "location": "",
                    "status": "DISABLED"
                  }
                ]
              }
            ],
            "name": "pdf-lambda-build-bu791qc9",
            "project_visibility": "PRIVATE",
            "public_project_alias": "",
            "queued_timeout": 480,
            "resource_access_role": "",
            "secondary_artifacts": [],
            "secondary_source_version": [],
            "secondary_sources": [],
            "service_role": "arn:aws:iam::205930637405:role/codebuild-pdf-lambda-role-bu791qc9",
            "source": [
              {
                "build_status_config": [],
                "buildspec": "{\"phases\":{\"build\":{\"commands\":[\"docker build -t 205930637405.dkr.ecr.eu-west-1.amazonaws.com/pdf-lambda-bu791qc9:latest .\"]},\"post_build\":{\"commands\":[\"docker push 205930637405.dkr.ecr.eu-west-1.amazonaws.com/pdf-lambda-bu791qc9:latest\"]},\"pre_build\":{\"commands\":[\"aws ecr get-login-password --region eu-west-1 | docker login --username AWS --password-stdin 205930637405.dkr.ecr.eu-west-1.amazonaws.com/pdf-lambda-bu791qc9\"]}},\"version\":\"0.2\"}",
                "git_clone_depth": 0,
                "git_submodules_config": [],
                "insecure_ssl": false,
                "location": "codebuild-artifacts-bu791qc9/build/",
                "report_build_status": false,
                "type": "S3"
              }
            ],
            "source_version": "",
            "tags": null,
            "tags_all": {
              "Application": "VocalDocs"
            },
            "vpc_config": []
          },
          "sensitive_attributes": [],
          "identity_schema_version": 0,
          "private": "bnVsbA==",
          "dependencies": [
            "aws_dynamodb_table.document_request_db",
            "aws_ecr_repository.pdf_lambda",
            "aws_iam_role.codebuild_role",
            "aws_s3_bucket.build_artifacts",
            "aws_sns_topic.vocaldocs_topic",
            "data.aws_partition.current",
            "random_string.suffix"
          ]
        }
      ]
    },
    {
      "mode": "managed",
      "type": "aws_cognito_identity_pool",
      "name": "main",
      "provider": "provider[\"registry.terraform.io/hashicorp/aws\"]",
      "instances": [
        {
          "schema_version": 0,
          "attributes": {
            "allow_classic_flow": false,
            "allow_unauthenticated_identities": false,
            "arn": "arn:aws:cognito-identity:eu-west-1:205930637405:identitypool/eu-west-1:a1c23eb0-06ae-49ed-8c6e-cdbca98bc361",
            "cognito_identity_providers": [
              {
                "client_id": "13qs24batvnlh5ehgv66gl6pf2",
                "provider_name": "cognito-idp.eu-west-1.amazonaws.com/eu-west-1_7cXLDArwh",
                "server_side_token_check": false
              }
            ],
            "developer_provider_name": "",
            "id": "eu-west-1:a1c23eb0-06ae-49ed-8c6e-cdbca98bc361",
            "identity_pool_name": "vocaldocs_identity_pool-bu791qc9",
            "openid_connect_provider_arns": null,
            "saml_provider_arns": null,
            "supported_login_providers": null,
            "tags": null,
            "tags_all": {
              "Application": "VocalDocs"
            }
          },
          "sensitive_attributes": [],
          "identity_schema_version": 0,
          "private": "bnVsbA==",
          "dependencies": [
            "aws_cloudfront_distribution.s3_distribution",
            "aws_cloudfront_origin_access_control.oac",
            "aws_cognito_user_pool.user_pool",
            "aws_cognito_user_pool_client.client",
            "aws_s3_bucket.website_bucket",
            "random_string.suffix"
          ]
        }
      ]
    },
    {
      "mode": "managed",
      "type": "aws_cognito_identity_pool_roles_attachment",
      "name": "main",
      "provider": "provider[\"registry.terraform.io/hashicorp/aws\"]",
      "instances": [
        {
          "schema_version": 0,
          "attributes": {
            "id": "eu-west-1:a1c23eb0-06ae-49ed-8c6e-cdbca98bc361",
            "identity_pool_id": "eu-west-1:a1c23eb0-06ae-49ed-8c6e-cdbca98bc361",
            "role_mapping": [],
            "roles": {
              "authenticated": "arn:aws:iam::205930637405:role/vocaldocs_identity_pool-bu791qc9"
            }
          },
          "sensitive_attributes": [],
          "identity_schema_version": 0,
          "private": "bnVsbA==",
          "dependencies": [
            "aws_cloudfront_distribution.s3_distribution",
            "aws_cloudfront_origin_access_control.oac",
            "aws_cognito_identity_pool.main",
            "aws_cognito_user_pool.user_pool",
            "aws_cognito_user_pool_client.client",
            "aws_iam_role.authenticated",
            "aws_s3_bucket.website_bucket",
            "data.aws_partition.current",
            "random_string.suffix"
          ]
        }
      ]
    },
    {
      "mode": "managed",
      "type": "aws_cognito_user_pool",
      "name": "user_pool",
      "provider": "provider[\"registry.terraform.io/hashicorp/aws\"]",
      "instances": [
        {
          "schema_version": 0,
          "attributes": {
            "account_recovery_setting": [
              {
                "recovery_mechanism": [
                  {
                    "name": "verified_email",
                    "priority": 1
                  }
                ]
              }
            ],
            "admin_create_user_config": [
              {
                "allow_admin_create_user_only": false,
                "invite_message_template": []
              }
            ],
            "alias_attributes": null,
            "arn": "arn:aws:cognito-idp:eu-west-1:205930637405:userpool/eu-west-1_7cXLDArwh",
            "auto_verified_attributes": [
              "email"
            ],
            "creation_date": "2026-02-11T15:45:51Z",
            "custom_domain": "",
            "deletion_protection": "INACTIVE",
            "device_configuration": [],
            "domain": "",
            "email_configuration": [
              {
                "configuration_set": "",
                "email_sending_account": "COGNITO_DEFAULT",
                "from_email_address": "",
                "reply_to_email_address": "",
                "source_arn": ""
              }
            ],
            "email_mfa_configuration": [],
            "email_verification_message": "Your confirmation code is {####}",
            "email_verification_subject": "Account Confirmation",
            "endpoint": "cognito-idp.eu-west-1.amazonaws.com/eu-west-1_7cXLDArwh",
            "estimated_number_of_users": 0,
            "id": "eu-west-1_7cXLDArwh",
            "lambda_config": [],
            "last_modified_date": "2026-02-11T15:45:51Z",
            "mfa_configuration": "OFF",
            "name": "vocaldocs-user-pool-bu791qc9",
            "password_policy": [
              {
                "minimum_length": 8,
                "password_history_size": 0,
                "require_lowercase": true,
                "require_numbers": true,
                "require_symbols": true,
                "require_uppercase": true,
                "temporary_password_validity_days": 7
              }
            ],
            "schema": [
              {
                "attribute_data_type": "String",
                "developer_only_attribute": null,
                "mutable": true,
                "name": "email",
                "number_attribute_constraints": [],
                "required": true,
                "string_attribute_constraints": [
                  {
                    "max_length": "256",
                    "min_length": "7"
                  }
                ]
              }
            ],
            "sign_in_policy": [
              {
                "allowed_first_auth_factors": [
                  "PASSWORD"
                ]
              }
            ],
            "sms_authentication_message": "",
            "sms_configuration": [],
            "sms_verification_message": "",
            "software_token_mfa_configuration": [],
            "tags": null,
            "tags_all": {
              "Application": "VocalDocs"
            },
            "user_attribute_update_settings": [],
            "user_pool_add_ons": [],
            "user_pool_tier": "LITE",
            "username_attributes": [
              "email"
            ],
            "username_configuration": [
              {
                "case_sensitive": false
              }
            ],
            "verification_message_template": [
              {
                "default_email_option": "CONFIRM_WITH_CODE",
                "email_message": "Your confirmation code is {####}",
                "email_message_by_link": "",
                "email_subject": "Account Confirmation",
                "email_subject_by_link": "",
                "sms_message": ""
              }
            ],
            "web_authn_configuration": []
          },
          "sensitive_attributes": [],
          "identity_schema_version": 0,
          "private": "bnVsbA==",
          "dependencies": [
            "random_string.suffix"
          ]
        }
      ]
    },
    {
      "mode": "managed",
      "type": "aws_cognito_user_pool_client",
      "name": "client",
      "provider": "provider[\"registry.terraform.io/hashicorp/aws\"]",
      "instances": [
        {
          "schema_version": 0,
          "attributes": {
            "access_token_validity": 0,
            "allowed_oauth_flows": [
              "code"
            ],
            "allowed_oauth_flows_user_pool_client": true,
            "allowed_oauth_scopes": [
              "email",
              "openid",
              "phone"
            ],
            "analytics_configuration": [],
            "auth_session_validity": 3,
            "callback_urls": [
              "https://d3m4bewcberec8.cloudfront.net"
            ],
            "client_secret": "",
            "default_redirect_uri": "",
            "enable_propagate_additional_user_context_data": false,
            "enable_token_revocation": true,
            "explicit_auth_flows": [
              "ALLOW_REFRESH_TOKEN_AUTH",
              "ALLOW_USER_SRP_AUTH"
            ],
            "generate_secret": false,
            "id": "13qs24batvnlh5ehgv66gl6pf2",
            "id_token_validity": 0,
            "logout_urls": [
              "https://d3m4bewcberec8.cloudfront.net"
            ],
            "name": "vocaldocs-user-pool-client-bu791qc9",
            "prevent_user_existence_errors": "ENABLED",
            "read_attributes": [],
            "refresh_token_validity": 30,
            "supported_identity_providers": [
              "COGNITO"
            ],
            "token_validity_units": [],
            "user_pool_id": "eu-west-1_7cXLDArwh",
            "write_attributes": []
          },
          "sensitive_attributes": [
            [
              {
                "type": "get_attr",
                "value": "client_secret"
              }
            ]
          ],
          "identity_schema_version": 0,
          "dependencies": [
            "aws_cloudfront_distribution.s3_distribution",
            "aws_cloudfront_origin_access_control.oac",
            "aws_cognito_user_pool.user_pool",
            "aws_s3_bucket.website_bucket",
            "random_string.suffix"
          ]
        }
      ]
    },
    {
      "mode": "managed",
      "type": "aws_cognito_user_pool_domain",
      "name": "main",
      "provider": "provider[\"registry.terraform.io/hashicorp/aws\"]",
      "instances": [
        {
          "schema_version": 0,
          "attributes": {
            "aws_account_id": "205930637405",
            "certificate_arn": "",
            "cloudfront_distribution": "d2uqej7bo24sqa.cloudfront.net",
            "cloudfront_distribution_arn": "d2uqej7bo24sqa.cloudfront.net",
            "cloudfront_distribution_zone_id": "Z2FDTNDATAQYW2",
            "domain": "vocaldocs-auth-bu791qc9",
            "id": "vocaldocs-auth-bu791qc9",
            "s3_bucket": "aws-cognito-prod-dub-assets",
            "user_pool_id": "eu-west-1_7cXLDArwh",
            "version": "20260211154554"
          },
          "sensitive_attributes": [],
          "identity_schema_version": 0,
          "private": "bnVsbA==",
          "dependencies": [
            "aws_cognito_user_pool.user_pool",
            "random_string.suffix"
          ]
        }
      ]
    },
    {
      "mode": "managed",
      "type": "aws_cognito_user_pool_ui_customization",
      "name": "main",
      "provider": "provider[\"registry.terraform.io/hashicorp/aws\"]",
      "instances": [
        {
          "schema_version": 0,
          "attributes": {
            "client_id": "13qs24batvnlh5ehgv66gl6pf2",
            "creation_date": "0001-01-01T00:00:00Z",
            "css": "    .background-customizable {\r\n      background-color: #000000;\r\n      background-size: cover;\r\n      background-position: center;\r\n      background-repeat: no-repeat;\r\n    }\r\n    .banner-customizable {\r\n      background-color: rgba(30, 30, 30, 0.8);\r\n      border-radius: 10px 10px 0 0;\r\n      padding: 20px 0;\r\n    }\r\n    .submitButton-customizable {\r\n      background-color: #3a3a3a;\r\n      font-size: 14px;\r\n      font-weight: 500;\r\n      text-transform: uppercase;\r\n      letter-spacing: 1px;\r\n      border: none;\r\n      border-radius: 30px;\r\n      padding: 12px 24px;\r\n      color: #ffffff;\r\n      transition: all 0.3s ease;\r\n    }\r\n    .submitButton-customizable:hover {\r\n      background-color: #4a4a4a;\r\n      transform: translateY(-3px);\r\n      box-shadow: 0 4px 10px rgba(0, 0, 0, 0.2);\r\n    }\r\n    .errorMessage-customizable {\r\n      color: #ff6b6b;\r\n    }\r\n    .inputField-customizable {\r\n      background-color: #2a2a2a;\r\n      border: 1px solid #4a4a4a;\r\n      border-radius: 5px;\r\n      color: #ffffff;\r\n      padding: 10px;\r\n    }\r\n    .inputField-customizable:focus {\r\n      border-color: #4a4a4a;\r\n    }\r\n    .label-customizable {\r\n      font-weight: 500;\r\n      color: #ffffff;\r\n    }\r\n    .legalText-customizable {\r\n      color: #ffffff;\r\n    }\r\n    .idpDescription-customizable {\r\n      color: #ffffff;\r\n    }\r\n    .idpButton-customizable {\r\n      background-color: #3a3a3a;\r\n      border-radius: 30px;\r\n      color: #ffffff;\r\n    }\r\n    .idpButton-customizable:hover {\r\n      background-color: #4a4a4a;\r\n    }\r\n",
            "css_version": "20260211154916",
            "id": "eu-west-1_7cXLDArwh,13qs24batvnlh5ehgv66gl6pf2",
            "image_file": "/9j/4AAQSkZJRgABAQEAYABgAAD/2wBDAAYEBQYFBAYGBQYHBwYIChAKCgkJChQODwwQFxQYGBcUFhYaHSUfGhsjHBYWICwgIyYnKSopGR8tMC0oMCUoKSj/2wBDAQcHBwoIChMKChMoGhYaKCgoKCgoKCgoKCgoKCgoKCgoKCgoKCgoKCgoKCgoKCgoKCgoKCgoKCgoKCgoKCgoKCj/wAARCAH0AfQDASIAAhEBAxEB/8QAHAABAAEFAQEAAAAAAAAAAAAAAAYBAwQFBwgC/8QAVRAAAQMDAQQGBgUIBQkFCQEAAQACAwQFEQYSITFBBxNRYXGBFCKRobHBIzJCUtEIFTNicoKy8CRDkqLhFjU2N1N0s8LxJVR1dtIXNERVY4OEk6Nz/8QAGwEBAAIDAQEAAAAAAAAAAAAAAAQFAgMGAQf/xABEEQABAwIDBAkCBAQEBQMFAAABAAIDBBEFITESQVFhBhNxgZGhscHRIjIUQuHwBxUjMyQ0UvEWJUNichc1slOCosLD/9oADAMBAAIRAxEAPwD1SiIiIiIiIiIiIiIiIiIiIiIiIiIiIiIiIiIiIiIiIiIiIiIiIiIiIiIiIiIiIiIiIiIiIiIiIiIiIiIiIiIiIiIiIiIiIiIiIiIiIiIiIiIiIiIiIiIiIiIiIiIiIiIiIiIiIiIiIiIiIiIiIiIiIiIiIiIiIiIiIiIiIiIiIiIiIiIiIiIiIiIiIiIiIiIiIiIiIiIiIiIiIiIiIiIiIiIiIiIiIiIiIiIiIiIiIiIiIiIiIiIiIiIiIiIiIiIiIiIiIiIiIiIiIiIiIiIiIiIiIiIiIiIiIiIiIiIiIiIiIiIiIiIiIiIiIiIiIiIiIiIiIiIiIiIiIiIiIiIiIiIiIiIiIiIiIiIiIiIiIiIiIiIiIiIiIiIiIiIiIiIiIiIiIiIiIiIiIiIiIiIiIiIiIiIiIiIiIiIiIiIiIiIiIiIiIiIiIiIiIiIiJhUVQrM0zYhl21jtDSfgsS4NFybL0AnIK57EysEXahzj0qIHsLgFcbcqN31aqA+Dx+K0irhP5x4r3q3cCstVVhlRC76srD4OCvggjcVsZIx32m68II1RERbF4iIiIiIiIiIiIiIiIiIiIiIiIiIiIiIiIiIiIiIiIiIiIiIiIiIiIiIiIiIiIiIiIiIiIiIiIiIiIiIiIiIiIiIiIiIiIqBVRWp5o4Yy+V7WMHEuOAsXPDBd2iAXyCuHuVMgDeQo5X6ngiy2jYZnfeO5v4lRq4XWsriRNMQw/Ybub7Ofmudruk1JTXbGdt3LTxU+DDpZM3fSOamNbf6SmJbG4zy8mx7/AH8Fqvz7cJXkj0Smj5da71h5Zz7lpaG2VlXjYYWsd9pxwD4dvkt3T6TGAZ6kjuY35n8FTsrsWxE7UbCG8iAPE5nuUkwUsAs43Pir0d4jj31N02nfdhhwPaQfkrj9VUjRhkczz24A+av0+mrfEPXjfIe1zz8sLPipKOlx1cMMZ5YABKuYIMUDbOe1o7yfM2UV76a+QJ8B6LUR3+rn3UtslePvEnHw+a+pam/Pb9HRQx57Xgke9bSoq4oGbbzst7XHZHv3+xaOs1Q1rsQN2hzI+RI+S11UrKdtqqqN+QA9ASsommQ/04x33PuvptVqCP8AS0jH+z5FGXq4teWOt229u8ta4kj4rFbqKB4/pFPLKeYdJkezAHuWVFqekjaGtpZGtHJobj4qBHW09/oqyBzzPmAtzoZN8Q7v918z3aScYq7I94/WaT8WrXT/AJvkPrW6sgJ+5+BW6bqqiP1o5m+LR+Kut1Lbjxc9viwrOT8LUffUtPa1t/HIrFolZ9sZHYSoxJbYcn6aWnJ4NqYy0f2hkK/BS3iiaH0rnuj5GJ4c0+X+Ckg1Ba3DBn48jG78FaZXWfaLo5Y2OPEtyzPjjGVqbhlCHbUU4B4h1j6lZmpntZ7Ce0X+FrYdQ19PurqQkDidktP4LZ0moqGYAPkdC7skG72jcsuO60BGPS4D+08BXH01JUtDjFDKDzIBz5q4pYqln9qpDxwIB8wbqLI+M/fGR2fBV+GaOZm1E9r2nmDkK5laapsUDht0b30kvJ0RIB8QsT0q7Ww/0uL0unH22cQO/wDxHmpb6+WnP+JYQOIzHfvC1CFr/sdnwOR+FJPenLgsC2XWmr2/Quw8cWO3ELYclPhmjnaHxkEHgtLmuYbOFiqoiLcsURERERERERERERERERERERERERERERERERERERERERERERERERERERERERERERERERERERERERERFTO5UJWDcrpT29mZ3ZeeDG7yVDbpe6ivy0HqoT9kHj4nmqPE8dp8PFidp3Ae/BS6ejkn0yHFSG7ajhptqOkxNNwyPqt8+fkojWVc9bLt1Ejnu5DkPAL7oLfUVz9mnjJA4vO5o8St1TWaCDc/aq5vuMJaweJ4ny9i46aTEMZO076Wbtw+SVatFPR5DN3n+i0tHQyVL8MBOOOwM48TwHmVtaGOgp5A18m3LnAbEwyOJ/axj2DzW3/NUk8f9LkbFA3eIowGtHy9ufJfL662WkFtOGmTgdneT58fkp1PhEdHaSYgAb3a9wHv4LTJUum+ltyeA9yttQhoi2mwvjJ/2n1j47yfavietjY0lh28cXbQaweLju9mSonX6gmqMtjaA39beP7PD25WonnmqHbU0r3nltHOPBSanpVDC3q6du1bfotceGPebvNlL5r3SsJdLVGTHCOAED+1z9o8FqazUtQ/LaNjYGn7WMuPyWhA7VsaVlf1WxTROjZ95o2MnxP4qlfjlZV3aCW9gJPiSpYooYszn26LCnlllftTvc9x5uJJVsLYPoHNJdVVMLDzBdtO9g4rFcIgS1pLsfadkA+QGVSTQSA3lyJ4nPvGqmxyNIs1WlnUlNRykCWqlY4/Z6nPwKssjjJz18DO4hx/5SrmQG49PGOxoeB7CAtkEbWHaeA4cCR7EFYveXZC47v0K3kdktohMklTOB2vGz7iMq1Hb6CVuINic9rXOYffkKPuEedz3O79n/FUDGng9vnn8FYnEae4Dado77nzuFHFM/fIVuKqytjyT6REOx8e2PazPwWB6BId0MkEvc14B9hwfcq0lfV0D/oZiAeLchzT5LYC+RVBxcKGGX9Zm538+a8/5dUa3Yed/UX/APin+Ij/AO4fvd+q080EsJxLFIw/rNIVyir6ikdtU8rmdozkHxHBbunfa376SsnonH7D97PMHI96yfzaZGbRp6Stj+/E7qnH2bltiwqS/WU0mY3g3t4Z+SxdVgjZlb45euXmvm36pacNro8frs4eYUhpKynq2F1PK2Qc8HePEclFZLNRuJzJPRuPKZuW/wBrh71iVdorbeRNA4vYN4kiJyFeQ4lidG3/ABDBIwakHMdv6hQ3QU0x/pnZJ8P33qV1tlpal3WBphnG8SRnZOVZZPW2/LaxpqYP9tGPWaP1m/MLRW/U1TT4bUtE7O3g7/FSS33ijrQBHKGyH7Dtx/x8lYUddQ1btqndsPO7S/aNCtEsE0Qs8XH77ws2nqI6iMPhe17DwLSr3JYUlFH1xmgLoZjxczg79ocD8VcZLI31Zxg/fb9U/h/O9XzJHjKQd40/RQiAdFlIiKQsURERERERERERERERERERERERERERERERERERERERERERERERERERERERERERERERFREG5au93RlupidzpXbmN7fHuWioqI6aMyyGwCyjY6Rwa0ZlZVXWQUjNqolYwdhO8+A5qNXXUxcDHQNLRzlcN/kPxUbnmknlfJK4vkecklZkdA2ONste8xMIyxg3vcO4ch3lcDVdIquvvHTDZbvO+3bu9Vdx0EUFnSm5/e7esZjJ6yfDQ+aV5yeZKktq0zs4fcHZPHqmnd5n8Fcs9DVbbZQ30Gmachg3vf8AtE/P2L6ud6fJI+mtTC94ztS7sN7SM7vM7ltoMOpaZn4muBcScgRr2DXxWM1TJKeqhsBvPDv08FnXCqo7bThsmAMerC0Yz5fisWC9xNp+sMe87zsj1R3Z+0R28O8KKPf/AEgvnk69+cu3khx8V8VVXLVYDyGtG5rWDDR5LVN0leHOMYDQMgNe8n2WTMOBABN+JWfXXOauncXzmGDO5gJPuHE/zla6YxbWIQ4NHN3E9/crQGFm0tsqqoNdHC7Yd9sjdjtXPOlqK55Fi5xzvmT+gU8MjpxrYLC8FejppXt2hGdgcS71W+ZO5bCYttYDWUpMp/rZ2/wt4e1a+oqpal21NI55HDJ3DwHJYyQRwZSEl/AC1u0n2CNkdJ9oy4rIbcJ6fdA6Fh+8yNvxIysaWommOZJXvd2lxKtItL6qR42S424XNlm2JrTcDNVREWi62oiIvF6iIiIiIiIi+4ZJInh0Mjo3drXYVsIsmvcw3asS0HJbuO73WkaOuDnMPDrGZHt5+1ZlJqOnaT1tIYzzMTtx8RuUcimmi/RyPb4EhXWVZyRPGyVpGDkAO8nK7p8ZnisGyG3MA279VCfRsdq0d2S2bpbbdJHB4NJMSdl/2Xdm0ORWvuFtqaE5lbmM/Ve3e0+asSsjI2oXHHY7c4fI/wA7lk0FzqKIbDXCSE8Y3jLT+C0vnhnNqgWd/qb7jf3ZrJrHx5xG44H2Ku0F7rKPDRIZIz9lxzjwPJSKk1BC9oNQC1pOOsbwB7COI94WsjtdNd6d09uIglBw6Jxy3PdzC08sFTbp9maNzHcMEZDh8CFaQVuIYY0PLtuM6HUfI7Co7oYKm4tZ28aFdHhlZLEHxODmngQdyurnlDUVMO1PQbbQ3e+PeW/4j3j3qaWu4xXClEsZweDmni09i7DC8ZjrvoI2XWvyI5fCqqikdDmDcenatgiIrtRERERERERERERERERERERERERERERERERERERERERERERERERERERERERE5KiLAr62OlDi92MDaJ+6PxPAf9VqllZC0vebALJrS42C+7lXxUFK6WU9zW83HsXPa6rlral88zsudwHIDsCvXa4SXCpMj8hg3MZn6o/FXrDanV05fID6O04OPtH7o+a+cYniM2NVIpqf7AcufMq+poGUkZkk1/eSv2K1PmAqZIw5v9Wx24OPaf1R71JaC0xU8rqqqeJqriXu4N8ByWdEyOniJ9VoaN54AAcu4BaW7TTVLnQsIjgaNp5fuAHa75N8z2LpYcPp8LgBc3acMwOfFVz55Kl5zsPZVrattY17BL1NEwZe/nIO7sb8eAUZr61sjTDSsMdPnhzd3n8F8VtY+ZvUteTA1xcN2No9p7VibBY0OO5ruHeuOxTFn1TiG959hwHqrampBELnuH73oiKrXANO7LjwJ4BUQF1PVAcLN/O1YIxGyZzGdjNx9vH3rCVFtinkhv1biL8DZYPja/7hdfckj5HbUj3Pd2uOSvjCqi1FxJuVmBbRERF4vURERERERERERERERERERERERERERFdpKmWkmbNA8tcOzn3FTG2XOlvMJgq2MEuN7HcHd7f5yoQO9VYSxwc0kEHII5K3w3FpKElp+ph1adD+qh1NK2cX0cNCpXV2eotrnVNqe4tH1oXb8j5/FWKGpjfJ6ZbwI6gD6enJw147R+PLn2rI09fjO5tLWn1zuZJ97uPesm62QTVLKqjJimDgX7O7PaR3/FdYyGOaMVOHZgHNu8HiOHZoVVue5jurqNePEc+Pss99biAVMYL4cfSN+0ztOO7mFmQSxzxNkie17HDIIPFRB1zqLbI+IhrZRjIx6rx95vZns9mOCyoZjSbNxoNp1DIfp4Rv2DzIH8+zhYQYy0uIOdtRvHEjkN4Ud9KQL8dOfL4UrCK3G9sjA9hDmuGQRzCucl0LSHC4ULRERFkiIiIiIiIiIiIiIiIiIiIiIiIiIiIiIiIiIiIiIiIiIiIipyRFZqZ2U8L5JXBrGjJJWDnhgLnGwC9AJNgse63CO30zpH4Ljua3P1ioFX1r6l52nEgu2nH7zu3wHADkPNfd2r5LhVOkfkNG5jPuj8UoLdLVhuw3fIdlmeeOLvAfEhfNcVxObFZzDTg7I0HHn3q/pqZlMzbk1S0W+S4VQjbkRt3vf90fip7BFDQ0rQA1kUbefIc182ygjoKZsUQzje5x4uPao5qm5maQ0NOcgH1yOZ+6r2mpYsAozPLnIfXcBy4qHJI6ul2G5NH7uqVd5lr64MpnGOnYc54F2OZPId/Lx3LXXe5uqz1EbyYWnJP3z2+HYPM71hPlEcRhiP1vrvH2u4d3x9isBcnV4rPMHNc+5drw7By4qzhpI2kEDTT5VVUkuOXHJVEVOFNVFVX3UkzIhI9hY07xtbsjt8PirC9fG5hs8WWLXh2iIiLBZoiIiIiIiIiIiIiIiIiIiIiIiIiIiIiIiIqsALg1zsA8zwHijHYIOA4dh5qm7JxwWQsM14vqWJ0Ly17S1w5L4BysiOZr2NiqMlg+o4b3M/Edy+JoTEQDgtcMte3eHDtC2vjFttmY8x2rW1+52qtg4O0NxU303dhXQCGZ39IYN+ftDt/FQfhuX3BK+nlZJE4sew5BHJWGD4o/DptsZtOo4j5C0VdM2oZY67lKNRxNinDnBroj6xyM9WScf2Tz7DvCxrTK2hr2saS6kquDXHO/mPH4jHarz7pDcKWOaRoE0XqzR/eY7c4jw3HuwrbLYXQ1FCXZlZ9NTv8AvD+fj3BdFL/VqfxNLY7+emh7RcZquZ9LOrky3H57slv6WI0b+qZ61K71oz908dnw5j2LYRPEjdphy081qbDcBWUWzOMSxnZkB7eR8/ir20aO44d+gqTu7GvH4j3jvXVUtSwRNfH9h8r7u45KukYdotdqPNbRERWa0IiIiIiIiIiIiIiIiIiIiIiIiIiIiIiIiIiIiIiIiIiIiL5zvUK1Xc/Sag0sLvooz65H2nf4KUXirFHQTS/aDcN8TuC5uclxcTklcZ0sxF0UbaWM5uzPZuHerbC6cOcZHbtFl2mj9MrmRE4Z9Z57GjiugUtPHAAWMDfVDQOwDgFH9KUmzGXuHrS+se5oO4eZz5BSGvqo6OmknlOGtHme4Ld0co2UlKaiXInO53Ba6+Z0suw3sWBqK6Cgpi2M/wBIkGG93eoJtHacc7zxPNXrhVSV1S+aU+s47hyaOQCsY3LkMaxR2IT7QyYMgPfvVtR0ogjz1OqIiKlUxUC3VBTtoaQ1s7AZT+jDhkNzwOObjyHZv3KumrUK2YzzD+jxnh953YmqatstaIIiOqhGMDhtHj/Pir+lpfwtMa6XU5NHE8e5QJZetl6hvf8AC1lXWT1RzO8uxwGdyxwVVFSSSPlcXvNyeKmtYGCwCIiLWskREReoiIiIiIiIiIiIiIiIiIiIiIiIiIiIiIiKivU82w0se3bicclmeB7QeRVpFmx5YbtWLmhwsVcqYjDIW7y0jaY7H1mngVaG9banb+cba+IAek0+XMxxe08R/PzWp5qRVQCPZez7XC49x3FaopNq7TqF9McWuBGN3appQTQvNG1hIOztwEnlwcwnnj5DsUJ5rJZVvZBGxpIdG/bjcOLc8fgFOwnEhROcXC4NvI3Wmrp+uAspNdIHWu4tuMTc08p2Z2AdvP8Ann4raVEcVbSup2SesWB8b87/ANVwPcf53r4tVZFeKAiRrS7GzIz+eRWln6+1PEQJcYCZKdx+3GfrtPhx8vBdsZY6dpmjzhkz7Cdf9uKptlzzsOyc39/vkpFa6o1dJtPGJWEskb2OHFZuOKjjK6OOuhroz/Ra0BkmPsvHAn4KR7iCregqRMwtvcjK/Ebj3qLNHsuvawP7sqNO9wPEfBfeFjynYkY77JOwfl793mr45qa06jgtdt6qiIs14iIiIiIiIiIiIiIiIiIiIiIiIiIiIiIiIgRF8SPDGOc44AGSewLwkNFyiiWtKvMsVK07h67vHgPmo7TRiWcMcdlnF7uxo3k+xXLhUmrrJah323ZA7ByHsWw0zR+k1gyMtbh7/AHcPM/BfKZ5HYriRIzBNh2DRdKxopafPh5qW2qAw0oc5gY+TBLcfVGMBvkMD2qL6trjUV3o8bvooeOObuf4e1bht2f6RcZtoeiUzNlox9Z/j47vYoXI90r3uecucSSe0q5x/EWNpWU0ByJN+YBt4E+ih0EDjIZH7vf9FRERcOrtUG7icq5TRPnmZFG31nkNAWnvN+tdlaDca2KFxGQzOXnwaN6jA6Y7dbDM63Wyoq6gjYjfK8RNb2ndk/BdFg/RyuxORpjidsnU2sLciclW1mJ09K0hzxtcN67Nc61lot7KKkd9KW42hy7XeOc4/wCiip3nJK41XdLV6qZHSMpaJjnHJJa5x+ICwHdJmoXHc+lb4Q/iV1lb0JxmucLhrWNyaL6DuBVPDj1DALAkk6my7mi4fD0m39jgSKKQdjoj8iFt6DpZmBAr7XG4c3QSFuPI5+Kqp/4fYzELtaHdhHvZTI+klE82LiO0fC6zv7UUVs2vbDdC1oqvRZj/AFdSNj3/AFfepU1wc0OBBaRkEc1ylZh1VQu2KmMtPMW8OKt4KmKobeJwI5KqIigqQiIgGTheoiymW6UwCaR0UURGWue7GfAcfcsVUW2J0bSdtt+GdvHLNa3hx+02X0QASAQR2jmqIi1rNERFivV9FzSwNDGtcOLsnevlEXpN9V4BZERF4vUREReIvnPcV8VFRDTs26iWOJn3nuDR71pqnVthp89ZeKM4+5Jt/wAOVLgoKmo/sxud2AlaZKiKP73Adpst75IFFv8A2gaYzj85/wD8Jf8A0q9FrjTkrgG3WIE/eY5vxClnAsSaLup3j/7T8LSMQpTkJG+IUttlT6JWMkydkHDsccHj+Pksi+UghqOuYB1ch37PAO4nHccgjuPctBQ3S315xQ11LUHsila4+wFSyheyutTo5uMWGOPY37LvI5B7iVvpqd7430kw2XatvlYjXxWEkjQ4TMNxobLQovqRjo5HscMOYS0jvC+VRkEGxU4G6zLTXvt9Y2VmSzg9v3gpndImXK19ZTEOeBtxuHb2efBc/HetpZLtJbpdk5fTuPrM7O8d66LBsVbA11JU/wBt3keKgVlKXESx/cPNY9PPsRy00h+gmAcCfsu+y75FTbTlU6qtkbpTmRmWOPeP8MKK3ykDap3UDajwZWkc2Hfu8DteS3GjahhpZIAcSA5I7RuGfgrXApH01f8Ah3nKxA553y4291ErA2SHrGjmpBUM6yJ7AcEjcew8j7VWmf1kLHkbJcASOw9iuq2wtDnMHLfjx/kruSLO2uOSp75WV1ERbV4iIiIiIiIiIiIiIiIiIiIiIiIiIiIiIiIvk4Wk1ZVintjo2nD5jsDw5/h5rdkKFaxn6y4tiG8RN3+J3/DCpOkFUaaheW6uyHf+il0MXWTAHQZrRQRmWRrAcZO89g5lSK31BoNOVNRG3YdI7ZY4neeWfIe8Fa610pkp5Cz9JM8U7O7O9x9nxW21BE3bt9rh3NG89w4Z+JXFYZTvp4H1Q1tYdpNh4C5VvUSNkeIt17nsGZWqqz6NaKamG58x65/hwH4rVbgFk3GoFVWSyN3MzssHY0bh7lGdW6kpNN2/r6r6SZ+6GBpw55+QHMqudFLiNU2CnbtHIADeBv79StweyniMshsNT+/JbC7XKitNE+rr52Qwt5u4k9gHEnuC5LqrpJrbgXQWXboqXh1ufpX+f2fLf3qJagvtdfa41VwlLj9iMbmRjsaP5KlmjejqquexV3nbpKM72xYxJIP+UeO/4r6lh/RnC+jdOKzF3B0m4ai/ADeea5OoxSrxOQwUYIbx3953BQqmpq26Vwjgjnq6uU5w0F7nHtP4qW2rozvdWA6r6iiZ/wDUdtO9jc+8hdrtVnt1jtMcFtpY6frXlzi0esWt3DJ4nfnj2BXdwVZi/wDEWoB6vD4wxthmcznploMtyl0XRqMjbqXFx4DIfK5vQdFFujANdcamd3ZE0Rj35WzZ0Z6eAxsVTu8zf4KbIuOm6W4xM7adOe7LyCumYPRMFhGO/P1UDqei6xSt+ilrYXci2QEe8KP3HooqWAuttyil/UnYWH2jPwC63uVRhSKXprjNMbiYuHAgH1+VqmwKilGbLdmS85XrSl6s4c+uoZBC3jLH67PMjh54VNP6pu1hePQapxgB3wSetGfLl5YXozGRg7woXqjo+td3a+Wia2grDv2o2+o497fmPeuyw/p9S4g38NjMQsd4Fx3g5jtCpKno9NTHraJ5uN2h7ir+jtc0GoNmnlxSXA/1L3bn/snn4cfFS3AzkrzVerTX2K4Gmr4nRStO0x4O5w+80810fo91+6eSK2X2XMjsNhqnH6x5Nf39/t7VA6R9CWNh/mGEnbjIuWg3sOR39ik4ZjrnP/D1g2XaX08ea6giIvmVrLqkREXi9REREREREREREVCMpw4o5zWtJcQGgZJPJcq1r0jnakotOv3DLX1eOP7H/q9narrBcCq8Zm6qmbpqToO0+ygVuIQ0TNuU9g3lTjUerLTYGkVtQHVGMini9Z58uXnhcvv3SXd69zmW4NoIDw2PWkI73Hh5AKJ223V97uHU0UUtXUyHacc58XOceHiV0/TvRdSwtZLfJzUScTBES1g7i7ifLC+mNwnAOi7A+vd1kvAi/g3cOZXLGsxHFiW042WcdPE/C5VNNVXGp2pnz1U7ubiXuPzW1o9IX+sGYbVVAdsjer/iwu/Wy10Nsi6u30kFO3n1bACfE8T5rMCr6n+JbmfRQwBrRpf4HypMPRYO+qeQk8vkrgB6P9TgZNsPlPGf+ZY02i9RRAl9pqCB9zDvgV6IwqqGz+J2Ig/VGw9xHuVuPRWm3PPl8Ly9UUtVQyhtVBPTyjeBIwsPvUi0zr/UOnptqjr3TxFuw+Cq+lY5v3d+8DwIXep4I6iMxzxRyxni17Q4HyKiV96PLJc2udTxegVJ4PgGG+bOHswrqk/iDh9YQzEYLc8iBz0uO5QpejlTBd1LJflofhYVh6UaC4ytjvERoZ3YHWA7UZ8TxHnnxU7he2WNskUjXxuGWuacgjtBXANTaLu2n9qWaIT0YP8A7xDvaP2hxb57u9NH6vr9OTBjSZ6Fxy+ncd3i08itGK9C6PE4TW4JIDf8t7g8hfMFZ0mOT0j+or2252z/AF7V6DVFrbDeaK+0Dau3S7bDuc07nMPY4citnyXymop5KaQxStLXDIg6hddFI2Voew3BUloJW1VjJcMzUm7H3mnl5jLVrLHOaK8x7R9UuMb/AAO744XzZJnMqXwh2z17SwE8A/i0+3HtVq5t2KnaA2Q4B2OYI3Ee0FXTqoujhqm/cwgHnbf4WChtiAe+I6O9/wBbrpOMBYVRL1FfTk7mSh0Z/a4t+DvalnqvTLfDLnLi3DvEbj7183po9EEp/qZGSeQcM+7K+kPmElOJmaWBHZr6LnwzZfsnsWxRBwRTBmFrREReoiIiIiIiIiIiIiIiIiIiIiIovS65sFTq2o03FXsN2gaCYzua53NjXcC4cx39xwRShEREVOGVz+bNdV3OpG9rGuLT3ZAHuypld6j0a2VEucFrd3idw95UZs0YbZKoketVPEDe/O75n2Llce/xE8dLuAJPgQPNWFH/AE2Ok5geea2emqPZgileNzGer+07eT7Nke1aS81O3c66YH6g6hncTuPuDvaFMZ3MorfI4DDI2F2PDeucSyF+ATk5Lie0nj8lWY6RQ00VK3XU9trD9FJogZ5HyHs91qdQ3emsdqmr6s+owYawHe9x4NC893271l8uUlZWvL5XnDWjgxvJrR2KRdKOojeL2aSnfmioyWNwdz3/AGnfIeHetx0SaWFTKL3Xx5ijdimY4fWcOL/Acu/wXYYDRU/RbCzilYP6rxkN+egHA7yqHEJ5MWqxSQn6G+2p+Ftuj3QbKFkVyvUYfWH1oqdw3RdhPa7u5ePDo2cKh3bhxVeA38V8sxfGKnFpzUVLr30G4DgAutoqOKjjEcYy8zzK+3vc/Z2uAaAB2D/rk+a+URVRJJuVMAsiIi8XqIiIiIiIi1WoLJRX+3PpK+Paad7Hj60bu1pXAtUWCr09cnUlY3LTvilA9WRvaO/tHJekQc8FrdYaYptQWeWklw2aOISRS43skOMeXrAEeK7rof0mmwqXqpTeFxzHAnePcLn8awtlWzbYLPGnPtUN6LNXG4wi0XKTNZE36GRx3ysHI9rh7x4LonDhwXmN7au0XMtdtQVtJL5tc0r0JpO9R36xU1czAe4bMrB9l44j5+BCmdOuj0dHI3EKUf0n620BOeXIrR0fxJ0zTTTfe3zH6LcoiL5yunREREREREVDuG5UyA0knACqDuyucdLepTR0ws9DJsz1Ddqoc072x/d8T8PFWuDYTLi1Wyli36ngN5PYoNbWMo4XSv3eZ4KPdI+tX3SaS22qUtt7DsySNP6c/wDp+PsWl0XpKq1JVktJhoYz9LOR/db2n4fGxozTk2pLu2naSymj9eeUD6rewd55f4L0BbaKC3UcdJRxNip4hsta3+ePevqmOYzTdFKRuGYaP6pGZ4X3nmdw3Lk8PoZcXmNVUn6OHHkOSsWa00Nkom0ttgbFGOJH1nntceZWx5Kiqvjs88lQ8yyuLnHUnMldrHG2NoYwWARERaFtREREREREXy8BzTtAEHcQea5lrro7ZLDLcdPxbEjd8lI3g7vZ2Hu9nYenZWRHHl2yf6xvq95/6jCvMExiqwqcS0zrcRuPIj3VfX0UNXHsSjsO8LzLp6+Vmnrm2ponEEHZkid9WQdhH84XoDTt6pb9a462id6rtz2H60bubSoJ0paObNFLerZGBMwbVTE0fXHN47xz7ePjCNB6kfp28NkkLjQz4ZUMHZycO8fiF9MxWgpel+HfzCiFpmDMbzbUHjyK5akqJsGqfw05vGd/uPcL0KwkP2mnBacghb6+sFVbqSvjaMHLZMcif8Qfao/FI2SNkkbg5jgHNcDkEHgVLLTG2WGegf8AoaqMTR/q5G8eRAXzTCojKJaZ/wCYWHIjMeeRXU1T9gtlG703/KaKqssmpXH9dvwPyUkqImzU80TuD2lp8xhQG1Sutt3YZfV2Hlj+4cD+K6ICCDhdl0bqOvozTyasJBHLcqrEI9iXbboc1rrDMZrbCX522jYdntbu+S2S11oaGelsG4Nnd78H5rNkkZFG98jmtY0FznOOAAOJJV7R7XUtDjcgWPcoUlto2V1FH9L6qs2qoqySx1rKplNKYZS0EYPI7+LTyPA71IFKWCIiIiIiIiIiIiIiIiIixq+rgt9DUVlXI2Knp43SyyO4Na0ZJ9gRFzvpw1//AJGac6ihkH56rwWU+7PVN+1IfDOB39uCvPXRFouu1vqtj+sqIqKle2errGuIeDnIDXffcRuPLeeS12rr1cekTXclTDG+SetmbT0dPn6jM4YzsHHJPDJJXrvo40nTaN0rSWqm2XytHWVEwGOtlP1neHIdwCIpMwBrQBnAGN5yvpco6eukE6SsTbfa5Q283BpDHA74IuBk8Twb35PJZXQJW6juGh4qnU0nWxudiikkz1z4h9p55jPA8SBk5yERSnWc/V0McIO+R2T4D/EhWbSwmqttJwbTxGd4/WdwHllYmp3+lX2Gmz6jA1p7s7yfZhZ+lXmpq7hVOG57g1vcN+72YXFCb8Vizm8wO5uZ8wFalnV0oPK/jkPK6zNVPEdmnHNxaB7R+C5Dr68GyaXq6iJ2zUSDqYT+s7n5DJ8l1LW0mKOBna/PsH+K849NdxL6+gtzD6sUZmeO9xwPYAfapYohivSKKncLtaAT2C5+FpfUGkw58g1OQ7TkoJYLZLeLzSW+HIdM8Au+63iT5DJXpKhpYaKkhpaZgZDCwMY3sAC5Z0J2wPqbhdJB+jAgjPed7vds+1dZ7Fp/iJirqmuFEw/TGPM6+AsF50ZpBHAZzq/0VURF85XTIiIi9RERERERERERERgy4AczhZc0rXU0hafWlmJI7GtG7+L3LE4Ki2xyljSBv/fpfxWtzNogrlPTNYg18F6p2fWxDUY7fsu+XsWu6G7waW9y22V+Iatu0wHgJG7/AHjPsC6rqK2tu1kraBwH00Ra3PJ3Fp8iAvOluq5Ldc6epYC2Wnla/HA5aeC+wdGJv59gM2GzZuYMuzVp7iLLi8VZ/LsRZUs0dmfQ+S9Op4rTX7UttsltjrKybLZW5hjZvdLuzuHz4LlN+6SrvXl0dBs26A7vo/WkI/aPDyAXB4P0SxHFjeJuy3TadkO7eV0FbjNNRj6jd3Aart6Ly9VVtXWPL6uqnnceJlkLj719U1xraYg01ZUwkcDHK5vwK67/ANMH7P8AmRfsy8b+ypv+K23/ALWXb+i9Pct6rvPHh2Lgtk6QL9bXND6n02EcWVPrH+1x95XVdJaxt2o2dXETTVoGXU8h3+LT9ofzhctjPQ3EcJaZHND2D8zc7do1HarehxumrDsg7LuB9lurtXxWu2VNZUH6KCMvI7ccB4k7l5vuFXU3e6zVMuZKmpkzhu/JJ3Ae4BdS6aLqYbdSWuN2DUOMsoH3W8B5nf8AuqL9EdpFw1N6VK3ahom9Zv4bZ3N+Z8l2nQ6njwXB5cXmGbgbdgyA7yqPGpHV1ayijOQ17Tqe4LqWibCzTtiipsNNS/6Sd45vPLPYOA/xW/A35TknEL5RW1clZO+eY3c43K6+CFkEYjYLAZKqIiiLeiIiIiIiIiIiIivdYWiBzdz4xuP7xPzVlM+qAtkby29v3msHN2lerYmsqJGtA6o+s0fquGR7ivPXSLp4WC/PbA3FFUgyw9je1vkfcQvQcz9tkR5hmyfInHuwob0m2gXXStQ9rc1FJ9PGeeB9Yf2c+YC7LofjX8sxMC9o5DYjhfQ9xVJjND+KpCfzNzHdr4rWdD97NdZ5LdO/M9FjYyd5jPD2Hd4ELsVnrhHQ05xmWKbYB7GO9Z3uBXlfQF0Np1XQzF2IpH9RL2bLt2/wOD5L03pxhkrQDvj2htjtBBb/AM3vVv0kw84Zjm1ALNmF+w3z9LqHhVSKug2X6sy7t3lks7V9F1daypaPUl9V3c4fiPgpNZ5HSW6Bz/r7OD3kbvksbUMQks8u16xZsuBPaCN6oKM1djqaNlRNTmVssQmhOHx5LhtNPIjkpNHRinxGV7NHNBtzJ/Q+K9kl26doOoNlW0VdLV1Nx9CqYZxHPsSdW8O2Hhoa5pxwIxwWp6S9NVGq9H3C1UlZJSVEjdpjmuw15G8Mf+qeB8jvxhecrXXXzoU6Q5aau2qi3zEGZrfq1UJJxI3PBw3+ByM4K9W2uvpbrbqauoJWy0lRGJIpG8HNI3f9FeRs2BbmT4m6ik3K8XaE1NcujvWgnlilj6mQ09fSO3F7AcOaR94cQe0dmV7TtdfTXS3U9dQStmpaiNssUjeDmkZC4D+U7ohoEerbfFgktgrw0ceTJD7mn93vV78lvV5lgq9K1suTEDU0e0fsk+uweBIcB3u7FsWK9BoiIiIiIiIiIiIiIiLjn5TWpDa9FQ2qnfsz3WXYdjj1LMOd7SWDwJXY15I/KZuzq/pHdRh2Y7fTRwhvIOcNsnx9Zo8kRbz8lvSra28VupKpgdFQ/wBHpsj+tcPWd5NOP316RuVZBbbfVVtZII6amjdNK8/Za0ZJ9gUO6ErK2ydGlki2cS1MQq5DjeXSesM+DS0eSjX5TV/datCR22F+zNdJhEcceqZ6zvfsDwJRFyLS1BWdL3SvNWXEO9B2/SKgZ3RwNOGxDvO5vtPavXEMbIIWRQtbHGxoa1rRgNA3AAdi5T+TVpxlo0ELnIzFXdZDK4kbxG0lrB/E795dQuVbDbbbV11W7Yp6aJ80juxrQSfcF4dEXBOljXNTY78KGzNbNdZ5t7S3awwu2Q3Ha7h4eIXYdDMlFgimqY2xzzeu9jXbQacAEA88EHevO3RlSy6m1TddW3Ru08zO6kHeA9284/ZaQB49y9LUTfRdPR8i2Ha8yM/ErlaCOGGtcxou5gJc7iSb27grKdz3QgnQkADkFpdbS7VTTRjkwu9p/wAF5Y6Sqk1WtLk7Pqsc2Id2y0A+/K9N6sk27zI37jWt92fmvKernF2qbwT/AN8mH98q46GkTY5VTHVrbe3sq3HSWUMTOJv6/K7N0VUgpdGUjsYdO58zvN2B7mhS1aXRLAzSVoA/7sw+0ZW65r5ljkpmxGd7t7j6ldRQMEdKxo3AeiqiIqlTEREReoiIiIiIiIiIiIiIiKnALzlrakFFqu6wAYaJ3PA7A71h7ivRq4F0pY/y5uGBjdFnv+javpf8MZXNxCSLcW38CPlcr0qYDTNfvB9QfhR6eoq7hPA2R8tRI1jYIm8SABhrQF0zSfRmzq2VOoiS47xSxuxj9tw+A9q+ehzT0T2S3upaHPa8xU7SPq44u8d+B5rqg4b1YdMemEtNK7DsOOwG5OcMjfgOHMqNgmDNlYKqpG0ToD6la2gsNpt7QKO3UsR+8IwXe071dq7Tb6tmzV0NLO3skia7HtCzePApw4lfL3V1S53WOkcXcbm/iusFPEG7IaLcLKAam6NrfXxPms39BquIZvMTvLi3y9i5HU09ZZ7k6KZslLW07+Rw5p5EEfFem+fcoZ0maaZebO+rp4x+cKRpe0gb3sG8t+Y7/FfQeifTOaOUUWInbjdkCcyL8TvHaucxfA2OYZ6YbLhnYb1yDUl7qdQVkVVXbPWshbEdngcZ392SSV1focoRTaYfVEevVTOcD2tb6o94cuJY3ZXovQkIp9H2hoGAadr/AO163zXS/wAQnsosIZSwDZaXAWGlrE28VVdG2unrXSyG5APjot8iIvhy79ERERERERERERERERERACSAOJREXzIxskbmPAcxwIIPMFfYGQ49gyqLJpLSHLEjaFl5iutI633arpCTtU8zo8+Bxleq+ji4iptEdxcNrbo2TOHfuJ9+V5w6ToRBre5Bow1xY/2saT78ruXQbIajQbdriKeSM+T3Ae7C+4dIP8VQ0Nd+b5aT6hcHhn9Gonp93wVg9L2s9R6S1nRSzCOXSlVD1TGRDJdwLySftg4xy2e/JHZbbUQVVDBUUcrZqaZvWxyNOQ5rvWBHkVzbpEtcOpdLUtvqMbToCY3n7DwcB3tG/uytH+TTqKY0ty0ldHFtbbJHSQsed4ZtYe39138fcqygrYquV5As4AeBFx6lWU0LomC+hv46KYdM2h2az0zIyBg/OtIx01I/G9zhjMfg4bvHB5Lm35L+rnsmq9JV8hAO1UUQd9kj9JH/AM2O53avRmN+V5K6WqSTQPTJHd7a0sjlkZcomjcCS4iRvgSHbuxytgLKMvUl+tdNerNXWytbtU1XE6F45gEYyO8cR3heJ7XU1ugekCKWQEVVprSyUDdttaS1wHc5uR4Fe4qSoiq6SGqgdtxTMbIx3a0jIPsK8rflP2Ztv17DcImbMdxpWvce2Rh2D/dDPavUXqqlqIqmmiqIHh8MrBIx44OaRkH2K8ud9AV3N36L7SXu2paQOpH92wfVH9gtXRERERERERERERERF4c6WKl1Z0l6lkJyRXSxf2HbA/hXuNeF+kYGn6SdSF4zi61D8doMriiL2/QU0dHQ09LEMRwRtiaO5owPgvNH5V9a6TVlmoc5ZBRGYDsL5HA/8ML07G9skbXsOWuAIPcvKv5UzHN6RKRx4PtsZH/7JB8kRemtNUAtenbXb2tDRS0sUOB+q0D5KGdP9c6h6Kr0Y3YfP1cAPc6Ru1/dyF0GCVk8McsZyyRoc09oIyFzf8oumdP0VXNzASYZYZDjs6wD/mRFDOiegEGi7VGwYfUZkce0ucce7C7ZdyI7dsjdtOZGB4uA+C4z0Y1Qk0bZZo/6uPZ82uI+S7BfnbTKAA7n1MfmN5XEYY+zqwu+4m3iSFb1Q+mG2lvhRC+Euu1SXcdsjy5LzDrKMxarvLXcTVyu9rifmvUmpWbF6qew7J/uhecelWkNLrOsdjDZ2slb5tAPvBVx0Dl6vGaiB2pB8iq7pCzaoo5BuI8wuuaElEukLO4cqdrfZu+S33NQnogrPSdItgJy6lmfHjuPrD+I+xTbmuB6QU5p8TnjO5x8CbjyXQ4a8SUsbhwCqiIqZTkRERERERERERERERERERFTgFwLpSkEmtrgBwaI2/8A82rvq806lrRcdQXGracslne5h/Vzu92F9N/hlA41ss50a23eSCPRcp0qeBTsj3k38Afldo6KIzHoiiJ+26R398j5KXLTaNpTQ6XtdM4Yc2BpcOwkZPvJW55rh8bmE+ITyjQuJHZc2V/QMMdMxp3AKqIiqlLVWHZcSACcEb+9fPNbKOGGOztqXsa+QzEAE8Rj5HetaFKfC6DZJOoutTHiTatuyXmK7wNpbtW07BhsU72AdwcQvQWh5hPpC0PAAxTMZ/ZGz8lxDXdN6LrG7R4xmcyf2vW+a7F0YzMm0VbtjiwPY4dhDz/1819b6eH8RglNOM77Jv2tK43o8OqrpY+APkVKURF8aXcIiIiIiIiIiIiIiIiIvqJhdtkN2g1pJ7uWfeF8q5C8tbKBxe3Z/vA/JZx22vqWD72ySHe5zTwLSfYCfkrS+njYkeGnIBIB7QqL0nLZ3hBxXBelcg62rAOTIwf7AXY+g93V9HUr+GY5APORwXDekCpFXrK7SA5Am6v+wA3/AJV3jo0gNH0bQNI2esijI/ec5/4L7Rj7jTYDSRn7gAfCM+5C4fDh1uIzOGl/VwW5qX7UFI37kZH95xXPrtGdJflF2Kojy2K5xwh7RwJkYYSD+80O8VPIXDroi8Za0jI7s5UJ6ZJBUdNuiqeM/SsqKbyBmGPeCuO6KOD3ySE52A8AfhdBibbBre0+a9Erz/8AlaUAdbtPXANG1HLLA49u0GuA/un2r0AuG/lYysGlLLCT67q0vA7hG4H+ILu1SroHQ5WGu6MdOTOOS2kbDn9gln/KucflZUgfYbBWbO+Kpkiz+20HH9xTzoIidD0Uaea7iY5HeRleR8VEfyrn40Pamc3XFrvZFJ+KIsf8k+qL9LXulJ3RVrZAP2mAf8i7muA/kksItWo3/ZM0IHk134rvyIiIiIiIiIiIiIi8Y9Pdvdb+lO9DGGVDmVDD2hzAT/e2h5L2cvOn5V9iPW2a/wATNxDqKZ2OBGXs+MnsRF2jo7urbzoax17SCZqSPbx98DZcP7QK4v8AlZWo7dgu7G+qRJSyO7Ducwe9/sW+/Jb1A2t0nWWSV/09umL4x/8ASkyd3g4Pz4hT7pT0wNW6IuVsY1rqrY66lJ5St3t8M72+DiiL56JLyL70dWKrDsyNp2wSftx+oc+OznzW21ja471pW7W2YgMqqWSPaP2SWnDvI4PkuDfkvaqFFcq7S1e4x+kOM9MH7sStGHs8SAD+6e1eh7sdm21R7InH3FapnbEbnDcCvWi5AXmboTuToorjYKv1KmllMjWHjjOy8eTgP7S77dJS+wW+oG/q3RvcfAEfFeeOkWgqtL6pptWWlmYnvAqWDhtYwc9zh7/ELvOkLpS6n6P2VFC8SRvY7A5tcDnZPYRuXHwR/iHSVEP2yNJ7HDd7q1kdsBrH6tPkVb1e3F1BHB0bT7yPkuKdNttLqegubB9RxgkPcd7fg72rtepD1sFtm/2kOD4jH4qI6ktLL1Y6ygkwDMzDHH7LhvafaAq6lxH+WY62q3XF+wjP5WyemNXQGLfbLtBy9FynoaugpL9UUEjsMrI8tz99u8e4u9y7Q05yvMMb6m1XNrhmGrpZc4PFr2n8QvRem7vBe7RT11ORiRuHsz9R44t9qv8A+IuEls7MSizZIBc87ZeIVd0ZrLxupX/c3Mdm/wACtoiIvmC6tEREXqIiIiIiIiIiIiIiIvFoNc3UWjS1dUB2JXM6qLt23bhjw3nyXCNM203e/UNCAS2WUB/cwb3H2AqV9Ld/FyvAt9K/apqIkPIO50vP2cPHK2/QvZSDU3mobxzBBn+874D2r7PhEY6NdHJKuXKSTMcbkWaO7VcPWu/mmJNhZm1uvdr8LqYAAAAwAqoi+Mk3Nyu4AsLIiIvF6vt8rnRRxk+qwHZHick/z2L4VFVZOcXG5WLWgaLi3TPQej6ip6xow2qhwT2uZuPuLVu+hK4h9Fcbc93rRvE7B2gjB9hA9q3vSpafznpaWWNuZ6M9e3HHZ4OHs3+S5Hoq8mw6jpaxxIgJ6uYfqHj7Nx8l9lw0f8QdFnUozfHkO0ZjxGS4ip/5biwlP2uz8cj4FejUVGua9ocwhzSMgg5BCqvjRBabFdwDfNERFivURERERERERERFQK7TxiSTZJxucfY0n5K0FcpnbMzT2nHt3LZFbaG1pdYOvY2VvG/KxLpXMt1tq6uXGxTxOkPfgZwsxc46ZL4Ka2Q2iF301SRJKByjB3DzI/ulWuBYa7E6+OmaMic+QGZPgoeIVQpad8p3DLt3Lk9PHNcriyNuX1FTKGjvc4/iV6rip20em6SCIYZ1h2R+qxoaPiuB9ENoNdqT017cwUTdvJ4bZyGj4nyXo0RNxa43/o4YTUP8CS734X0XpxVCepFFH/02+BcQLdwF1zWAQmOIzu/MfIA+6wDSF9yNNHvIAYfHZwfeuWUNR/lZ+UYauI9ZR2ybZa7liM7IIPe8kjuW/wCkTWbtLWipkp3f9rVzHxQEcYyfrSeWd3eR3r66E9Kv09SUUtY0tuFfIJpWnjG0EhrT38SfHuXNYS5lLTOnAsZHWA5XtfuurmqBkkDD+UXPgu9DgvMX5VN29L1RZ7PDl5o4HSuDd/rykANx24YD+8vSN0uFNarZVV9dKIqWmjdLK88mgZK8qdHFJU9JPTM+8V0ZNNHOa+cHeGMaR1UffvDG47AV3g0VKvT+kLX+ZdLWi2EDapKSKF3e5rQCfblcO/K0uO7T1sa7/a1Lx/Za0/xr0SvFvThf/wDKLpJuUkD+sp6UiigxvyGbjjty8vPmvUXbvyWaA02gKuqe3Bq657mnta1rWj3hy7Io30c2T/JvRFmtTmhssFO3rQP9o71n/wB5xUkREREREREREREREUX6R9NN1boy52jDeulj2oHH7Mrd7N/LeMHuJUoREXiXoo1NJonXtLU1e3FTFxpK1jhgtYTg5Ha0gO/dXtdjmyMD2ODmuGQQcgheWvyk9DutF/8A8o6CL/s+4v8Ap9kbo5+ZPc7j47Xcpx+Thr9t2tLdM3SX/tCiZmlc4/poR9nxb/DjsKIob0+aNq9K6pi1fYC+GlqJxM98f/w9TnOfBxGfHI7F2Xou1xRa+0z1h2GXCJnVVlNn6pIxtAfddvx5jkpZerZS3m11NuuMLZqSpYY5GO5g/AjiDyIXLOjHofk0brWtuslyfLRxgx0Ucbi10jXDf1o4HHZwJAO7AC8cA4WKA2WZd7XHURVlvromzQkFkjHDcRnGfgpF0X26js9jlttuiEUELgccS4kbyTzJws68UDXXxm7DauNzCexwG4+5vsWJoxzobhUwPGHFuSO9px81wNBBJh+IiIk7BJFt17XB8CFdzvbPAXW+qwPnn7q3f4+rtlMznDK+Pyzke7Cj+dymuoqN01JV9XkuY5s4HbuLSPYMqFfZVT0ip3Q1QJGRAt3ZeylYfIHxW5+ua5L0v6aMc4vlGz6N+GVIA+q7gH+fA9+O1R7o71S7TtzMdU4m3VBAlHHYPJ4+fd4Bd2qYIqmmlhqI2yQyNLHsdwcDxC4LrvSs2nK8ujDpLdMfoZTy/Ud3j3+3Hf8ARLGafGaI4JiOZtZvMbrcwuaxiikopxXU2l8+R+Cu+xvZLG2SNwex4Dmuacgg8CF9cRvXEuj/AFy+yBtDc9uW2k+q4b3Q+Ha3u9nYuz0lRBWU8dRSysmieMtew5BC4LpB0dqcEnLJRdh0duPwV0OHYnFXx3abOGo3j9FfREXOK0RERERERERERerxUGcqGdI+rW2GgNJRvBuc7fVx/VN++e/s/wAFc1zrSm07C+npyye6OHqx5yI+9/4cSuKZrrzdN/WVdfUv8XOcfh8AF9G6IdEjUuGIV42Ym5gHK9t55BcxjOMCIGnpzd5yy3fqr2nbPU6gvEVFT52pDtSSHeGN5uP88V6KtlDBbbfT0dK3ZghYGNHzPeeK0mhdLxaatmw7ZkrpsOnlHuaO4e9SU8MKv6Z9JP5vUCCA/wBKPTmd59gpGB4X+Di25PvdryHBVREXELoERERERERF8uYHNLXAFpGCCMgheeNb2F1gv9RTNB9Geesgd2sPLy4eS9Ec1HNc6aj1JaDE3ZZWQ5fBIeR5tPcfwPJdl0M6QfyettKf6b8ncuBVHjmHfjYLs+9uY9wo90S6lFdQi0Vj/wClUrfoST9eMcvFvwx2FdE55C8xsNXaLnkdZTVtNJ4OY4LuehtWwako9h+zFcYm/Sw9v6ze74ezNz026MGB/wDMqMXifmbbid/YVBwHFRI0Us5s9uQvvHDtUqREXzRdUiIiIiIiIiIiIqKoOychU4KzW1UFDSy1NXK2KCJu097juAWyNj5HBjRcnRYucGi50Vi8XKntFunrqx+zDA3J7SeQHeTuXnS9XKpv14mrJwXTzvw1jd+Bwa0eG4Lda81bNqStDItqK3Qn6KM8XH7zu/4e1SXoo0kZJI75cGERsOaWMj6x++e4cvb2L7LglBD0Rw1+I13914sBv5Adp1XD19Q/GakU0H2Df6lT3o804bNZ6WhIHpc7w+Yj77sbvADA8l0W/uEEM+yMbQbC39kfyfaFr9JwCS5iRw9WJpd4k7gPeqaiqBLPG1v1Tl/t3N/utafNcG+pfJSTV0xu+Rx+MvE+C6JsTWSsp2D6Wj9+i11ts9FeLpSMuFLFURwSCoaJG52XN3g+3C21mpJpL831SRC7aeeTT2e3K+9JRbUsz8bziMeB3u9w94UgsMGxTyTn608rpfInd7vipODYd+IigLibAl3hbLxAWFZUbD3gcAFwb8pHXvptR/kfZnmRsb2mudHv23/ZiGOODgnvwORXS+hDRJ0bpJrayMNutcRPVdrN3qx/ugnzLlsJ+jjTk2tYNUCjDLhES8sbgRyS8pHN+8N+/t38RlSu4VtNbqGesrpmQUsDDJLI84DWgZJK+gKlUL6Z9Ys0doypnil2bnVg09GBxDyN7/3Rvz24HNec+gfSrtTa+pZJ4y+gtxFXUEjcSD6jT4uxu5gOWv6T9X1XSBrA1EEcppQRT0FMBl2znduH2nHefIb8BeoOh7RbNFaRhpZWg3KpxPWPG/1yNzAexo3eOTzRFOkRERERERERERERERERERavUVmo9QWartVziEtJUs2HjmOwjsIOCD2hef8AQ3Qne7b0gGetq301rtswlgq4HgSVXNoaPs7vrZ7wM5yvSiIiIiIisujY5zXOALmHLe7dhR18QodWxybmxVIO/wDWI4e0D2qSjtWk1XSma3dfHnrIDtgjjjn8j5KoxaG8PXNF3MIcOdtfJSaZ/wBWyTk4W8f1W6LQ45PYQudXqj9BuMsQH0ZO039k/wA48lNrJXC4UDJCRtj1XjscP5ytfq+iE9GKhg9eE7+9p/n4qtx6mbiFAKiLMtzHZvUihkME+w/fkoZyWLcKKmuVFLR18LZqeQYcx387j3rJG5VXzeOV0Tg9hsRmCNQugcwPBa4XBXCda6GrLDK+pow+ptnHrAMui7nj58PBafTWprlp6fboJswuOXwP3sf5cj3hejcZ3Oxg7t6gup+ji33N757a70CqO8ta3Mbj3t5eXsX1TB+nNPVw/gsbYHNOW1a4Pbz5rkq3AJYZOvoXWPC9vD4WTpvpAtF3ayOokFDVncY5j6pPc/h7cFTBpDmg5BB3ghedr7pO72MudXUbnQD+vi9dntHDzwsS13662rAt1fUQNH2A/LP7J3e5bavoBRYgPxGETix3HMeIzHYQsIekU9MerrGG436Hw0XpXB7VVcPpek+/QtAlbR1HfJEQf7pAWazpYuQHr2+jJ7i4fNc5J/DzGGGzWtd2Ee9lZt6S0ThmSO5diyexMHtXGJelW8uBEVJQM7y15P8AEtLcdeairgWuuDoGH7NO0R+8b/et9P8Aw3xWR1pC1g5m/oFrk6T0bR9IJ7l3G73mgs8HW3KsigbjIDj6zvBo3nyXL9V9J1TWRGksUZpIcnNS79K4dgHBo9+/koFDDXXSrLYY6isqX8cAvcfFTzTXRfV1JbNfJfRYuPUxkOkPieA966Wm6O4J0ab1+JSiR+4bu5up7SquTEq/Ez1dMzZbxHudyhNotdffK/qKKGSpnedp7uQz9pxPDxK7donR9Lpun6x2zPcXtxJNjc39VvYPefct3aLXRWmiZS26nZDE3sG9x7XHiT3lZ7hsniCuT6S9NJsVBpqYdXDw3nt5cgrjC8DjpCJZfqf5BERFwi6FERERERERERERERERQrpA0YzUEXpdAGx3OMY37hMB9k9/YfI93Fw+ttNy2szUlbTu72uYV6cG7cOCj2rNJ2/UdP8A0lvVVbRiOoYPWHce0d3swvonRbpmaFgosQG3DoDqQOFt4XM4tgf4g9fT5P8AX4Kjmj+kmlrWspb6W0tVwE43Rv8AH7p93guhscx7GuY4Oa4ZBByCF541NpS6aelJrIetps+rURjLD49h7j71TT2rLvYSG0NSXU44wS+sz2cvLCvMT6D0mKM/GYLIPq/LfLu4dhUCkx6akPU1zTcb9/fxXonci5ta+laikDW3OhmgdwL4SHt8cHBHvUkptc6dqGgtukTD2SNczHtC+f1nRfFaQ2kgd2gXHiLro4cVo5hdsg7zb1Ul3BMhadmqLE8ZF4t+O+do+JVqXWGn4gS670hx91+18FAbhNc42ELiew/CkGspwLmQeIW93IoPcukuw0wIpnVFY/l1cZaPa7HwKhl+6TbpXNdFbo2UER3bTTtye07h5DzV7h3QnFq5w/p7DeLsvLVV9Rj1HTj7to8Bn56LqGo9UWzT0Oa6cGcjLYI98jvLkO8rimr9W12pJwJvoaNhzHTsO4d5PMrVUlLX3mv6unjnq6uU5PFzj3kn4ldT0h0aw0jo6u/ObUTj1m0zd8bT+sfteHDxXe0+H4N0OYJ6p3WTWy49w3dpXOyVNdjTuribss38O871HOjzQ8l2ljuF1jcy2t9ZjDuM5/8AT38+S7SxjY2hjGhrWjAaBgAdgVQA0BuAANwAX0BkgDiV80x/pBUY3UdbLk0fa0aAfPNdVhuGxUEWy3MnU8f0W7sxdFSuaw4kl358TsMHtLj+6tZcJWy1kzm/U2tln7I3D3ALY0mYLYap3q5J2O8hpa0Dwy4+S19thbPWNEn6NuXSfsjefgsKnafFFTN32Pwe+9ysorB75TuUr0zSmKA8nNGCf1nYJ9g2R5Fb6ONsTGsYMNaA0DuCxrZEYqNm2AJH5e4frOOT8cLM7l9Kw+nbT07GAaBc/M8veSqqDdLWkqzWWkZrZb651JM14la0/o5yODH88Z3+IBwVNYniRoc3geHf3r7U4EEXC1aLgfQL0U1Nor33/VFKYq2B7o6SlkwdgjcZT7w329hXfUReoiIiIiIiIiIiIiIiIiIiIiIiIiIiIgXw9oe0tcAWkYIPML7ReEXFiiiFvJsl+fSvJ9Gnxsk+4/JSIvZPLPTSgZ2dw+807s/Ef9Vhamt/ptCXMGZ4vWZjiRzC18Fe+e2Q10frVFIdmVv3mc/dg+RXMxOOHSPpXZs1b2bx3a2Vg8de0SjXQ9u496jVxpXUVZLTuH1Xbj2jkfYsfuUp1TAyrpYLjT+s3GHEfdPA+R3eai3euDxWj/CVLmN+05g8QVd0k3WxgnXf2qquSN2mNkHA+q7ucPx/FW1VriGub9l3Ed44FV7SMwVvI3hfPgtDctIWO5uLqq2QdYd5fGDG4ntJbjPmt8NyceakU1bPSHageWniCR6LXLBHMLSNBHMXUBqeiyySZMNRXQnsD2uHvbn3rAf0S0xPqXWcDvhB+a6aAEV5F0xxmIWbUHvsfVV78Eon6xjzC5vT9E9vaR6Rcat4/Ua1nxyt3Q9HmnKXBdSPqHDnNK4+4YHuUtRaajpXi9SLSVB7jb0stkWD0UWbYx35+qx6OkpqGERUVPFBEPsxMDR7lkqgWj1VqODTkdsfVRSSCurYqJnV49Vz8+sc8hhU7GzVUlh9Tj4lTrMiblkApHWAGQSNADZGh+B28D7wVYWfSMbUUnUvGy4uJieeBdzafHdjv8VhOa5ji14IcDgg8isqiIttJuPrvCxif+XgvkKqLGuFXFb7fVVlRtdTTxPmfsjJ2Wgk48gozWue7ZatpNs1jVF5oKe9UtqmnDbhVRvkhi2XHaa3ic4wPMrYjeuT1F5pbz0n6Ju9L1jaWe2VMrRI3DgNl+4gE7/Aroelb/SalsVNd7c2ZtLUbWy2Zoa8bLi05AJHFp5qyrMPdTxsfY5jPkbuFvJaIpg8keHZl8rbKiLAu93oLNBDNc6lsEU0rII3FpO1I76o3A+3gq5kbpDsMFyt5IAuVsERFgskRUWFfJpKeyXGaFxZLHTyPY4ciGkgrNjNt4YN6xJsLrORRLorr6q6dH9mrK+Z89VLG7bkkOXOw9wGT4AKWLZUQmCV0R1aSPDJYsdttDhvVHsbIxzHtDmOGC0jIIUOvfR1ZbiXSU0b6CY84PqZ/ZO72YUy4cE3qVQYpV4e7bpZC08jr2jQrTPSQ1LbStBHNcTunRfeqZzjQyU9bHyw7q3nydu96jlVpW/UpPW2mswOJZEXj2tyvR43cShHYV2tJ/EnEYxsTMa/nYg+Rt5Kim6L0rzeNxb5heZvzLdP/lld/wDof+CuQ6evMxxFaa93/wCO/HwXpZUU4/xPqLZQN/fctA6Jx75D4Lg9u6OtRVhG3Sx0zD9qeQD3DJ9yl1l6KqSEtku9Y+pI39VCNhvmeJ8sLpQxyKYHNUVf0/xarBa1wYD/AKRY+Jup1P0do4TdwLjz/RYdtttFa4OpttLFTx8wxuCfE8T5rNQJG1z3hrBlzjgDtK46WWSd5e8lzjvOZKu2MbG3ZaLAKmzxdyW209bPzhPJtktjawguHadw+a1suyHBjDlrd2RzPMqYRj8x6fBwBUycj94/gPgrbBqNkszpJvsYLn2HiotZM5rA1n3OyCj99maHxUcJ+hpW7GfvO+0f571labozI3aLc9e8N/cb6zvInZHmtG87Uhxv7+1dAsETWW2ExtAaBhp7RnefM5PsVjgsP8wr3SuyAGnLS3YAo9W78PAGDf8A7+q2Rxv3LBvFSYKUtjOJpXCOP9p27PlxV8VDXVZhZvLG7Tz93PAeJ+S075PTtTMjbvhpGlx7C47vmPYV3FZUhkexGfqcbD3PcLqnijubnQC63sMbYomMYMBoAHgFcVUU9osLBaTmiIiyRERERERERERERERERERERERERERERERERfDhyHFRSZgtF8JI/odUCHA8Bnj7CfYVK92StbfaQVtC6N2A7i1x+y7kfDkfFVeKUrpYxIz7m5j3HeFIppA12ydDkf3yWttoNurZLZVetSzZMLncDni3+efitBe7c63VjmbzE/1mO7R2eIW8oT+dre6iqCWV1N9Vx4gjgfkVkOAvVDLSVQEdbBudnk7k4dx/nkuZqaNldTdWzmWX82HmNynxzOhkJPf7FQtOfYvuWJ8Uj45Glr2HBB5FfC4VzSw2OqvGnaFwhBBIPEIh3ovF6qIFVYd4hqKm0V0FDN6PVywSRwy/ckLSGu8jgrJjdpwBNkJsEuNayjpaiQljpYoXzCLawXBoyfLv71qND6iGo9L2y5zsipp61j3CEPzva4tOM7zwz5qGXOw3qHU1sq63bq46XTs1PU1gPqum2XZ478nIPDf7Vpuju011VF0X19PA99HRxV/XyDGI9ovDc+J3LoRhdP8AhidsE637nG2u8gc1BM79sC3d3jPuuuv3C8UFtqqGmrahsM1dJ1NOwtJ6x+M43Dd54XFbveq+92SgluUxlfT60bTxnZDdmNoJa3d2ZKz6m1Xi1z9HlLf53VVc27zOdJ1hl9UnI9Y929R+P/R2D/z3/wAquMJoIYLvadonf2Fwy7QFHqJnPyIt/sDmuoaZ176NWasdqOqhit1DdBRw5jONknDQdkE5zvzyyeSn0tZFUvc0OBqI8B+HgnGN20O3HPmvOOpWOfadfBjS4/5SRbgM/acpvPpnUNReukV1skfbp7iaP0KrMhYHbA9fDm5I3ZGe9Q66gi2T9YYDbI2t+Tv3klZxSOve1z/v8ALpENxo5blPbmVMTq2FjZZIQ71mtdwJChOtNR1Db1etOdTF6I7TtRW9bv29v1m4442cDsznmo7erNda3V2uIaaCaWeexRQxvA2WyPIaCA44G/DufasKup56PU3otYC2pg0M6KVpOSHtBDhnnvBXmH4XAx4k2rnZBtwNgbr2Wd5FrWz+Vi6YaBd+jghwJNjq8js9WRbLov1JUWjTPR7aoYYnw3WatZK9+dpoZI4jZwccXb854LW6Se+O9dHTo3FrvzJV7wcfYkWHon/3Toh/3m4/xq3qomSsc1w4+QlI881Fic5pBH7+1d4rrtQW+SkZWVLI3Vc4p4RnO3Ic+qMc9y4/rnUdRqCwyiqhii/N+q2UUWxn1mM2sF2SfW3nOMDuWNFYbpaaLR1Pc6aVk41OZtnIfhhdkOyM4BwT71q7h/mK9f8Anf8AFRMNwyCnPWNdtG+veRl2hbp53vFiLLqtr1zEbnqtt7fTUdBZ6qKFs3rZIfu9bjv2uwDj3ZUxq6mGjp5Kisnip6eMbT5ZXhjWjtJO4Lz5q+KSa3dKTIWPe43Ok9VrST9YqZ6809fZKfXtS3ramirqalbR00TnSOywN28MHDeCd3HKrqnC6dz2Ha2b2HkzTn9RPctsdQ8A5Xtf1PwF0e73OG2Wasuku1JT01O+dwjwS5rWl27lvwuV3u6tu2uqCvpTIymq9LTTtY/cQHbZwQN2eHsS9WG60sN+uNTC5lAdJily543Stbkt2c53Ydy5rTW3/POmez/I138L1Mw7D4YI3SMdtGx9L27Qtc0znENItp6q/wBH9XOyu6K6Zk8rYJaavL42uIa/G2RkcDvAXabVcaO7UbKy21MVTSvJDZYnZaSCQfeCuHaE/wA89Ev+63D4SLadF9mvk2lNGy0UslLT0ddUyVsTnujL2FxABb9rmMHtWGLUMc39Rztki/m6Q+wA7V7SyuaNkC9/gfK6Fq7VTLCLQYYWVYrrlHb3FsuOq2s5PA5Ixw3Lc3e6UVopW1NzqGU8BkbEHv4bTjgBcQq7TXWezWaK5wPhkm1mJmNfj1mHcHDuOCr+ubJc7bp7UktdE4R1uoop6fDw/ajJIBwCcchg79y0nBaUiNofqSL/AOrMDLPcsxUyDay/TJdouV2oLZS1FTX1kMEFPsiZ73gCPaIDc9mcj2rnfSJq6Sag1tZaeJ8D7dRQysqo5Tl/WbJIwOG4449qjmv7Jc4bV0nVMtLMIK6egdTOAz1ga8bRAHZkLF1eC27dJQcCCLVRAg/sxrZh+F08bhJtbRy7s4z/APsQVjNUPILbW19/i66TpDVD6u70dglhLnss0Fc6pdJkvc7ZBBGO/Ocqat4LkuhP9aEP/lem/ijXWuSpsZgjhmAjFrgHvKlUry5pvxVURFTqUqcVlsHo9L1jv0koLWDsbwLvPgPNYnBX5nOqHueG4a0BoA4NHABSISAC4fdu9ytTxew3LO03SCqrxJLjqYRtuJ4buA/nsWXqKq9Lmk2P0MLSAfPBPmd3kVYopHxxto4Mh5O3K4DPrcm/u8fEYWTU0RlqKe2Q/W/STEHOyOAHkPaT3rpIGONEaeIZki/MnQDs1KrnvHXdY7dpyG8rHsVpdVQzVDhu2THHnm47s+Wf5wpJdq+O0UDGRgdZs7EbPAcT3BZM8tPabftH1Yo27IaOJPIeKi1rbJe736RUb42euRyAHBv896uBG3Co2UdPnM+wvw4lRNo1LjNJ9rf3ZbumJtdjkqKg7VQ4GRxPEvPAfBY+joXOgqKqTe+V+Mnnjn7T7liayrNqSOjYfVZ67vHkPZ8VudPDYoIo2D1GDBd953E47gd3/Rb6VzZsSELT9MLbDm46lYSNLacvOrj5LcIiLq1XIiIiIiIiIiIiIiIiIiIiIiIiIiIiIiIiIiIiIqEAggjIKqiIojeYJaGuZWU26VnrD9do4g94G492DyKy6oem08N0thxUsG9v3hzae/8AnsW3r6b0qnLM7LwdprvuuHArSWZwpZpC1uw0O2Z4fuH7w7vl4FcxPS9ROWfkfnzBG8e/FT2SbbAd7fMcCsK8QxXOgbcaQfStGJ2cx/0+Hgo5gDgpddIZLTW+n0oLqeU4mjHDfz/nn4rR3aibHs1NLh1HLvY4fZPNpXK43RuL3SWs8fcBoeDhyO/grOjmFg2+R0+O7ctciIuaVmiIiIrVVAypppYJQTHKwscAcbiMFYWnLPS2Cy0trt+36NTtLWbbtp28knJ8SVseKrwW3rXBnV3y1tz/AGVhsi996pgbsjhwXFtYaaOmbRZ4TUio9L1bHWAhmzsh4OG8TnGzx712kjKwrpaqG6tpm3GnbOKeZtREH59SRudlw8MlT8MxE0clz9p1HZe3qtU8IlbzWq0vpltiuN+q/SDP+dKw1WyWbPV5+zxOd+d+7kpGqKqhTzvqHmR5ufgWW1jAwWCrG8scHNxkdvAqGa107SudfNR9ZMKoWWoohFkdXsYc/PDOcnHFTJW54o5opIZ2NkikaWPY4ZDmkYII7FtpKuSmeHNOXtvWMkYeLFcG0v8A556Ov/Bar+F6kfRDpuku2itG3SolmZNapKt8LGEbLy+VwO1uzyHDCy7vRU1H0w6NpKSCOGlit9SxkTG4a1uy7dhdFttBS2yiipLfTxU1LFnYiiaGtbkknAHeSfNX+J4l/Rb1dwXi/deQEeahU8H1Ha3ZeQ+FlLkHSVpqnsVhiNE+omNw1JDWyiTB2Xv2sgYA3dmd+9dfVCAeIyqSgr30cm2MxvHGylzQiVtitLYtOUlmu16r6aWZ8t0lbLM15Ba0gEYbgcN54rd8kRRJZnzO2nm5y8hYeS2MYGiwVqpp4aqmmp6mJk1PMwxyRvGWvaRggjmCFzrVGm6mHVoudHSsis9LYJ6QFha0RuG1ssDePAjljculLFudMa22VlK1wa6eF8QceW00jPvUqhrX0z8tDke/3WEsQeM1yTo10/WVtJ0dXuDqzR26mrGzbTsOBfttbgc959y7JzJWg0HY5dO6St1pqZY5JqZha90edkkuLt2d/Nb8/VK24rV/iZzY3AJA7C4n3WNPH1bBxNr+AHstXfbFQ3z0D84Me/0KpZVw7Ly3EjM4z2jfwW1QKigOle5oYTkNFtDADdVKhGttFxXK2amqLUw/ni600cLjJJhjtgjA7BuGPId6m6phbKapkp3h8Zzy77EHPvAXj42yDZco9p7TFLbKikuMjD+dGW6Kgle15LC1mCcDxHHuUiVFVYTzyTu25Dcr1jQwWCoqqizbbQOqy57ndXTs3vkPADsHaUhhfO8MYLkrx8gjG05fNtoJa6YtZhsbd73u4NHetlW9TBSZoS3qIhhrnbi+Qne4duB7MrDlqS+GZkBdDQ5Aa3O9xA+J4ns9iwXyOkI2iS1ow1vIDsCsxNDSRGNgu47+/dwCilj5nbTjYDd881l0dSaSEmIZqJdzXEZ2W93eT8ApdZKJttoXTVTgJnjble48PNQ2jmeKwPjjDp8gRjG5p4A47uS2mobq+pLaSB5cxmA5w+278FZYTWxUsTp35luTRuudT2nyUephdI8RtyBzJWJfLm641OQT1DNzG/M9639tayx2F08o+lf62yeJJ+q3+e9fGnrD1RbU1gzJxaw/Z7z3rX6sqpKi6Cka0lsWA1o+04gH54UpjJ6KN+JVX9x+TRwJ38stAtRLJnCni+0ZnuWvt9NLdrjsucTtEue7sHMroUETIImRRtDWtGyAOQWs0/bxbKImXAlf6zz2dgW0jB+s7c48uwdiv8Aw00kXWS/3H5nkOCh1tR1r7N+0aK6iIuiUFERERERERERERERERERERERERERERERERERERERERfJWqudD1x9JpssqGjkcbY7PHsPyW1WDd2Tmjc+k/TsIe0duOI8xlRKyNr4XbQvbPLXLhzWyJxDhY2Wtoa+OaN9NVtGAMPaRjA4Zx93tH2T3cNY9ps1Y+nqGmW3T92Rjt8QsudrbrTitoPobhCfXbzz2fzx4K1R1sNRTvp6xn0A3SMPGE/eH6uf7PguVmeZC1riNoZtduI3g+hCsGN2bkDLeN4PEey1t6tDqMdfTHrKR+9rhv2c9v4rU8PBS6lc60yGkrCJbdL+jkO8DPI9y1t+sppM1FNl9Kd+7eWf4d6osSwm7TPALW+5u8HiOIOoU+mqs+rkN76Hj+q0iImDs5xu4ZXOKxREQrxeqD6m6QILFeai3y2+WV0QadtsgAdloPDHfhbXUGqYLRp2kuz6d8sdSWBsbXAH1ml3HwC5r0zQdVqmKUDdLTNd5hzh8gr+tKzrujfS7M/Wx/caW/NfVIOi9DUQUErG/3DZ2ZzsCTvy0K5CTFqiKSoY532/bkMs7fC6FozVMep4qp8VI+nbA5rfWeHbROfw96kYOSQuT6GvEGleja73yqYXiOclrAcGQ4a1rfNxXJJ+kDXmp7hUSW2srW9Ux0xgoGlrYoxxJxvIHaSVRV/RoTV87KWzImG2ZOthdWdJiJFMx0v1OcL5dq9Z79rATngrgXQz0q3OvvsFj1HOKptVllPUuaA9r8ZDXY4g8M8c48snpt6TrnaL26w6emFK6BjTU1AAc8ucMhrc8AAQSeO/ljfUHo5VCr/CZaXvutx9tFO/Hx9X1u7TnddxMbS9shY0vaCA4jeAeO9ffJeRhrrX2n5qWprLhcY21DBNEKxu0yVh5gOG8eC7X/wC1EP6J5NUtpoxXtd6MYMnYE+QPHZwdrHHG7PNbKvo3VU+wWkPDjYEcSsIq+N97i1s104b047l5EGuNe3v02tprpcXxUzOtnNKNhkLM8SGgAD8F0joQ6Trneb02w6glFU+VjnU9QWhr9poLi12NxGATnju553bKnotU08TpdprtnUDUeS8jxFj3BtiL6LMvnTrTWq9V9ufYZpTSVElOXiqA2thxbnGzuzhTfVuuYNOXCClmopZ3Swibaa8AAEkY/urynrz/AE51B/4hUf8AFcu5dMu7UlD/ALiz+N662g6N4fPW08D2fS4OJzOoAtv5lU9ZiVRDA+RrswQBkN91IY+lihdIOstdS1vMte0n2blOrHdqW90Edbb5NuB245GC0jiCORXErjYqWHo9td7j6wVk87opMuy0jakA3cvqBSLojucdss+o6mreW0lIxlQ/uAa8ux34aE6QdGMMGHyVeGtIdG7ZIJJuQdk+ei1YbilUalsNSQQ4XHLK660me1eVbt0maz1bfDBYZ6qna9x6ijoB62yMneQNpxwMnl3Bbbo26Wr3Q3+ntuqKl9XRTSiB7524lp3E4zniQDxBXJydFKpkRftAuAuW71eNxKNzrWNuK9KAjgE4LkfTl0iVmlXUtqsb2RV9RH1sk5aHGJmSAGg7skg7zwx37uPHWuvqCmprtLdLqykncRDNKMxSEcQARsla6HozPVwiUuDQ7S+pWUuIRxuLLE21Xr3KHuXKdHdKra/o7ut7usLTX2rZZMyL1WzF26Mj7u0Tg9mCe5cjn6Qtd6nuFQbdWVgLGOmNPQN2RFGOJ3byBu3knisabo1UzPe1xDQw2JOl9cu4g969kxCNgaRndeskXnboh6VLxNqSjs1/qTXU1ZIIY5JAOsjkO5u8fWBOBv7fI+lqOJomDTGJ5eOxtYa3vcf5HfyUStweaimEMts9CL2P6rbFVskZttV6y2t1a8vk9SmZve88+4LdXKE+itYGej0Ue8NO7d953aexvEnisYXoQNELZGkD6z42ANZ3MHM953LVXS5y17w05ZA36rM58yeZVmJqGgpnMjO0868+V+A81E2J6iQOdkB+/FY1VN1rgI27ETNzG9g7T3nmrcMbpJAyJpc9xwAF9QQvmdsxNyQMk8A0dpPIK91jY2mGmOS/c6Thtdw7G/Hn2LnwwyHrJNPXkFPvsjZb++1XWO9FHUUf0lRJ6rpG7+P2WfjzUm09YxSAVFUA6oO8DiG/4r70/aI6KITP9ecj6xH1R2DPxW4qJ46eF8srg2NoySV32EYO2Joqqq1wLgbgOJ5qjqqsuJji36neVSrqI6WCSaYhrGjeVq7Zbw6rluNSzZmkO01juLBjG/vwq0cMlxnbWVQLIGnMER/id39nYvmaqdcqt1HSEiCP9PIOf6oPf2qzlkZM5skjbi/0t3k8ey2ijsBYC1p7TwHBbKNwmftA5iB9X9Y9vgP55LKXyxrWMDWgBo3ADkF9K2YLDPXeoxz0VURFsXiIiIiIiIiIiIiIiIiIiIiIiIiIiIiIiIiIiIiIiIiIiIi09dQSNn9NoCGVI+s0/VkHYe/vWtr6X05np9vaY6xm6WIjeTzBHb8QpPxCtiCNs5lDQJC3ZJHMd6qanC2TXAyDjcjgeI4H1UiOocyx3j04HkolQV8fUOiqGbdG7dJGd5hPaOezn2fFOauykOhcKi3P4B29uDy7vgVtbpZhLOaqhc2Oo4uaR6r/AB8fesW31EbXOpJojGTudSyHd4sJ5d3sVA6lniPVTO2SMmuHpzB3g6blMEjHfWwXG8fv1Wjq6WKpifV28ERt3yQn60feO1q18cjozkY7wRkHxCkdVZ56ST0y0SOeGnew8W9oxz8OK+Y6KkvMbjBs01c360fLPbhUM+FSvksAGya23O5tOnaFOjqmhuZu3zHb8rUx00dYP6MQyb/YuO537JPwPtKxHsfG5zHNcx7dxDhghX62jnoZdmdjmO5HkfAq7HcTIwR1jBOwbg4/Xb4O/FVr42XLJhsPHLLvGoPZkpILrbTPqH78VxrpxgxLaagD6zZIz5FpHxKh96rOu0hpynzvgNTnzeCF07p0pYH6ao6qncSY6oNLTyDmu5cRvA7fFcUfM50McRPqxklvn/0X3HodF1+E07nEExknyd7FcDjTurrJbfnA9vhSzXUJp+gGk5GWqa93fl7se4BaX8mMA3q/5H/wQ/iUt6YKf0boQt0QG9voxd4kZPvKiP5MX+eb/wD7kP4lxc83X0VXLxe4/wD5BdJBH1b4W8Gj0XOOjxxbr7TpacH85U//ABWrYdLry/pK1AXHJ9KI9gAWu6PQTr3TgG8/nKn/AOK1bDpcBHSVqAH/AL0T7gro/wCcH/ifUKN/0u9dn6TNAXbWlp0u+zvpGNpKPZk6+Qt+s1mMYB7Cs/RfRxBbuj6ssutjTvpxWurnOiqHNY1oja0Eu9XGMO7lq+lTXF60fZ9KtsksMbaqkJk6yIPzstjxjP7RUT1Pre8ah6FpKi5TM6+ou/ojzEwMBibEJNkgfrYXKU8GIz0zI2uDYy7Ij7h9RzVm58DHlxBLrd2izLlqzQ+mLTfrToqgrKye50r6eaUSO6oDYeNoF+ScbTjuGD2qE9B3+tKxfty/8J6kPQpTQP0f0iVb42moitbo2PI3ta6OYuA8dlvsUe6D/wDWnYz+vL/wnq7DGQwVMbbktGZJuSdm/pkoe05743GwBOQG7NaHXv8ApzqD/wARqP8AiuXcumX/AEjof9xZ/G9cN17/AKc6g/8AEaj/AIrl3Lpl/wBI6H/cWfxvV5hP/uVL/wCLvRqrcR/yknaPUq5d/wDU1ZP98d/FMtDanFvRvrvBx/Rof4nLfXf/AFNWT/fHfxTLQ2wE9G2uiBu9Gh/ics5BbCqq/wD9b/8AoFHi/wA7F/4D/wCJUW/J1/1l0v8Au838KiGuDs64v2zuxcJ8Y5fSuUz/ACcDG3pMg6xrnj0abADsHOz4FQvXP+nF/wD/ABGf/iuVXGP8fIf+1vqVan+w3tPspj+US9z+kaYOOdmmhA9mfmp/VaPuOsuhfSVFaXU7ZodmU9c8tGzh43YB35IUB/KKjfH0kzCRjm5poSA4Y3bKnVy1XdNJdCmkq2yysjnlLYXFzA8bOHnn3gKonEwpaUU9g64tfTQ6qVGWdbKX6Z+qac6I77bdB6utlc6kdPcY4H0vVSkhzonOdjeBxOB578LkOkNQ3LQmpZKmOnxOxrqepppmlu0wkbTDzByBv7QuuaH6XbxNpnUl81DG24/m59K1kceISesc9py7B7ByWLV3KzdNs1XS0mnY7LeqKkdPDWtqOsdNhzQI5PVG0DtceI5bty2UslTG+cVzQWXFyONhu4WssJGscGdUbHd4n3Um6KtJdGOpaWC82kTwV1HKyWSkfUOM8cgII9XOC3I3O3g88HcOvzVAe10cDOqiPFoOS79o8/gvFXRfeKiya7tNRTPc0PqGQSgfbY9wa4HyOfEBezhxXP8ASlklPK1oddpGRJJPMZqbhuzI0m2Y8FVbK32p08Znqn9RSt3l7uLvALCpZmU79swsmcPqh+S0eI5qQwUtZddiW5OdHTj6kTRgvPcPmf8AFVOF0bKh2hc7cNB2k8OW9SamZ0Y1sOO/uC1xDq0GCiYYKJhGXHeXHkT2nsAUgs1jjp8TTty4b2tO/Hee/u4Dv4rY0VHHAG+o1uyMMY3g3w7T2lZ67mgwNkbhNP8AU7dlkOwbgNypZqsuGwzIK3LIyKN0khAY0ZJPJaaKGa61Imq43R0kZzHE4YLj95w+X8ndkB3HBxvC183WVbzFC4sgBw+QcXfqt+Z/kWlVFtkB2Y4DeefIKPE617ZHjwWPVzS3CV9JROLIGnZlnHL9VvethRUkNFAIqdgDR7Se0q7BDHBE2KJoaxowAOS+znBwcLKCm2XGWQ3cfADgOS8c+42W5D96r7RAimrWiIiIiIiIiIiIiIiIiIiIiIiIiIiIiIiIiIiIiIiIiIiIiIiIiIiIqLDr6CnroyyoZnsI3EeBWZyKoO7etb4mStLXi4K9a4tN2mxUbkNZaH5m2qilHCYD1mDscOY/nIV+SjpLoxtRSyCKoH1Zozz7+/uO9btwDhhwG9aGts8tNK6qs7urf9qH7L/57PgqSpo3wNNm9ZHw/MOYPLxUuOQPOZ2Xcdx7VWOabYNNeqbrYzuEzW5ae844eK1t0025rTLbXdawj6hO/Hcea2trvcVQ7qKtpp6kbix24E9xPwK3YAwcLW3DqXE4bOdtAaH8w5E+xCy6+WmfkLctxXA+k63VFdpKrggp5ZamN7HNiYwl5IcAd3HgSuLDTV7c8AWa4jJxk0r8fBe1blaaavZ9K3Eg4PbucFGKzTNbDkwFk7e44d7D+K20FdiPRumdTU8QlYSTfO4uLWsFpqaSnxKUSyOLXWtbd4qG660j/lfouss1JLE+V0Tepe8bL2PZgtyOY3YOM7ivK9Np7X2jbnUwUVru9LUysdTyGnpnSCRp4gEAg+I3hewpoZad+zLG+N44bQIT0ibLS6VztnhtHOPauSosfdRB0csdwTcg8e/3VxJQiWxa7TReauhnozvI1PSXm+0E9vpKJ3WsjqWFkksg+rhp3gA4OT2bu7O6c+je61moJb/YqSSshqWt6+GEbUjHtAbkN4kEAcOeV6VkvE07GxztY/Z3b2B2fbv9hCwJXbb/AFY2N/Zzg+3Kzn6QyCrFVE4HK2yQRlrbU796R0Q6vqni2+9143ns2t9USUNHVW661RpGCCATQuY2JnYXEADlvJ5Lrl66MKun6G2WSj2ai7wVAr3sYdz5MFrmtJ7GnA7S3vXam4z6xIHcMq9FFTu3unLP2o/wJXk3SOoqCwRNDA03tcC553tkvW0McYdtEkkWXjzSOmtaht1oLdR3Oip56Z4rA6BzRIxrSdjeN7jvaAN/rdmVtuhzS1/t3SNZ6m4WO509NG6TallpJGMbmN4GSRgbyF6xdTUw+rXRn/7bvwVqSGL7NSw/uu/BSajpJM5j2GNo2hY2cL6WvlqtcdCwFp2jlyK8eay0fqSo1jfZ6fT92lhkrpnskZRyOa5pkcQQQ3eCOa690s2m5V1/o5KK31lTG2jY0uhhc8A7b92QOO8Lrx47IIPeEG5Y03TCWnqI5xGLsBFrnO4A9ljPhDJ4nRFxG0QfBeeDaNT1FNBROoLu+kiJMUMkcgjjJOSQDuGSSul6V0T6Poy5Wy64bPdI3Mm2TnqwW4aO8jJPip75qnetmNdN6vFIRAGBjbgm2pIzHnmtdDgMNI/rNouNrZryLPpLWuhtQdfb6KtbPEXNiq6WEyxuaRjO4EbxyIytl0f9HGoNR6lhrr3RVNLQicVFTPUsLHS79ohoO8lx54wPcvVHFMdqiv6WzujIDAHkWupLcMYHZuNuC4z0/wCgblqWpp79ZonVdZHF1NRCDl72gktc3PEjJBHHguPS2vW1yoKSxy228yUlK8mCmdTPDYyeJ3jvPE7t69kAFxAAJJ3ABbWnsc2yH1c8VMw7/pCNr2LPCsdq+qELYw/Z0J3dp09FjU0cQcXF2zfdxXCtFdFctJ0a3m0XV7Irldg17sHabCWb4wSOOHbzjtwuPw6c11o66zigt11p6gsdCZqSF0jXsPHDmggjcD28OC9sytt1A5rIGmvnI4k+qD4Dj4L7ZbbrcWgGPqIOTD6jR+6PwUqkxGrjkkD2iUvNyALgHTM6aW46LXLDE5oIOyBoTl5a+i8kdEHRjeKrUVFdb1QzUFvpJGzgVDCx8r2nLWhp34zgkkYwvTsET6iRrImOc9xwGgKW0WloWYNXK+U/db6o/Fbqmo6WiaeojjjHM43+ZW6pwitxeUS1hDGjcMyB6d6wZVw0zCyK7jxWosunmU2zNVhsk3EN+y38SpAxmCTzPuVWuzwBwvpdPR0MFJGGQtsPXmVWyzPldtPKoOHJM8VhXC5U1A36Z/rn6rG73HyVqiNVV/S1Tepi4thHHxcfl7VsNUzb6pmZ323dvBYiM22jkFnyMLxs5w3njie5fTGBrQ1oAaBgAcl9ckUgNAN96xuqoiLJeIiIiIiIiIiIiIiIiIiIiIiIiIiIiIiIiIiIiIiIiIiIiIiIiIiIiIiIiIiIiIiIiLArrbSVrf6RE1x5OG4jzWPDBWUDdmF/pUA4MecPHg7gfPC2gzjiq8VFdRxOf1jRsu4jLx4962CVwGycxwK10d2g2+rn2qeX7sox7DwPtWwDg5uWnKtz08dRGWTRsew8nDK1MlmkgcXWyqfAf9mTtMPkeHvWp8lTBmWh45ZHw0PivQ2N++x8luJYmSsLJGNc08QRkLTVenKOfJY0wOPNh3ewqrK650oxW0RmYPtwHJ/sr7fPbroWMkfszN+q1xLHtPcok7qSsbsvYC7cHCx7iR6LawSRG7TlxGa0VXpiriyaZzJ29n1Xe/d71pailqKZ2KiKRh/WGMqdCiracf0Suc9o+xUN2v7w3qhramFuK2gc5vN8J2wfLiufqujtM7NoMZ7LjxFyFOir5RrZ3kVCoa+aPAkDJmfdlYHD28R5LM9Ktczfp6GSJ3N0L8+4qURSWqtOyG0zn/cewB3sK+5bNRvG6hgPg4t+AWEOB1Gz/Tla8cxf2JHcvXVkd/qaWnkbKKiitk36C4mM9k0fz3BPzBUyDappIKhv6jwt7Np6BwPV0cbf/wAh3zaVgyaeladqGB4cOBFQP/QtM2Cvb/dhB/8AEuHqCFk2s/0v8bfIWlmtdbATt00oxzDcj2hYZDg7BBB7CpLFR36F2ITJs/rytePes4xXyWPYkZRkdrhk/goX8kEl9hr2nm2/ncei3fjS3UtPf/uoYik79OVs7szTUzP2GfgAvpmknY9arA8I8/NRv+Hq9x+iM252Hutor4AM3evwotuC+mtdI4NaC5x4ADKl0WlIB+kqJT4AD8Vs4YbfaosDqod29zjvd5neVMp+i1Q43qXBjRvvdapMTYMowXFRKhsNwnId1fUt+8/1fdxW8o9KwMw6qlfK7sHqj8Veq9TUUIxFtzO/VGB7SsaC6XO4uxSsjp4/vOBef58lb09FhNM4MaTK/gM/Sw8SosktVINo/SPD9VvKWjpaNp6iKNnaQN/tQVkLyWwv6xw4hm/HieA81iQ2hriH100lW7jiQ4aP3VsmtbG0NY0NaOAAwuop2yWADAxvDU+WQ81WvIvckko4Pc31TsHvGV8RU7WnacXPf955yfLkPJX+SKXsA5nNa7nRWZ52QtzI4N5DtJ7AOawZJKyrGIB6NCf6xwy8+DeXnv7lniJjXbWMu4bR3lXOA7FpfE6TJxsOA+fheghugzWBR2umpXGRrTJMd5kkO04nxWw5Kg5qqzihZENlgsvHOc43cbqqIi3LxERERERERERERERERERERERERERERERERERERERERERERERERERERERERERERERERERERERERERERU5KzPTQzt2ZomPHY5oKvckWDmBws4XC9BI0WC2gbFvp5pYR90O2m+x2ceWEJrYuUNQPNh+Y+CzcbkG5ajTtH2XHZp4aL3bJ1zWpqH09QdiuoJAe10e2PItzhfLLaGDat9ZNAOTCdto/dK3A4FMLR+BaTd9jztY+IWYlIFh+ngsWibVtDhVvif2FgIJ8VlqhcBxIHiVbM0Q4yMHmFKY1sQ2b+JWs3JvZXQisGpiH2wfDevg1sI5SnwiefkhmjGrgmyeCylVYBuMI/q6g+ED/AMFZkuuPqUdY/wAIsfFa3VcTcy4d2ayEbir9TRmoeS6pnYz7jHBo9oGferDbHQNJcacPceJe4uz7SvltfXy/orc4D70kgb7uK+2i6SfWfSwjua55+IUMup5jtdWXHmD5XsFsG2wW2rd/wsuGkp4R9FBEz9loCyNwG5YDaSpdvmr5T3Rsa0fAn3r79Cjz6xlef1pXEezOFKj2gPoj2e2w9LrWeZuskva36zgM7hk4X2Fjx0dPG4Ojgia4faDRn2rIW9m3+YDuWOW5VREWxeIiIiIiIiIiIiIiIiIiIiIiIiIiIiIiIiIiIiIiIiIiIiIiIiIiIiIiIiIiIiIiIiIiIiIiIiIiIiIiIiIiIiIiIiIqEA8QCqoiL46sHtHgSF8PicR6ssjfDB+IKvIsS0FLlYT46sfoqln78efgQrDvzs36ho5B+838VssqoUd1MHaOI7/lZh5GoC1Tam6g4NBE4donx8lkRz1p+vRsb/8Adz8lmhMLxlM9v/UJ7bfC9Lwfyjz+Vbjc8j12BvgcpJ1gH0bWn9p2PkVdRSNnKywusNzqwjdHA3v2yfkFZfHcSfVlpmj/APzJPxWxVPJaXU4d9xPp6LIPtoFqzSXF3G5Nb+xAPmSrsdvfxnq6iX9/Y/hwtgAqeSxZRxg3zPaSfIlDK48PBfEbGsG7PiSSfaVc5IqqUAALBYE3REReoiIiIiIiIiIiIiIiIiIiIiIiIiIiIiIiIiIiIiIiIiIiIiIiIiIiIiIiIiIiIiIiIiIiIiIiIiIiIiIiIiIiIiIiIiIiIiIiIiIiIiIiIiIiIiIiIiIiIiIiIiIiIiIiIiIiIiIiIiIiIiIiIiIiIiIiIiIiIiIiIiIiIiIiIiIiIiIiIiIiIiIiIiIiIiIiIiIiIiIiIiIiIiIiIiIiIiIiIiIiIiIiIiIiIiIiIiIiIiIiIiIiIiIiIiIiIiIiIiIiIiIiIiIiIiIiIiIiIiIiIiIiIiIiIiIiIiIiIiIiIiIiIiIiIiIiIiIiIiIiIiIiIiIiIiIiIiIiIiIiIiIiIiIiIiIiIiIiIiIiIiIiIiIiIiIiIiIiIiIiIiIiIiIiIiIiIiIiIiIiIiIiIiIiIiIiIiIiIiIiIiIiIiIiIiIiIiIiIiIiIiIiIiIiIiIiIiIiIiIiIiIiIiIiIiIiIiIiIiIiIiIiIiIiIiIiIiIiIiIiIiIiIiIiIiIiIiIiIiIiIiIiIiIiIiIiIiIiIiIiIiIiIiIiIiIiIiIiIv/Z",
            "image_url": "https://d2uqej7bo24sqa.cloudfront.net/eu-west-1_7cXLDArwh/13qs24batvnlh5ehgv66gl6pf2/20260211154916/assets/images/image.jpg",
            "last_modified_date": "0001-01-01T00:00:00Z",
            "user_pool_id": "eu-west-1_7cXLDArwh"
          },
          "sensitive_attributes": [],
          "identity_schema_version": 0,
          "private": "bnVsbA==",
          "dependencies": [
            "aws_cloudfront_distribution.s3_distribution",
            "aws_cloudfront_origin_access_control.oac",
            "aws_cognito_user_pool.user_pool",
            "aws_cognito_user_pool_client.client",
            "aws_cognito_user_pool_domain.main",
            "aws_s3_bucket.website_bucket",
            "random_string.suffix"
          ]
        }
      ]
    },
    {
      "mode": "managed",
      "type": "aws_dynamodb_table",
      "name": "document_request_db",
      "provider": "provider[\"registry.terraform.io/hashicorp/aws\"]",
      "instances": [
        {
          "schema_version": 1,
          "attributes": {
            "arn": "arn:aws:dynamodb:eu-west-1:205930637405:table/Document_Request_db-bu791qc9",
            "attribute": [
              {
                "name": "reference_key",
                "type": "S"
              }
            ],
            "billing_mode": "PAY_PER_REQUEST",
            "deletion_protection_enabled": false,
            "global_secondary_index": [],
            "hash_key": "reference_key",
            "id": "Document_Request_db-bu791qc9",
            "import_table": [],
            "local_secondary_index": [],
            "name": "Document_Request_db-bu791qc9",
            "on_demand_throughput": [],
            "point_in_time_recovery": [
              {
                "enabled": false
              }
            ],
            "range_key": null,
            "read_capacity": 0,
            "replica": [],
            "restore_date_time": null,
            "restore_source_name": null,
            "restore_source_table_arn": null,
            "restore_to_latest_time": null,
            "server_side_encryption": [
              {
                "enabled": true,
                "kms_key_arn": ""
              }
            ],
            "stream_arn": "arn:aws:dynamodb:eu-west-1:205930637405:table/Document_Request_db-bu791qc9/stream/2026-02-11T15:45:51.238",
            "stream_enabled": true,
            "stream_label": "2026-02-11T15:45:51.238",
            "stream_view_type": "NEW_AND_OLD_IMAGES",
            "table_class": "STANDARD",
            "tags": null,
            "tags_all": {
              "Application": "VocalDocs"
            },
            "timeouts": null,
            "ttl": [
              {
                "attribute_name": "ExpiresAt",
                "enabled": true
              }
            ],
            "write_capacity": 0
          },
          "sensitive_attributes": [],
          "identity_schema_version": 0,
          "private": "eyJlMmJmYjczMC1lY2FhLTExZTYtOGY4OC0zNDM2M2JjN2M0YzAiOnsiY3JlYXRlIjoxODAwMDAwMDAwMDAwLCJkZWxldGUiOjYwMDAwMDAwMDAwMCwidXBkYXRlIjozNjAwMDAwMDAwMDAwfSwic2NoZW1hX3ZlcnNpb24iOiIxIn0=",
          "dependencies": [
            "random_string.suffix"
          ]
        }
      ]
    },
    {
      "mode": "managed",
      "type": "aws_ecr_repository",
      "name": "pdf_lambda",
      "provider": "provider[\"registry.terraform.io/hashicorp/aws\"]",
      "instances": [
        {
          "schema_version": 0,
          "attributes": {
            "arn": "arn:aws:ecr:eu-west-1:205930637405:repository/pdf-lambda-bu791qc9",
            "encryption_configuration": [
              {
                "encryption_type": "AES256",
                "kms_key": ""
              }
            ],
            "force_delete": true,
            "id": "pdf-lambda-bu791qc9",
            "image_scanning_configuration": [
              {
                "scan_on_push": true
              }
            ],
            "image_tag_mutability": "IMMUTABLE",
            "name": "pdf-lambda-bu791qc9",
            "registry_id": "205930637405",
            "repository_url": "205930637405.dkr.ecr.eu-west-1.amazonaws.com/pdf-lambda-bu791qc9",
            "tags": null,
            "tags_all": {
              "Application": "VocalDocs"
            },
            "timeouts": null
          },
          "sensitive_attributes": [],
          "identity_schema_version": 0,
          "private": "eyJlMmJmYjczMC1lY2FhLTExZTYtOGY4OC0zNDM2M2JjN2M0YzAiOnsiZGVsZXRlIjoxMjAwMDAwMDAwMDAwfX0=",
          "dependencies": [
            "random_string.suffix"
          ]
        }
      ]
    },
    {
      "mode": "managed",
      "type": "aws_iam_role",
      "name": "authenticated",
      "provider": "provider[\"registry.terraform.io/hashicorp/aws\"]",
      "instances": [
        {
          "schema_version": 0,
          "attributes": {
            "arn": "arn:aws:iam::205930637405:role/vocaldocs_identity_pool-bu791qc9",
            "assume_role_policy": "{\"Statement\":[{\"Action\":\"sts:AssumeRoleWithWebIdentity\",\"Condition\":{\"ForAnyValue:StringLike\":{\"cognito-identity.amazonaws.com:amr\":\"authenticated\"},\"StringEquals\":{\"cognito-identity.amazonaws.com:aud\":\"eu-west-1:a1c23eb0-06ae-49ed-8c6e-cdbca98bc361\"}},\"Effect\":\"Allow\",\"Principal\":{\"Federated\":\"cognito-identity.amazonaws.com\"}}],\"Version\":\"2012-10-17\"}",
            "create_date": "2026-02-11T15:49:17Z",
            "description": "",
            "force_detach_policies": false,
            "id": "vocaldocs_identity_pool-bu791qc9",
            "inline_policy": [],
            "managed_policy_arns": [],
            "max_session_duration": 3600,
            "name": "vocaldocs_identity_pool-bu791qc9",
            "name_prefix": "",
            "path": "/",
            "permissions_boundary": "",
            "tags": null,
            "tags_all": {
              "Application": "VocalDocs"
            },
            "unique_id": "AROAS74TMFBO2DE7HSF6A"
          },
          "sensitive_attributes": [],
          "identity_schema_version": 0,
          "private": "bnVsbA==",
          "dependencies": [
            "aws_cloudfront_distribution.s3_distribution",
            "aws_cloudfront_origin_access_control.oac",
            "aws_cognito_identity_pool.main",
            "aws_cognito_user_pool.user_pool",
            "aws_cognito_user_pool_client.client",
            "aws_s3_bucket.website_bucket",
            "data.aws_partition.current",
            "random_string.suffix"
          ]
        }
      ]
    },
    {
      "mode": "managed",
      "type": "aws_iam_role",
      "name": "codebuild_invoker_role",
      "provider": "provider[\"registry.terraform.io/hashicorp/aws\"]",
      "instances": [
        {
          "schema_version": 0,
          "attributes": {
            "arn": "arn:aws:iam::205930637405:role/codebuild-invoker-role-bu791qc9",
            "assume_role_policy": "{\"Statement\":[{\"Action\":\"sts:AssumeRole\",\"Effect\":\"Allow\",\"Principal\":{\"Service\":\"lambda.amazonaws.com\"}}],\"Version\":\"2012-10-17\"}",
            "create_date": "2026-02-11T15:45:51Z",
            "description": "",
            "force_detach_policies": false,
            "id": "codebuild-invoker-role-bu791qc9",
            "inline_policy": [],
            "managed_policy_arns": [],
            "max_session_duration": 3600,
            "name": "codebuild-invoker-role-bu791qc9",
            "name_prefix": "",
            "path": "/",
            "permissions_boundary": "",
            "tags": null,
            "tags_all": {
              "Application": "VocalDocs"
            },
            "unique_id": "AROAS74TMFBO6KJIKSK2R"
          },
          "sensitive_attributes": [],
          "identity_schema_version": 0,
          "private": "bnVsbA==",
          "dependencies": [
            "data.aws_partition.current",
            "random_string.suffix"
          ]
        }
      ]
    },
    {
      "mode": "managed",
      "type": "aws_iam_role",
      "name": "codebuild_role",
      "provider": "provider[\"registry.terraform.io/hashicorp/aws\"]",
      "instances": [
        {
          "schema_version": 0,
          "attributes": {
            "arn": "arn:aws:iam::205930637405:role/codebuild-pdf-lambda-role-bu791qc9",
            "assume_role_policy": "{\"Statement\":[{\"Action\":\"sts:AssumeRole\",\"Effect\":\"Allow\",\"Principal\":{\"Service\":\"codebuild.amazonaws.com\"}}],\"Version\":\"2012-10-17\"}",
            "create_date": "2026-02-11T15:45:54Z",
            "description": "",
            "force_detach_policies": false,
            "id": "codebuild-pdf-lambda-role-bu791qc9",
            "inline_policy": [],
            "managed_policy_arns": [],
            "max_session_duration": 3600,
            "name": "codebuild-pdf-lambda-role-bu791qc9",
            "name_prefix": "",
            "path": "/",
            "permissions_boundary": "",
            "tags": null,
            "tags_all": {
              "Application": "VocalDocs"
            },
            "unique_id": "AROAS74TMFBORKAP4KSY3"
          },
          "sensitive_attributes": [],
          "identity_schema_version": 0,
          "private": "bnVsbA==",
          "dependencies": [
            "data.aws_partition.current",
            "random_string.suffix"
          ]
        }
      ]
    },
    {
      "mode": "managed",
      "type": "aws_iam_role",
      "name": "lambda_image_converter_role",
      "provider": "provider[\"registry.terraform.io/hashicorp/aws\"]",
      "instances": [
        {
          "schema_version": 0,
          "attributes": {
            "arn": "arn:aws:iam::205930637405:role/lambda-image_converter-bu791qc9",
            "assume_role_policy": "{\"Statement\":[{\"Action\":\"sts:AssumeRole\",\"Effect\":\"Allow\",\"Principal\":{\"Service\":\"lambda.amazonaws.com\"}}],\"Version\":\"2012-10-17\"}",
            "create_date": "2026-02-11T15:45:54Z",
            "description": "",
            "force_detach_policies": false,
            "id": "lambda-image_converter-bu791qc9",
            "inline_policy": [],
            "managed_policy_arns": [],
            "max_session_duration": 3600,
            "name": "lambda-image_converter-bu791qc9",
            "name_prefix": "",
            "path": "/",
            "permissions_boundary": "",
            "tags": null,
            "tags_all": {
              "Application": "VocalDocs"
            },
            "unique_id": "AROAS74TMFBOXI3SUKSXJ"
          },
          "sensitive_attributes": [],
          "identity_schema_version": 0,
          "private": "bnVsbA==",
          "dependencies": [
            "data.aws_partition.current",
            "random_string.suffix"
          ]
        }
      ]
    },
    {
      "mode": "managed",
      "type": "aws_iam_role",
      "name": "lambda_pdfsplitter_container_role",
      "provider": "provider[\"registry.terraform.io/hashicorp/aws\"]",
      "instances": [
        {
          "schema_version": 0,
          "attributes": {
            "arn": "arn:aws:iam::205930637405:role/lambda-PDFSplitter-CONTAINER-bu791qc9",
            "assume_role_policy": "{\"Statement\":[{\"Action\":\"sts:AssumeRole\",\"Effect\":\"Allow\",\"Principal\":{\"Service\":\"lambda.amazonaws.com\"}}],\"Version\":\"2012-10-17\"}",
            "create_date": "2026-02-11T15:45:51Z",
            "description": "",
            "force_detach_policies": false,
            "id": "lambda-PDFSplitter-CONTAINER-bu791qc9",
            "inline_policy": [],
            "managed_policy_arns": [],
            "max_session_duration": 3600,
            "name": "lambda-PDFSplitter-CONTAINER-bu791qc9",
            "name_prefix": "",
            "path": "/",
            "permissions_boundary": "",
            "tags": null,
            "tags_all": {
              "Application": "VocalDocs"
            },
            "unique_id": "AROAS74TMFBOXTE57E5WU"
          },
          "sensitive_attributes": [],
          "identity_schema_version": 0,
          "private": "bnVsbA==",
          "dependencies": [
            "data.aws_partition.current",
            "random_string.suffix"
          ]
        }
      ]
    },
    {
      "mode": "managed",
      "type": "aws_iam_role",
      "name": "lambda_polly_invoker_role",
      "provider": "provider[\"registry.terraform.io/hashicorp/aws\"]",
      "instances": [
        {
          "schema_version": 0,
          "attributes": {
            "arn": "arn:aws:iam::205930637405:role/lambda-polly_invoker-bu791qc9",
            "assume_role_policy": "{\"Statement\":[{\"Action\":\"sts:AssumeRole\",\"Effect\":\"Allow\",\"Principal\":{\"Service\":\"lambda.amazonaws.com\"}}],\"Version\":\"2012-10-17\"}",
            "create_date": "2026-02-11T15:45:52Z",
            "description": "",
            "force_detach_policies": false,
            "id": "lambda-polly_invoker-bu791qc9",
            "inline_policy": [],
            "managed_policy_arns": [],
            "max_session_duration": 3600,
            "name": "lambda-polly_invoker-bu791qc9",
            "name_prefix": "",
            "path": "/",
            "permissions_boundary": "",
            "tags": null,
            "tags_all": {
              "Application": "VocalDocs"
            },
            "unique_id": "AROAS74TMFBO6CSL55VRD"
          },
          "sensitive_attributes": [],
          "identity_schema_version": 0,
          "private": "bnVsbA==",
          "dependencies": [
            "data.aws_partition.current",
            "random_string.suffix"
          ]
        }
      ]
    },
    {
      "mode": "managed",
      "type": "aws_iam_role",
      "name": "lambda_track_execution_role",
      "provider": "provider[\"registry.terraform.io/hashicorp/aws\"]",
      "instances": [
        {
          "schema_version": 0,
          "attributes": {
            "arn": "arn:aws:iam::205930637405:role/lambda-track_execution-bu791qc9",
            "assume_role_policy": "{\"Statement\":[{\"Action\":\"sts:AssumeRole\",\"Effect\":\"Allow\",\"Principal\":{\"Service\":\"lambda.amazonaws.com\"}}],\"Version\":\"2012-10-17\"}",
            "create_date": "2026-02-11T15:45:51Z",
            "description": "",
            "force_detach_policies": false,
            "id": "lambda-track_execution-bu791qc9",
            "inline_policy": [],
            "managed_policy_arns": [],
            "max_session_duration": 3600,
            "name": "lambda-track_execution-bu791qc9",
            "name_prefix": "",
            "path": "/",
            "permissions_boundary": "",
            "tags": null,
            "tags_all": {
              "Application": "VocalDocs"
            },
            "unique_id": "AROAS74TMFBO47INSOLFR"
          },
          "sensitive_attributes": [],
          "identity_schema_version": 0,
          "private": "bnVsbA==",
          "dependencies": [
            "data.aws_partition.current",
            "random_string.suffix"
          ]
        }
      ]
    },
    {
      "mode": "managed",
      "type": "aws_iam_role",
      "name": "lambda_upload_execution_role",
      "provider": "provider[\"registry.terraform.io/hashicorp/aws\"]",
      "instances": [
        {
          "schema_version": 0,
          "attributes": {
            "arn": "arn:aws:iam::205930637405:role/lambda-upload_execution-bu791qc9",
            "assume_role_policy": "{\"Statement\":[{\"Action\":\"sts:AssumeRole\",\"Effect\":\"Allow\",\"Principal\":{\"Service\":\"lambda.amazonaws.com\"}}],\"Version\":\"2012-10-17\"}",
            "create_date": "2026-02-11T15:45:52Z",
            "description": "",
            "force_detach_policies": false,
            "id": "lambda-upload_execution-bu791qc9",
            "inline_policy": [],
            "managed_policy_arns": [],
            "max_session_duration": 3600,
            "name": "lambda-upload_execution-bu791qc9",
            "name_prefix": "",
            "path": "/",
            "permissions_boundary": "",
            "tags": null,
            "tags_all": {
              "Application": "VocalDocs"
            },
            "unique_id": "AROAS74TMFBO2F27TYXSW"
          },
          "sensitive_attributes": [],
          "identity_schema_version": 0,
          "private": "bnVsbA==",
          "dependencies": [
            "data.aws_partition.current",
            "random_string.suffix"
          ]
        }
      ]
    },
    {
      "mode": "managed",
      "type": "aws_iam_role_policy",
      "name": "authenticated_policy",
      "provider": "provider[\"registry.terraform.io/hashicorp/aws\"]",
      "instances": [
        {
          "schema_version": 0,
          "attributes": {
            "id": "vocaldocs_identity_pool-bu791qc9:authenticated_policy-bu791qc9",
            "name": "authenticated_policy-bu791qc9",
            "name_prefix": "",
            "policy": "{\"Version\":\"2012-10-17\",\"Statement\":[{\"Action\":\"cognito-idp:AdminConfirmSignUp\",\"Effect\":\"Allow\",\"Resource\":\"arn:aws:cognito-idp:eu-west-1:205930637405:userpool/eu-west-1_7cXLDArwh\",\"Sid\":\"CognitoPolicy\"},{\"Action\":\"lambda:InvokeFunction\",\"Effect\":\"Allow\",\"Resource\":[\"arn:aws:lambda:eu-west-1:205930637405:function:track-execution-bu791qc9\",\"arn:aws:lambda:eu-west-1:205930637405:function:upload-execution-bu791qc9\"]}]}",
            "role": "vocaldocs_identity_pool-bu791qc9"
          },
          "sensitive_attributes": [],
          "identity_schema_version": 0,
          "private": "bnVsbA==",
          "dependencies": [
            "aws_cloudfront_distribution.s3_distribution",
            "aws_cloudfront_origin_access_control.oac",
            "aws_cognito_identity_pool.main",
            "aws_cognito_user_pool.user_pool",
            "aws_cognito_user_pool_client.client",
            "aws_dynamodb_table.document_request_db",
            "aws_iam_role.authenticated",
            "aws_iam_role.lambda_track_execution_role",
            "aws_iam_role.lambda_upload_execution_role",
            "aws_lambda_function.track_execution",
            "aws_lambda_function.upload_execution",
            "aws_s3_bucket.document_bucket",
            "aws_s3_bucket.website_bucket",
            "data.archive_file.track_execution_lambda_package",
            "data.archive_file.upload_execution_lambda_package",
            "data.aws_partition.current",
            "random_string.suffix"
          ]
        }
      ]
    },
    {
      "mode": "managed",
      "type": "aws_iam_role_policy",
      "name": "codebuild_invoker_policy",
      "provider": "provider[\"registry.terraform.io/hashicorp/aws\"]",
      "instances": [
        {
          "schema_version": 0,
          "attributes": {
            "id": "codebuild-invoker-role-bu791qc9:codebuild-invoker-policy-bu791qc9",
            "name": "codebuild-invoker-policy-bu791qc9",
            "name_prefix": "",
            "policy": "{\"Version\":\"2012-10-17\",\"Statement\":[{\"Action\":[\"logs:CreateLogGroup\",\"logs:CreateLogStream\",\"logs:PutLogEvents\"],\"Effect\":\"Allow\",\"Resource\":\"arn:aws:logs:eu-west-1:205930637405:*\"},{\"Action\":[\"codebuild:BatchGetBuilds\"],\"Effect\":\"Allow\",\"Resource\":\"*\"},{\"Action\":[\"codebuild:StartBuild\"],\"Effect\":\"Allow\",\"Resource\":\"arn:aws:codebuild:eu-west-1:205930637405:project/pdf-lambda-build-bu791qc9\"}]}",
            "role": "codebuild-invoker-role-bu791qc9"
          },
          "sensitive_attributes": [],
          "identity_schema_version": 0,
          "private": "bnVsbA==",
          "dependencies": [
            "aws_codebuild_project.pdf_lambda",
            "aws_dynamodb_table.document_request_db",
            "aws_ecr_repository.pdf_lambda",
            "aws_iam_role.codebuild_invoker_role",
            "aws_iam_role.codebuild_role",
            "aws_s3_bucket.build_artifacts",
            "aws_sns_topic.vocaldocs_topic",
            "data.aws_caller_identity.current",
            "data.aws_partition.current",
            "random_string.suffix"
          ]
        }
      ]
    },
    {
      "mode": "managed",
      "type": "aws_iam_role_policy",
      "name": "codebuild_policy",
      "provider": "provider[\"registry.terraform.io/hashicorp/aws\"]",
      "instances": [
        {
          "schema_version": 0,
          "attributes": {
            "id": "codebuild-pdf-lambda-role-bu791qc9:codebuild-pdf-lambda-policy-bu791qc9",
            "name": "codebuild-pdf-lambda-policy-bu791qc9",
            "name_prefix": "",
            "policy": "{\"Version\":\"2012-10-17\",\"Statement\":[{\"Action\":[\"logs:CreateLogGroup\",\"logs:CreateLogStream\",\"logs:PutLogEvents\"],\"Effect\":\"Allow\",\"Resource\":[\"*\"]},{\"Action\":[\"ecr:BatchCheckLayerAvailability\",\"ecr:CompleteLayerUpload\",\"ecr:InitiateLayerUpload\",\"ecr:PutImage\",\"ecr:UploadLayerPart\"],\"Effect\":\"Allow\",\"Resource\":[\"arn:aws:ecr:eu-west-1:205930637405:repository/pdf-lambda-bu791qc9\"]},{\"Action\":\"ecr:GetAuthorizationToken\",\"Effect\":\"Allow\",\"Resource\":\"*\"},{\"Action\":[\"s3:GetObject\",\"s3:ListBucket\"],\"Effect\":\"Allow\",\"Resource\":[\"arn:aws:s3:::codebuild-artifacts-bu791qc9\",\"arn:aws:s3:::codebuild-artifacts-bu791qc9/*\"]}]}",
            "role": "codebuild-pdf-lambda-role-bu791qc9"
          },
          "sensitive_attributes": [],
          "identity_schema_version": 0,
          "private": "bnVsbA==",
          "dependencies": [
            "aws_ecr_repository.pdf_lambda",
            "aws_iam_role.codebuild_role",
            "aws_s3_bucket.build_artifacts",
            "data.aws_partition.current",
            "random_string.suffix"
          ]
        }
      ]
    },
    {
      "mode": "managed",
      "type": "aws_iam_role_policy",
      "name": "lambda_image_converter_policy",
      "provider": "provider[\"registry.terraform.io/hashicorp/aws\"]",
      "instances": [
        {
          "schema_version": 0,
          "attributes": {
            "id": "lambda-image_converter-bu791qc9:lambda_image_converter_policy-bu791qc9",
            "name": "lambda_image_converter_policy-bu791qc9",
            "name_prefix": "",
            "policy": "{\"Version\":\"2012-10-17\",\"Statement\":[{\"Action\":[\"logs:CreateLogGroup\",\"logs:CreateLogStream\",\"logs:PutLogEvents\"],\"Effect\":\"Allow\",\"Resource\":\"arn:aws:logs:eu-west-1:205930637405:*\"},{\"Action\":[\"s3:GetObject\",\"s3:PutObject\",\"s3:ListBucket\",\"s3:DeleteObject\"],\"Effect\":\"Allow\",\"Resource\":[\"arn:aws:s3:::document-request-bucket-vocaldocs-bu791qc9\",\"arn:aws:s3:::document-request-bucket-vocaldocs-bu791qc9/*\"]},{\"Action\":[\"dynamodb:GetItem\",\"dynamodb:PutItem\",\"dynamodb:UpdateItem\",\"dynamodb:Scan\"],\"Effect\":\"Allow\",\"Resource\":\"arn:aws:dynamodb:eu-west-1:205930637405:table/Document_Request_db-bu791qc9\"},{\"Action\":[\"bedrock:InvokeModel\",\"bedrock:ListFoundationModels\"],\"Effect\":\"Allow\",\"Resource\":\"*\"}]}",
            "role": "lambda-image_converter-bu791qc9"
          },
          "sensitive_attributes": [],
          "identity_schema_version": 0,
          "private": "bnVsbA==",
          "dependencies": [
            "aws_dynamodb_table.document_request_db",
            "aws_iam_role.lambda_image_converter_role",
            "aws_s3_bucket.document_bucket",
            "data.aws_caller_identity.current",
            "data.aws_partition.current",
            "random_string.suffix"
          ]
        }
      ]
    },
    {
      "mode": "managed",
      "type": "aws_iam_role_policy",
      "name": "lambda_pdfsplitter_container_policy",
      "provider": "provider[\"registry.terraform.io/hashicorp/aws\"]",
      "instances": [
        {
          "schema_version": 0,
          "attributes": {
            "id": "lambda-PDFSplitter-CONTAINER-bu791qc9:lambda_pdfsplitter_container_policy-bu791qc9",
            "name": "lambda_pdfsplitter_container_policy-bu791qc9",
            "name_prefix": "",
            "policy": "{\"Version\":\"2012-10-17\",\"Statement\":[{\"Action\":[\"logs:CreateLogGroup\",\"logs:CreateLogStream\",\"logs:PutLogEvents\"],\"Effect\":\"Allow\",\"Resource\":\"arn:aws:logs:eu-west-1:205930637405:*\"},{\"Action\":[\"s3:GetObject\",\"s3:PutObject\",\"s3:ListBucket\",\"s3:DeleteObject\"],\"Effect\":\"Allow\",\"Resource\":[\"arn:aws:s3:::document-request-bucket-vocaldocs-bu791qc9\",\"arn:aws:s3:::document-request-bucket-vocaldocs-bu791qc9/*\"]},{\"Action\":[\"dynamodb:GetItem\",\"dynamodb:PutItem\",\"dynamodb:UpdateItem\",\"dynamodb:Scan\",\"dynamodb:GetRecords\",\"dynamodb:GetShardIterator\",\"dynamodb:DescribeStream\",\"dynamodb:ListStreams\"],\"Effect\":\"Allow\",\"Resource\":[\"arn:aws:dynamodb:eu-west-1:205930637405:table/Document_Request_db-bu791qc9\",\"arn:aws:dynamodb:eu-west-1:205930637405:table/Document_Request_db-bu791qc9/stream/*\"]},{\"Action\":[\"sns:ListTopics\"],\"Effect\":\"Allow\",\"Resource\":\"arn:aws:sns:eu-west-1:205930637405:*\"},{\"Action\":[\"sns:Publish\",\"sns:Subscribe\"],\"Effect\":\"Allow\",\"Resource\":\"arn:aws:sns:eu-west-1:205930637405:VocalDocs-SNS-Topic-bu791qc9\"}]}",
            "role": "lambda-PDFSplitter-CONTAINER-bu791qc9"
          },
          "sensitive_attributes": [],
          "identity_schema_version": 0,
          "private": "bnVsbA==",
          "dependencies": [
            "aws_dynamodb_table.document_request_db",
            "aws_iam_role.lambda_pdfsplitter_container_role",
            "aws_s3_bucket.document_bucket",
            "aws_sns_topic.vocaldocs_topic",
            "data.aws_caller_identity.current",
            "data.aws_partition.current",
            "random_string.suffix"
          ]
        }
      ]
    },
    {
      "mode": "managed",
      "type": "aws_iam_role_policy",
      "name": "lambda_polly_invoker_policy",
      "provider": "provider[\"registry.terraform.io/hashicorp/aws\"]",
      "instances": [
        {
          "schema_version": 0,
          "attributes": {
            "id": "lambda-polly_invoker-bu791qc9:lambda_polly_invoker_policy-bu791qc9",
            "name": "lambda_polly_invoker_policy-bu791qc9",
            "name_prefix": "",
            "policy": "{\"Version\":\"2012-10-17\",\"Statement\":[{\"Action\":[\"logs:CreateLogGroup\",\"logs:CreateLogStream\",\"logs:PutLogEvents\"],\"Effect\":\"Allow\",\"Resource\":\"arn:aws:logs:eu-west-1:205930637405:*\"},{\"Action\":[\"s3:GetObject\",\"s3:PutObject\",\"s3:ListBucket\",\"s3:DeleteObject\"],\"Effect\":\"Allow\",\"Resource\":[\"arn:aws:s3:::document-request-bucket-vocaldocs-bu791qc9\",\"arn:aws:s3:::document-request-bucket-vocaldocs-bu791qc9/*\"]},{\"Action\":[\"dynamodb:GetItem\",\"dynamodb:PutItem\",\"dynamodb:UpdateItem\",\"dynamodb:Scan\"],\"Effect\":\"Allow\",\"Resource\":\"arn:aws:dynamodb:eu-west-1:205930637405:table/Document_Request_db-bu791qc9\"},{\"Action\":[\"polly:GetSpeechSynthesisTask\",\"polly:StartSpeechSynthesisTask\"],\"Effect\":\"Allow\",\"Resource\":\"*\"}]}",
            "role": "lambda-polly_invoker-bu791qc9"
          },
          "sensitive_attributes": [],
          "identity_schema_version": 0,
          "private": "bnVsbA==",
          "dependencies": [
            "aws_dynamodb_table.document_request_db",
            "aws_iam_role.lambda_polly_invoker_role",
            "aws_s3_bucket.document_bucket",
            "data.aws_caller_identity.current",
            "data.aws_partition.current",
            "random_string.suffix"
          ]
        }
      ]
    },
    {
      "mode": "managed",
      "type": "aws_iam_role_policy",
      "name": "lambda_track_execution_policy",
      "provider": "provider[\"registry.terraform.io/hashicorp/aws\"]",
      "instances": [
        {
          "schema_version": 0,
          "attributes": {
            "id": "lambda-track_execution-bu791qc9:lambda_track_execution_policy-bu791qc9",
            "name": "lambda_track_execution_policy-bu791qc9",
            "name_prefix": "",
            "policy": "{\"Version\":\"2012-10-17\",\"Statement\":[{\"Action\":[\"logs:CreateLogGroup\",\"logs:CreateLogStream\",\"logs:PutLogEvents\"],\"Effect\":\"Allow\",\"Resource\":\"arn:aws:logs:eu-west-1:205930637405:*\"},{\"Action\":[\"s3:GetObject\",\"s3:PutObject\",\"s3:ListBucket\",\"s3:DeleteObject\"],\"Effect\":\"Allow\",\"Resource\":[\"arn:aws:s3:::document-request-bucket-vocaldocs-bu791qc9\",\"arn:aws:s3:::document-request-bucket-vocaldocs-bu791qc9/*\"]},{\"Action\":[\"dynamodb:GetItem\",\"dynamodb:PutItem\",\"dynamodb:UpdateItem\",\"dynamodb:Scan\"],\"Effect\":\"Allow\",\"Resource\":\"arn:aws:dynamodb:eu-west-1:205930637405:table/Document_Request_db-bu791qc9\"}]}",
            "role": "lambda-track_execution-bu791qc9"
          },
          "sensitive_attributes": [],
          "identity_schema_version": 0,
          "private": "bnVsbA==",
          "dependencies": [
            "aws_dynamodb_table.document_request_db",
            "aws_iam_role.lambda_track_execution_role",
            "aws_s3_bucket.document_bucket",
            "data.aws_caller_identity.current",
            "data.aws_partition.current",
            "random_string.suffix"
          ]
        }
      ]
    },
    {
      "mode": "managed",
      "type": "aws_iam_role_policy",
      "name": "lambda_upload_execution_policy",
      "provider": "provider[\"registry.terraform.io/hashicorp/aws\"]",
      "instances": [
        {
          "schema_version": 0,
          "attributes": {
            "id": "lambda-upload_execution-bu791qc9:lambda_upload_execution_policy-bu791qc9",
            "name": "lambda_upload_execution_policy-bu791qc9",
            "name_prefix": "",
            "policy": "{\"Version\":\"2012-10-17\",\"Statement\":[{\"Action\":[\"logs:CreateLogGroup\",\"logs:CreateLogStream\",\"logs:PutLogEvents\"],\"Effect\":\"Allow\",\"Resource\":\"arn:aws:logs:eu-west-1:205930637405:*\"},{\"Action\":[\"s3:GetObject\",\"s3:PutObject\",\"s3:ListBucket\",\"s3:DeleteObject\"],\"Effect\":\"Allow\",\"Resource\":[\"arn:aws:s3:::document-request-bucket-vocaldocs-bu791qc9\",\"arn:aws:s3:::document-request-bucket-vocaldocs-bu791qc9/*\"]},{\"Action\":[\"dynamodb:GetItem\",\"dynamodb:PutItem\",\"dynamodb:UpdateItem\",\"dynamodb:Scan\"],\"Effect\":\"Allow\",\"Resource\":\"arn:aws:dynamodb:eu-west-1:205930637405:table/Document_Request_db-bu791qc9\"}]}",
            "role": "lambda-upload_execution-bu791qc9"
          },
          "sensitive_attributes": [],
          "identity_schema_version": 0,
          "private": "bnVsbA==",
          "dependencies": [
            "aws_dynamodb_table.document_request_db",
            "aws_iam_role.lambda_upload_execution_role",
            "aws_s3_bucket.document_bucket",
            "data.aws_caller_identity.current",
            "data.aws_partition.current",
            "random_string.suffix"
          ]
        }
      ]
    },
    {
      "mode": "managed",
      "type": "aws_lambda_event_source_mapping",
      "name": "pdf_splitter_trigger",
      "provider": "provider[\"registry.terraform.io/hashicorp/aws\"]",
      "instances": [
        {
          "schema_version": 0,
          "attributes": {
            "amazon_managed_kafka_event_source_config": [],
            "arn": "arn:aws:lambda:eu-west-1:205930637405:event-source-mapping:ec864a29-0380-4743-9bb9-7f2a3435cbc6",
            "batch_size": 100,
            "bisect_batch_on_function_error": false,
            "destination_config": [
              {
                "on_failure": [
                  {
                    "destination_arn": null
                  }
                ]
              }
            ],
            "document_db_event_source_config": [],
            "enabled": true,
            "event_source_arn": "arn:aws:dynamodb:eu-west-1:205930637405:table/Document_Request_db-bu791qc9/stream/2026-02-11T15:45:51.238",
            "filter_criteria": [
              {
                "filter": [
                  {
                    "pattern": "{\"dynamodb\":{\"NewImage\":{\"TaskStatus\":{\"S\":[\"Upload-Completed\"]}}},\"eventName\":[\"INSERT\",\"MODIFY\"]}"
                  }
                ]
              }
            ],
            "function_arn": "arn:aws:lambda:eu-west-1:205930637405:function:PDFSplitter-CONTAINER-bu791qc9",
            "function_name": "arn:aws:lambda:eu-west-1:205930637405:function:PDFSplitter-CONTAINER-bu791qc9",
            "function_response_types": null,
            "id": "ec864a29-0380-4743-9bb9-7f2a3435cbc6",
            "kms_key_arn": "",
            "last_modified": "2026-02-11T15:48:00Z",
            "last_processing_result": "No records processed",
            "maximum_batching_window_in_seconds": 0,
            "maximum_record_age_in_seconds": -1,
            "maximum_retry_attempts": -1,
            "metrics_config": [],
            "parallelization_factor": 1,
            "provisioned_poller_config": [],
            "queues": null,
            "scaling_config": [],
            "self_managed_event_source": [],
            "self_managed_kafka_event_source_config": [],
            "source_access_configuration": [],
            "starting_position": "LATEST",
            "starting_position_timestamp": "",
            "state": "Enabled",
            "state_transition_reason": "User action",
            "tags": null,
            "tags_all": {
              "Application": "VocalDocs"
            },
            "topics": null,
            "tumbling_window_in_seconds": 0,
            "uuid": "ec864a29-0380-4743-9bb9-7f2a3435cbc6"
          },
          "sensitive_attributes": [],
          "identity_schema_version": 0,
          "private": "bnVsbA==",
          "dependencies": [
            "aws_codebuild_project.pdf_lambda",
            "aws_dynamodb_table.document_request_db",
            "aws_ecr_repository.pdf_lambda",
            "aws_iam_role.codebuild_invoker_role",
            "aws_iam_role.codebuild_role",
            "aws_iam_role.lambda_pdfsplitter_container_role",
            "aws_lambda_function.codebuild_invoker",
            "aws_lambda_function.pdf_splitter",
            "aws_lambda_invocation.invoke_codebuild",
            "aws_s3_bucket.build_artifacts",
            "aws_s3_object.dockerfile",
            "aws_s3_object.lambda_function",
            "aws_s3_object.requirements",
            "aws_sns_topic.vocaldocs_topic",
            "data.archive_file.codebuild_invoker_lambda_package",
            "data.aws_partition.current",
            "random_string.suffix"
          ]
        }
      ]
    },
    {
      "mode": "managed",
      "type": "aws_lambda_function",
      "name": "codebuild_invoker",
      "provider": "provider[\"registry.terraform.io/hashicorp/aws\"]",
      "instances": [
        {
          "schema_version": 0,
          "attributes": {
            "architectures": [
              "x86_64"
            ],
            "arn": "arn:aws:lambda:eu-west-1:205930637405:function:codebuild-invoker-bu791qc9",
            "code_sha256": "wpJhmW7v3bjVG1cMm91xku0Nl+suudiZm6roI+gM6WY=",
            "code_signing_config_arn": "",
            "dead_letter_config": [],
            "description": "",
            "environment": [
              {
                "variables": {
                  "PROJECT_NAME": "pdf-lambda-build-bu791qc9"
                }
              }
            ],
            "ephemeral_storage": [
              {
                "size": 512
              }
            ],
            "file_system_config": [],
            "filename": "./../lambda_functions/codebuild_invoker.zip",
            "function_name": "codebuild-invoker-bu791qc9",
            "handler": "lambda_function.lambda_handler",
            "id": "codebuild-invoker-bu791qc9",
            "image_config": [],
            "image_uri": "",
            "invoke_arn": "arn:aws:apigateway:eu-west-1:lambda:path/2015-03-31/functions/arn:aws:lambda:eu-west-1:205930637405:function:codebuild-invoker-bu791qc9/invocations",
            "kms_key_arn": "",
            "last_modified": "2026-02-11T15:46:29.271+0000",
            "layers": null,
            "logging_config": [
              {
                "application_log_level": "",
                "log_format": "Text",
                "log_group": "/aws/lambda/codebuild-invoker-bu791qc9",
                "system_log_level": ""
              }
            ],
            "memory_size": 128,
            "package_type": "Zip",
            "publish": false,
            "qualified_arn": "arn:aws:lambda:eu-west-1:205930637405:function:codebuild-invoker-bu791qc9:$LATEST",
            "qualified_invoke_arn": "arn:aws:apigateway:eu-west-1:lambda:path/2015-03-31/functions/arn:aws:lambda:eu-west-1:205930637405:function:codebuild-invoker-bu791qc9:$LATEST/invocations",
            "replace_security_groups_on_destroy": null,
            "replacement_security_group_ids": null,
            "reserved_concurrent_executions": -1,
            "role": "arn:aws:iam::205930637405:role/codebuild-invoker-role-bu791qc9",
            "runtime": "python3.13",
            "s3_bucket": null,
            "s3_key": null,
            "s3_object_version": null,
            "signing_job_arn": "",
            "signing_profile_version_arn": "",
            "skip_destroy": false,
            "snap_start": [],
            "source_code_hash": "wpJhmW7v3bjVG1cMm91xku0Nl+suudiZm6roI+gM6WY=",
            "source_code_size": 2135,
            "tags": null,
            "tags_all": {
              "Application": "VocalDocs"
            },
            "timeout": 300,
            "timeouts": null,
            "tracing_config": [
              {
                "mode": "Active"
              }
            ],
            "version": "$LATEST",
            "vpc_config": []
          },
          "sensitive_attributes": [],
          "identity_schema_version": 0,
          "private": "eyJlMmJmYjczMC1lY2FhLTExZTYtOGY4OC0zNDM2M2JjN2M0YzAiOnsiY3JlYXRlIjo2MDAwMDAwMDAwMDAsImRlbGV0ZSI6NjAwMDAwMDAwMDAwLCJ1cGRhdGUiOjYwMDAwMDAwMDAwMH19",
          "dependencies": [
            "aws_codebuild_project.pdf_lambda",
            "aws_dynamodb_table.document_request_db",
            "aws_ecr_repository.pdf_lambda",
            "aws_iam_role.codebuild_invoker_role",
            "aws_iam_role.codebuild_role",
            "aws_s3_bucket.build_artifacts",
            "aws_sns_topic.vocaldocs_topic",
            "data.archive_file.codebuild_invoker_lambda_package",
            "data.aws_partition.current",
            "random_string.suffix"
          ]
        }
      ]
    },
    {
      "mode": "managed",
      "type": "aws_lambda_function",
      "name": "image_converter",
      "provider": "provider[\"registry.terraform.io/hashicorp/aws\"]",
      "instances": [
        {
          "schema_version": 0,
          "attributes": {
            "architectures": [
              "x86_64"
            ],
            "arn": "arn:aws:lambda:eu-west-1:205930637405:function:image_converter-bu791qc9",
            "code_sha256": "PK9Y1kwKFgA19CoCkMIspakstxY+4Fj7SdDovyquU8s=",
            "code_signing_config_arn": "",
            "dead_letter_config": [],
            "description": "",
            "environment": [
              {
                "variables": {
                  "DYNAMODB_TABLE": "Document_Request_db-bu791qc9"
                }
              }
            ],
            "ephemeral_storage": [
              {
                "size": 512
              }
            ],
            "file_system_config": [],
            "filename": "./../lambda_functions/image_converter.zip",
            "function_name": "image_converter-bu791qc9",
            "handler": "lambda_function.lambda_handler",
            "id": "image_converter-bu791qc9",
            "image_config": [],
            "image_uri": "",
            "invoke_arn": "arn:aws:apigateway:eu-west-1:lambda:path/2015-03-31/functions/arn:aws:lambda:eu-west-1:205930637405:function:image_converter-bu791qc9/invocations",
            "kms_key_arn": "",
            "last_modified": "2026-02-11T15:46:15.723+0000",
            "layers": null,
            "logging_config": [
              {
                "application_log_level": "",
                "log_format": "Text",
                "log_group": "/aws/lambda/image_converter-bu791qc9",
                "system_log_level": ""
              }
            ],
            "memory_size": 128,
            "package_type": "Zip",
            "publish": false,
            "qualified_arn": "arn:aws:lambda:eu-west-1:205930637405:function:image_converter-bu791qc9:$LATEST",
            "qualified_invoke_arn": "arn:aws:apigateway:eu-west-1:lambda:path/2015-03-31/functions/arn:aws:lambda:eu-west-1:205930637405:function:image_converter-bu791qc9:$LATEST/invocations",
            "replace_security_groups_on_destroy": null,
            "replacement_security_group_ids": null,
            "reserved_concurrent_executions": -1,
            "role": "arn:aws:iam::205930637405:role/lambda-image_converter-bu791qc9",
            "runtime": "python3.13",
            "s3_bucket": null,
            "s3_key": null,
            "s3_object_version": null,
            "signing_job_arn": "",
            "signing_profile_version_arn": "",
            "skip_destroy": false,
            "snap_start": [],
            "source_code_hash": "PK9Y1kwKFgA19CoCkMIspakstxY+4Fj7SdDovyquU8s=",
            "source_code_size": 3340,
            "tags": null,
            "tags_all": {
              "Application": "VocalDocs"
            },
            "timeout": 300,
            "timeouts": null,
            "tracing_config": [
              {
                "mode": "Active"
              }
            ],
            "version": "$LATEST",
            "vpc_config": []
          },
          "sensitive_attributes": [],
          "identity_schema_version": 0,
          "private": "eyJlMmJmYjczMC1lY2FhLTExZTYtOGY4OC0zNDM2M2JjN2M0YzAiOnsiY3JlYXRlIjo2MDAwMDAwMDAwMDAsImRlbGV0ZSI6NjAwMDAwMDAwMDAwLCJ1cGRhdGUiOjYwMDAwMDAwMDAwMH19",
          "dependencies": [
            "aws_dynamodb_table.document_request_db",
            "aws_iam_role.lambda_image_converter_role",
            "data.archive_file.image_converter_lambda_package",
            "data.aws_partition.current",
            "random_string.suffix"
          ]
        }
      ]
    },
    {
      "mode": "managed",
      "type": "aws_lambda_function",
      "name": "pdf_splitter",
      "provider": "provider[\"registry.terraform.io/hashicorp/aws\"]",
      "instances": [
        {
          "schema_version": 0,
          "attributes": {
            "architectures": [
              "x86_64"
            ],
            "arn": "arn:aws:lambda:eu-west-1:205930637405:function:PDFSplitter-CONTAINER-bu791qc9",
            "code_sha256": "b380cf5c875767546a071def7457cff79022b9b2aa8a0dab6c493f0c03e34034",
            "code_signing_config_arn": "",
            "dead_letter_config": [],
            "description": "",
            "environment": [
              {
                "variables": {
                  "DYNAMODB_TABLE": "Document_Request_db-bu791qc9",
                  "SNS_TOPIC_NAME": "VocalDocs-SNS-Topic-bu791qc9"
                }
              }
            ],
            "ephemeral_storage": [
              {
                "size": 512
              }
            ],
            "file_system_config": [],
            "filename": null,
            "function_name": "PDFSplitter-CONTAINER-bu791qc9",
            "handler": "",
            "id": "PDFSplitter-CONTAINER-bu791qc9",
            "image_config": [],
            "image_uri": "205930637405.dkr.ecr.eu-west-1.amazonaws.com/pdf-lambda-bu791qc9:latest",
            "invoke_arn": "arn:aws:apigateway:eu-west-1:lambda:path/2015-03-31/functions/arn:aws:lambda:eu-west-1:205930637405:function:PDFSplitter-CONTAINER-bu791qc9/invocations",
            "kms_key_arn": "",
            "last_modified": "2026-02-11T15:48:18.185+0000",
            "layers": null,
            "logging_config": [
              {
                "application_log_level": "",
                "log_format": "Text",
                "log_group": "/aws/lambda/PDFSplitter-CONTAINER-bu791qc9",
                "system_log_level": ""
              }
            ],
            "memory_size": 512,
            "package_type": "Image",
            "publish": false,
            "qualified_arn": "arn:aws:lambda:eu-west-1:205930637405:function:PDFSplitter-CONTAINER-bu791qc9:$LATEST",
            "qualified_invoke_arn": "arn:aws:apigateway:eu-west-1:lambda:path/2015-03-31/functions/arn:aws:lambda:eu-west-1:205930637405:function:PDFSplitter-CONTAINER-bu791qc9:$LATEST/invocations",
            "replace_security_groups_on_destroy": null,
            "replacement_security_group_ids": null,
            "reserved_concurrent_executions": -1,
            "role": "arn:aws:iam::205930637405:role/lambda-PDFSplitter-CONTAINER-bu791qc9",
            "runtime": "",
            "s3_bucket": null,
            "s3_key": null,
            "s3_object_version": null,
            "signing_job_arn": "",
            "signing_profile_version_arn": "",
            "skip_destroy": false,
            "snap_start": [],
            "source_code_hash": "",
            "source_code_size": 0,
            "tags": null,
            "tags_all": {
              "Application": "VocalDocs"
            },
            "timeout": 60,
            "timeouts": null,
            "tracing_config": [
              {
                "mode": "Active"
              }
            ],
            "version": "$LATEST",
            "vpc_config": []
          },
          "sensitive_attributes": [],
          "identity_schema_version": 0,
          "private": "eyJlMmJmYjczMC1lY2FhLTExZTYtOGY4OC0zNDM2M2JjN2M0YzAiOnsiY3JlYXRlIjo2MDAwMDAwMDAwMDAsImRlbGV0ZSI6NjAwMDAwMDAwMDAwLCJ1cGRhdGUiOjYwMDAwMDAwMDAwMH19",
          "dependencies": [
            "aws_codebuild_project.pdf_lambda",
            "aws_dynamodb_table.document_request_db",
            "aws_ecr_repository.pdf_lambda",
            "aws_iam_role.codebuild_invoker_role",
            "aws_iam_role.codebuild_role",
            "aws_iam_role.lambda_pdfsplitter_container_role",
            "aws_lambda_function.codebuild_invoker",
            "aws_lambda_invocation.invoke_codebuild",
            "aws_s3_bucket.build_artifacts",
            "aws_s3_object.dockerfile",
            "aws_s3_object.lambda_function",
            "aws_s3_object.requirements",
            "aws_sns_topic.vocaldocs_topic",
            "data.archive_file.codebuild_invoker_lambda_package",
            "data.aws_partition.current",
            "random_string.suffix"
          ]
        }
      ]
    },
    {
      "mode": "managed",
      "type": "aws_lambda_function",
      "name": "polly_invoker",
      "provider": "provider[\"registry.terraform.io/hashicorp/aws\"]",
      "instances": [
        {
          "schema_version": 0,
          "attributes": {
            "architectures": [
              "x86_64"
            ],
            "arn": "arn:aws:lambda:eu-west-1:205930637405:function:polly_invoker-bu791qc9",
            "code_sha256": "s/moHE8TvTx68+UZDmU+A9MbPcujkDUTNjtWXm5C0FI=",
            "code_signing_config_arn": "",
            "dead_letter_config": [],
            "description": "",
            "environment": [
              {
                "variables": {
                  "DYNAMODB_TABLE": "Document_Request_db-bu791qc9"
                }
              }
            ],
            "ephemeral_storage": [
              {
                "size": 512
              }
            ],
            "file_system_config": [],
            "filename": "./../lambda_functions/polly_invoker.zip",
            "function_name": "polly_invoker-bu791qc9",
            "handler": "lambda_function.lambda_handler",
            "id": "polly_invoker-bu791qc9",
            "image_config": [],
            "image_uri": "",
            "invoke_arn": "arn:aws:apigateway:eu-west-1:lambda:path/2015-03-31/functions/arn:aws:lambda:eu-west-1:205930637405:function:polly_invoker-bu791qc9/invocations",
            "kms_key_arn": "",
            "last_modified": "2026-02-11T15:46:01.369+0000",
            "layers": null,
            "logging_config": [
              {
                "application_log_level": "",
                "log_format": "Text",
                "log_group": "/aws/lambda/polly_invoker-bu791qc9",
                "system_log_level": ""
              }
            ],
            "memory_size": 128,
            "package_type": "Zip",
            "publish": false,
            "qualified_arn": "arn:aws:lambda:eu-west-1:205930637405:function:polly_invoker-bu791qc9:$LATEST",
            "qualified_invoke_arn": "arn:aws:apigateway:eu-west-1:lambda:path/2015-03-31/functions/arn:aws:lambda:eu-west-1:205930637405:function:polly_invoker-bu791qc9:$LATEST/invocations",
            "replace_security_groups_on_destroy": null,
            "replacement_security_group_ids": null,
            "reserved_concurrent_executions": -1,
            "role": "arn:aws:iam::205930637405:role/lambda-polly_invoker-bu791qc9",
            "runtime": "python3.13",
            "s3_bucket": null,
            "s3_key": null,
            "s3_object_version": null,
            "signing_job_arn": "",
            "signing_profile_version_arn": "",
            "skip_destroy": false,
            "snap_start": [],
            "source_code_hash": "s/moHE8TvTx68+UZDmU+A9MbPcujkDUTNjtWXm5C0FI=",
            "source_code_size": 4298,
            "tags": null,
            "tags_all": {
              "Application": "VocalDocs"
            },
            "timeout": 120,
            "timeouts": null,
            "tracing_config": [
              {
                "mode": "Active"
              }
            ],
            "version": "$LATEST",
            "vpc_config": []
          },
          "sensitive_attributes": [],
          "identity_schema_version": 0,
          "private": "eyJlMmJmYjczMC1lY2FhLTExZTYtOGY4OC0zNDM2M2JjN2M0YzAiOnsiY3JlYXRlIjo2MDAwMDAwMDAwMDAsImRlbGV0ZSI6NjAwMDAwMDAwMDAwLCJ1cGRhdGUiOjYwMDAwMDAwMDAwMH19",
          "dependencies": [
            "aws_dynamodb_table.document_request_db",
            "aws_iam_role.lambda_polly_invoker_role",
            "data.archive_file.polly_invoker_lambda_package",
            "data.aws_partition.current",
            "random_string.suffix"
          ]
        }
      ]
    },
    {
      "mode": "managed",
      "type": "aws_lambda_function",
      "name": "track_execution",
      "provider": "provider[\"registry.terraform.io/hashicorp/aws\"]",
      "instances": [
        {
          "schema_version": 0,
          "attributes": {
            "architectures": [
              "x86_64"
            ],
            "arn": "arn:aws:lambda:eu-west-1:205930637405:function:track-execution-bu791qc9",
            "code_sha256": "FGHn5rL12LbTBmnC+BNKxKJPyfkM3xVHlGhCWaPRBwk=",
            "code_signing_config_arn": "",
            "dead_letter_config": [],
            "description": "",
            "environment": [
              {
                "variables": {
                  "DYNAMODB_TABLE": "Document_Request_db-bu791qc9",
                  "S3_BUCKET": "document-request-bucket-vocaldocs-bu791qc9"
                }
              }
            ],
            "ephemeral_storage": [
              {
                "size": 512
              }
            ],
            "file_system_config": [],
            "filename": "./../lambda_functions/track_execution.zip",
            "function_name": "track-execution-bu791qc9",
            "handler": "lambda_function.lambda_handler",
            "id": "track-execution-bu791qc9",
            "image_config": [],
            "image_uri": "",
            "invoke_arn": "arn:aws:apigateway:eu-west-1:lambda:path/2015-03-31/functions/arn:aws:lambda:eu-west-1:205930637405:function:track-execution-bu791qc9/invocations",
            "kms_key_arn": "",
            "last_modified": "2026-02-11T15:46:22.554+0000",
            "layers": null,
            "logging_config": [
              {
                "application_log_level": "",
                "log_format": "Text",
                "log_group": "/aws/lambda/track-execution-bu791qc9",
                "system_log_level": ""
              }
            ],
            "memory_size": 128,
            "package_type": "Zip",
            "publish": false,
            "qualified_arn": "arn:aws:lambda:eu-west-1:205930637405:function:track-execution-bu791qc9:$LATEST",
            "qualified_invoke_arn": "arn:aws:apigateway:eu-west-1:lambda:path/2015-03-31/functions/arn:aws:lambda:eu-west-1:205930637405:function:track-execution-bu791qc9:$LATEST/invocations",
            "replace_security_groups_on_destroy": null,
            "replacement_security_group_ids": null,
            "reserved_concurrent_executions": -1,
            "role": "arn:aws:iam::205930637405:role/lambda-track_execution-bu791qc9",
            "runtime": "python3.13",
            "s3_bucket": null,
            "s3_key": null,
            "s3_object_version": null,
            "signing_job_arn": "",
            "signing_profile_version_arn": "",
            "skip_destroy": false,
            "snap_start": [],
            "source_code_hash": "FGHn5rL12LbTBmnC+BNKxKJPyfkM3xVHlGhCWaPRBwk=",
            "source_code_size": 2784,
            "tags": null,
            "tags_all": {
              "Application": "VocalDocs"
            },
            "timeout": 120,
            "timeouts": null,
            "tracing_config": [
              {
                "mode": "Active"
              }
            ],
            "version": "$LATEST",
            "vpc_config": []
          },
          "sensitive_attributes": [],
          "identity_schema_version": 0,
          "private": "eyJlMmJmYjczMC1lY2FhLTExZTYtOGY4OC0zNDM2M2JjN2M0YzAiOnsiY3JlYXRlIjo2MDAwMDAwMDAwMDAsImRlbGV0ZSI6NjAwMDAwMDAwMDAwLCJ1cGRhdGUiOjYwMDAwMDAwMDAwMH19",
          "dependencies": [
            "aws_dynamodb_table.document_request_db",
            "aws_iam_role.lambda_track_execution_role",
            "aws_s3_bucket.document_bucket",
            "data.archive_file.track_execution_lambda_package",
            "data.aws_partition.current",
            "random_string.suffix"
          ]
        }
      ]
    },
    {
      "mode": "managed",
      "type": "aws_lambda_function",
      "name": "upload_execution",
      "provider": "provider[\"registry.terraform.io/hashicorp/aws\"]",
      "instances": [
        {
          "schema_version": 0,
          "attributes": {
            "architectures": [
              "x86_64"
            ],
            "arn": "arn:aws:lambda:eu-west-1:205930637405:function:upload-execution-bu791qc9",
            "code_sha256": "hV+bEQ3S/b9XTxuiKl/xBuxkRNky46Le6qYit8cibWQ=",
            "code_signing_config_arn": "",
            "dead_letter_config": [],
            "description": "",
            "environment": [
              {
                "variables": {
                  "DYNAMODB_TABLE": "Document_Request_db-bu791qc9",
                  "S3_BUCKET": "document-request-bucket-vocaldocs-bu791qc9"
                }
              }
            ],
            "ephemeral_storage": [
              {
                "size": 512
              }
            ],
            "file_system_config": [],
            "filename": "./../lambda_functions/upload_execution.zip",
            "function_name": "upload-execution-bu791qc9",
            "handler": "lambda_function.lambda_handler",
            "id": "upload-execution-bu791qc9",
            "image_config": [],
            "image_uri": "",
            "invoke_arn": "arn:aws:apigateway:eu-west-1:lambda:path/2015-03-31/functions/arn:aws:lambda:eu-west-1:205930637405:function:upload-execution-bu791qc9/invocations",
            "kms_key_arn": "",
            "last_modified": "2026-02-11T15:46:08.665+0000",
            "layers": null,
            "logging_config": [
              {
                "application_log_level": "",
                "log_format": "Text",
                "log_group": "/aws/lambda/upload-execution-bu791qc9",
                "system_log_level": ""
              }
            ],
            "memory_size": 128,
            "package_type": "Zip",
            "publish": false,
            "qualified_arn": "arn:aws:lambda:eu-west-1:205930637405:function:upload-execution-bu791qc9:$LATEST",
            "qualified_invoke_arn": "arn:aws:apigateway:eu-west-1:lambda:path/2015-03-31/functions/arn:aws:lambda:eu-west-1:205930637405:function:upload-execution-bu791qc9:$LATEST/invocations",
            "replace_security_groups_on_destroy": null,
            "replacement_security_group_ids": null,
            "reserved_concurrent_executions": -1,
            "role": "arn:aws:iam::205930637405:role/lambda-upload_execution-bu791qc9",
            "runtime": "python3.13",
            "s3_bucket": null,
            "s3_key": null,
            "s3_object_version": null,
            "signing_job_arn": "",
            "signing_profile_version_arn": "",
            "skip_destroy": false,
            "snap_start": [],
            "source_code_hash": "hV+bEQ3S/b9XTxuiKl/xBuxkRNky46Le6qYit8cibWQ=",
            "source_code_size": 2254,
            "tags": null,
            "tags_all": {
              "Application": "VocalDocs"
            },
            "timeout": 120,
            "timeouts": null,
            "tracing_config": [
              {
                "mode": "Active"
              }
            ],
            "version": "$LATEST",
            "vpc_config": []
          },
          "sensitive_attributes": [],
          "identity_schema_version": 0,
          "private": "eyJlMmJmYjczMC1lY2FhLTExZTYtOGY4OC0zNDM2M2JjN2M0YzAiOnsiY3JlYXRlIjo2MDAwMDAwMDAwMDAsImRlbGV0ZSI6NjAwMDAwMDAwMDAwLCJ1cGRhdGUiOjYwMDAwMDAwMDAwMH19",
          "dependencies": [
            "aws_dynamodb_table.document_request_db",
            "aws_iam_role.lambda_upload_execution_role",
            "aws_s3_bucket.document_bucket",
            "data.archive_file.upload_execution_lambda_package",
            "data.aws_partition.current",
            "random_string.suffix"
          ]
        }
      ]
    },
    {
      "mode": "managed",
      "type": "aws_lambda_invocation",
      "name": "invoke_codebuild",
      "provider": "provider[\"registry.terraform.io/hashicorp/aws\"]",
      "instances": [
        {
          "schema_version": 0,
          "attributes": {
            "function_name": "codebuild-invoker-bu791qc9",
            "id": "codebuild-invoker-bu791qc9_$LATEST_2b62715174b1cb2570f818f2e839aacf",
            "input": "{\"project_name\":\"pdf-lambda-build-bu791qc9\"}",
            "lifecycle_scope": "CREATE_ONLY",
            "qualifier": "$LATEST",
            "result": "{\"statusCode\": 200, \"body\": \"{\\\"buildId\\\": \\\"pdf-lambda-build-bu791qc9:b76c2d41-bdf1-400b-bb3a-9408db98fed1\\\", \\\"status\\\": \\\"SUCCESS\\\", \\\"message\\\": \\\"Build completed successfully on attempt 1\\\"}\"}",
            "terraform_key": "tf",
            "triggers": {
              "dockerfile_hash": "fa1728ff028a32816ef9dabeb0220bf7",
              "lambda_hash": "4ad44dca06d22db96112b702f22e9ae9",
              "requirements_hash": "e7de2f2c9b1705c0937e8252d27d0810"
            }
          },
          "sensitive_attributes": [],
          "identity_schema_version": 0,
          "private": "bnVsbA==",
          "dependencies": [
            "aws_codebuild_project.pdf_lambda",
            "aws_dynamodb_table.document_request_db",
            "aws_ecr_repository.pdf_lambda",
            "aws_iam_role.codebuild_invoker_role",
            "aws_iam_role.codebuild_role",
            "aws_lambda_function.codebuild_invoker",
            "aws_s3_bucket.build_artifacts",
            "aws_s3_object.dockerfile",
            "aws_s3_object.lambda_function",
            "aws_s3_object.requirements",
            "aws_sns_topic.vocaldocs_topic",
            "data.archive_file.codebuild_invoker_lambda_package",
            "data.aws_partition.current",
            "random_string.suffix"
          ]
        }
      ]
    },
    {
      "mode": "managed",
      "type": "aws_lambda_permission",
      "name": "allow_s3",
      "provider": "provider[\"registry.terraform.io/hashicorp/aws\"]",
      "instances": [
        {
          "schema_version": 0,
          "attributes": {
            "action": "lambda:InvokeFunction",
            "event_source_token": null,
            "function_name": "polly_invoker-bu791qc9",
            "function_url_auth_type": null,
            "id": "AllowS3Invoke",
            "principal": "s3.amazonaws.com",
            "principal_org_id": null,
            "qualifier": "",
            "source_account": null,
            "source_arn": "arn:aws:s3:::document-request-bucket-vocaldocs-bu791qc9",
            "statement_id": "AllowS3Invoke",
            "statement_id_prefix": ""
          },
          "sensitive_attributes": [],
          "identity_schema_version": 0,
          "private": "bnVsbA==",
          "dependencies": [
            "aws_dynamodb_table.document_request_db",
            "aws_iam_role.lambda_polly_invoker_role",
            "aws_lambda_function.polly_invoker",
            "aws_s3_bucket.document_bucket",
            "data.archive_file.polly_invoker_lambda_package",
            "data.aws_partition.current",
            "random_string.suffix"
          ]
        }
      ]
    },
    {
      "mode": "managed",
      "type": "aws_lambda_permission",
      "name": "sns_image_converter",
      "provider": "provider[\"registry.terraform.io/hashicorp/aws\"]",
      "instances": [
        {
          "schema_version": 0,
          "attributes": {
            "action": "lambda:InvokeFunction",
            "event_source_token": null,
            "function_name": "arn:aws:lambda:eu-west-1:205930637405:function:image_converter-bu791qc9",
            "function_url_auth_type": null,
            "id": "AllowSNSInvoke-bu791qc9",
            "principal": "sns.amazonaws.com",
            "principal_org_id": null,
            "qualifier": "",
            "source_account": null,
            "source_arn": "arn:aws:sns:eu-west-1:205930637405:VocalDocs-SNS-Topic-bu791qc9",
            "statement_id": "AllowSNSInvoke-bu791qc9",
            "statement_id_prefix": ""
          },
          "sensitive_attributes": [],
          "identity_schema_version": 0,
          "private": "bnVsbA==",
          "dependencies": [
            "aws_dynamodb_table.document_request_db",
            "aws_iam_role.lambda_image_converter_role",
            "aws_lambda_function.image_converter",
            "aws_sns_topic.vocaldocs_topic",
            "data.archive_file.image_converter_lambda_package",
            "data.aws_partition.current",
            "random_string.suffix"
          ]
        }
      ]
    },
    {
      "mode": "managed",
      "type": "aws_s3_bucket",
      "name": "build_artifacts",
      "provider": "provider[\"registry.terraform.io/hashicorp/aws\"]",
      "instances": [
        {
          "schema_version": 0,
          "attributes": {
            "acceleration_status": "",
            "acl": null,
            "arn": "arn:aws:s3:::codebuild-artifacts-bu791qc9",
            "bucket": "codebuild-artifacts-bu791qc9",
            "bucket_domain_name": "codebuild-artifacts-bu791qc9.s3.amazonaws.com",
            "bucket_prefix": "",
            "bucket_regional_domain_name": "codebuild-artifacts-bu791qc9.s3.eu-west-1.amazonaws.com",
            "cors_rule": [],
            "force_destroy": true,
            "grant": [
              {
                "id": "4c80d4e55c5f814a8c06d6cf7968991544b3873c9dcbe344ae3c9539220bd16e",
                "permissions": [
                  "FULL_CONTROL"
                ],
                "type": "CanonicalUser",
                "uri": ""
              }
            ],
            "hosted_zone_id": "Z1BKCTXD74EZPE",
            "id": "codebuild-artifacts-bu791qc9",
            "lifecycle_rule": [],
            "logging": [],
            "object_lock_configuration": [],
            "object_lock_enabled": false,
            "policy": "",
            "region": "eu-west-1",
            "replication_configuration": [],
            "request_payer": "BucketOwner",
            "server_side_encryption_configuration": [
              {
                "rule": [
                  {
                    "apply_server_side_encryption_by_default": [
                      {
                        "kms_master_key_id": "",
                        "sse_algorithm": "AES256"
                      }
                    ],
                    "bucket_key_enabled": false
                  }
                ]
              }
            ],
            "tags": null,
            "tags_all": {
              "Application": "VocalDocs"
            },
            "timeouts": null,
            "versioning": [
              {
                "enabled": false,
                "mfa_delete": false
              }
            ],
            "website": [],
            "website_domain": null,
            "website_endpoint": null
          },
          "sensitive_attributes": [],
          "identity_schema_version": 0,
          "private": "eyJlMmJmYjczMC1lY2FhLTExZTYtOGY4OC0zNDM2M2JjN2M0YzAiOnsiY3JlYXRlIjoxMjAwMDAwMDAwMDAwLCJkZWxldGUiOjM2MDAwMDAwMDAwMDAsInJlYWQiOjEyMDAwMDAwMDAwMDAsInVwZGF0ZSI6MTIwMDAwMDAwMDAwMH19",
          "dependencies": [
            "random_string.suffix"
          ]
        }
      ]
    },
    {
      "mode": "managed",
      "type": "aws_s3_bucket",
      "name": "document_bucket",
      "provider": "provider[\"registry.terraform.io/hashicorp/aws\"]",
      "instances": [
        {
          "schema_version": 0,
          "attributes": {
            "acceleration_status": "",
            "acl": null,
            "arn": "arn:aws:s3:::document-request-bucket-vocaldocs-bu791qc9",
            "bucket": "document-request-bucket-vocaldocs-bu791qc9",
            "bucket_domain_name": "document-request-bucket-vocaldocs-bu791qc9.s3.amazonaws.com",
            "bucket_prefix": "",
            "bucket_regional_domain_name": "document-request-bucket-vocaldocs-bu791qc9.s3.eu-west-1.amazonaws.com",
            "cors_rule": [],
            "force_destroy": true,
            "grant": [
              {
                "id": "4c80d4e55c5f814a8c06d6cf7968991544b3873c9dcbe344ae3c9539220bd16e",
                "permissions": [
                  "FULL_CONTROL"
                ],
                "type": "CanonicalUser",
                "uri": ""
              }
            ],
            "hosted_zone_id": "Z1BKCTXD74EZPE",
            "id": "document-request-bucket-vocaldocs-bu791qc9",
            "lifecycle_rule": [],
            "logging": [],
            "object_lock_configuration": [],
            "object_lock_enabled": false,
            "policy": "",
            "region": "eu-west-1",
            "replication_configuration": [],
            "request_payer": "BucketOwner",
            "server_side_encryption_configuration": [
              {
                "rule": [
                  {
                    "apply_server_side_encryption_by_default": [
                      {
                        "kms_master_key_id": "",
                        "sse_algorithm": "AES256"
                      }
                    ],
                    "bucket_key_enabled": false
                  }
                ]
              }
            ],
            "tags": null,
            "tags_all": {
              "Application": "VocalDocs"
            },
            "timeouts": null,
            "versioning": [
              {
                "enabled": false,
                "mfa_delete": false
              }
            ],
            "website": [],
            "website_domain": null,
            "website_endpoint": null
          },
          "sensitive_attributes": [],
          "identity_schema_version": 0,
          "private": "eyJlMmJmYjczMC1lY2FhLTExZTYtOGY4OC0zNDM2M2JjN2M0YzAiOnsiY3JlYXRlIjoxMjAwMDAwMDAwMDAwLCJkZWxldGUiOjM2MDAwMDAwMDAwMDAsInJlYWQiOjEyMDAwMDAwMDAwMDAsInVwZGF0ZSI6MTIwMDAwMDAwMDAwMH19",
          "dependencies": [
            "random_string.suffix"
          ]
        }
      ]
    },
    {
      "mode": "managed",
      "type": "aws_s3_bucket",
      "name": "website_bucket",
      "provider": "provider[\"registry.terraform.io/hashicorp/aws\"]",
      "instances": [
        {
          "schema_version": 0,
          "attributes": {
            "acceleration_status": "",
            "acl": null,
            "arn": "arn:aws:s3:::vocaldocs-static-website-bucket-bu791qc9",
            "bucket": "vocaldocs-static-website-bucket-bu791qc9",
            "bucket_domain_name": "vocaldocs-static-website-bucket-bu791qc9.s3.amazonaws.com",
            "bucket_prefix": "",
            "bucket_regional_domain_name": "vocaldocs-static-website-bucket-bu791qc9.s3.eu-west-1.amazonaws.com",
            "cors_rule": [],
            "force_destroy": true,
            "grant": [
              {
                "id": "4c80d4e55c5f814a8c06d6cf7968991544b3873c9dcbe344ae3c9539220bd16e",
                "permissions": [
                  "FULL_CONTROL"
                ],
                "type": "CanonicalUser",
                "uri": ""
              }
            ],
            "hosted_zone_id": "Z1BKCTXD74EZPE",
            "id": "vocaldocs-static-website-bucket-bu791qc9",
            "lifecycle_rule": [],
            "logging": [],
            "object_lock_configuration": [],
            "object_lock_enabled": false,
            "policy": "",
            "region": "eu-west-1",
            "replication_configuration": [],
            "request_payer": "BucketOwner",
            "server_side_encryption_configuration": [
              {
                "rule": [
                  {
                    "apply_server_side_encryption_by_default": [
                      {
                        "kms_master_key_id": "",
                        "sse_algorithm": "AES256"
                      }
                    ],
                    "bucket_key_enabled": false
                  }
                ]
              }
            ],
            "tags": null,
            "tags_all": {
              "Application": "VocalDocs"
            },
            "timeouts": null,
            "versioning": [
              {
                "enabled": false,
                "mfa_delete": false
              }
            ],
            "website": [],
            "website_domain": null,
            "website_endpoint": null
          },
          "sensitive_attributes": [],
          "identity_schema_version": 0,
          "private": "eyJlMmJmYjczMC1lY2FhLTExZTYtOGY4OC0zNDM2M2JjN2M0YzAiOnsiY3JlYXRlIjoxMjAwMDAwMDAwMDAwLCJkZWxldGUiOjM2MDAwMDAwMDAwMDAsInJlYWQiOjEyMDAwMDAwMDAwMDAsInVwZGF0ZSI6MTIwMDAwMDAwMDAwMH19",
          "dependencies": [
            "random_string.suffix"
          ]
        }
      ]
    },
    {
      "mode": "managed",
      "type": "aws_s3_bucket_notification",
      "name": "bucket_notification",
      "provider": "provider[\"registry.terraform.io/hashicorp/aws\"]",
      "instances": [
        {
          "schema_version": 0,
          "attributes": {
            "bucket": "document-request-bucket-vocaldocs-bu791qc9",
            "eventbridge": false,
            "id": "document-request-bucket-vocaldocs-bu791qc9",
            "lambda_function": [
              {
                "events": [
                  "s3:ObjectCreated:*"
                ],
                "filter_prefix": "download/",
                "filter_suffix": ".txt",
                "id": "tf-s3-lambda-20260211154608856500000002",
                "lambda_function_arn": "arn:aws:lambda:eu-west-1:205930637405:function:polly_invoker-bu791qc9"
              }
            ],
            "queue": [],
            "topic": []
          },
          "sensitive_attributes": [],
          "identity_schema_version": 0,
          "private": "bnVsbA==",
          "dependencies": [
            "aws_dynamodb_table.document_request_db",
            "aws_iam_role.lambda_polly_invoker_role",
            "aws_lambda_function.polly_invoker",
            "aws_lambda_permission.allow_s3",
            "aws_s3_bucket.document_bucket",
            "data.archive_file.polly_invoker_lambda_package",
            "data.aws_partition.current",
            "random_string.suffix"
          ]
        }
      ]
    },
    {
      "mode": "managed",
      "type": "aws_s3_bucket_policy",
      "name": "website_bucket_policy",
      "provider": "provider[\"registry.terraform.io/hashicorp/aws\"]",
      "instances": [
        {
          "schema_version": 0,
          "attributes": {
            "bucket": "vocaldocs-static-website-bucket-bu791qc9",
            "id": "vocaldocs-static-website-bucket-bu791qc9",
            "policy": "{\"Statement\":[{\"Action\":\"s3:GetObject\",\"Condition\":{\"StringEquals\":{\"AWS:SourceArn\":\"arn:aws:cloudfront::205930637405:distribution/E96TXPHIVY1KK\"}},\"Effect\":\"Allow\",\"Principal\":{\"Service\":\"cloudfront.amazonaws.com\"},\"Resource\":\"arn:aws:s3:::vocaldocs-static-website-bucket-bu791qc9/*\",\"Sid\":\"AllowCloudFrontServicePrincipal\"}],\"Version\":\"2012-10-17\"}"
          },
          "sensitive_attributes": [],
          "identity_schema_version": 0,
          "private": "bnVsbA==",
          "dependencies": [
            "aws_cloudfront_distribution.s3_distribution",
            "aws_cloudfront_origin_access_control.oac",
            "aws_s3_bucket.website_bucket",
            "data.aws_partition.current",
            "random_string.suffix"
          ]
        }
      ]
    },
    {
      "mode": "managed",
      "type": "aws_s3_bucket_public_access_block",
      "name": "build_artifacts",
      "provider": "provider[\"registry.terraform.io/hashicorp/aws\"]",
      "instances": [
        {
          "schema_version": 0,
          "attributes": {
            "block_public_acls": true,
            "block_public_policy": true,
            "bucket": "codebuild-artifacts-bu791qc9",
            "id": "codebuild-artifacts-bu791qc9",
            "ignore_public_acls": true,
            "restrict_public_buckets": true
          },
          "sensitive_attributes": [],
          "identity_schema_version": 0,
          "private": "bnVsbA==",
          "dependencies": [
            "aws_s3_bucket.build_artifacts",
            "random_string.suffix"
          ]
        }
      ]
    },
    {
      "mode": "managed",
      "type": "aws_s3_bucket_public_access_block",
      "name": "document_bucket_access",
      "provider": "provider[\"registry.terraform.io/hashicorp/aws\"]",
      "instances": [
        {
          "schema_version": 0,
          "attributes": {
            "block_public_acls": true,
            "block_public_policy": true,
            "bucket": "document-request-bucket-vocaldocs-bu791qc9",
            "id": "document-request-bucket-vocaldocs-bu791qc9",
            "ignore_public_acls": true,
            "restrict_public_buckets": true
          },
          "sensitive_attributes": [],
          "identity_schema_version": 0,
          "private": "bnVsbA==",
          "dependencies": [
            "aws_s3_bucket.document_bucket",
            "random_string.suffix"
          ]
        }
      ]
    },
    {
      "mode": "managed",
      "type": "aws_s3_bucket_public_access_block",
      "name": "website_bucket_public_access_block",
      "provider": "provider[\"registry.terraform.io/hashicorp/aws\"]",
      "instances": [
        {
          "schema_version": 0,
          "attributes": {
            "block_public_acls": true,
            "block_public_policy": true,
            "bucket": "vocaldocs-static-website-bucket-bu791qc9",
            "id": "vocaldocs-static-website-bucket-bu791qc9",
            "ignore_public_acls": true,
            "restrict_public_buckets": true
          },
          "sensitive_attributes": [],
          "identity_schema_version": 0,
          "private": "bnVsbA==",
          "dependencies": [
            "aws_s3_bucket.website_bucket",
            "random_string.suffix"
          ]
        }
      ]
    },
    {
      "mode": "managed",
      "type": "aws_s3_bucket_server_side_encryption_configuration",
      "name": "build_artifacts",
      "provider": "provider[\"registry.terraform.io/hashicorp/aws\"]",
      "instances": [
        {
          "schema_version": 0,
          "attributes": {
            "bucket": "codebuild-artifacts-bu791qc9",
            "expected_bucket_owner": "",
            "id": "codebuild-artifacts-bu791qc9",
            "rule": [
              {
                "apply_server_side_encryption_by_default": [
                  {
                    "kms_master_key_id": "",
                    "sse_algorithm": "AES256"
                  }
                ],
                "bucket_key_enabled": null
              }
            ]
          },
          "sensitive_attributes": [],
          "identity_schema_version": 0,
          "private": "bnVsbA==",
          "dependencies": [
            "aws_s3_bucket.build_artifacts",
            "random_string.suffix"
          ]
        }
      ]
    },
    {
      "mode": "managed",
      "type": "aws_s3_bucket_server_side_encryption_configuration",
      "name": "document_bucket",
      "provider": "provider[\"registry.terraform.io/hashicorp/aws\"]",
      "instances": [
        {
          "schema_version": 0,
          "attributes": {
            "bucket": "document-request-bucket-vocaldocs-bu791qc9",
            "expected_bucket_owner": "",
            "id": "document-request-bucket-vocaldocs-bu791qc9",
            "rule": [
              {
                "apply_server_side_encryption_by_default": [
                  {
                    "kms_master_key_id": "",
                    "sse_algorithm": "AES256"
                  }
                ],
                "bucket_key_enabled": null
              }
            ]
          },
          "sensitive_attributes": [],
          "identity_schema_version": 0,
          "private": "bnVsbA==",
          "dependencies": [
            "aws_s3_bucket.document_bucket",
            "random_string.suffix"
          ]
        }
      ]
    },
    {
      "mode": "managed",
      "type": "aws_s3_bucket_server_side_encryption_configuration",
      "name": "website_bucket",
      "provider": "provider[\"registry.terraform.io/hashicorp/aws\"]",
      "instances": [
        {
          "schema_version": 0,
          "attributes": {
            "bucket": "vocaldocs-static-website-bucket-bu791qc9",
            "expected_bucket_owner": "",
            "id": "vocaldocs-static-website-bucket-bu791qc9",
            "rule": [
              {
                "apply_server_side_encryption_by_default": [
                  {
                    "kms_master_key_id": "",
                    "sse_algorithm": "AES256"
                  }
                ],
                "bucket_key_enabled": null
              }
            ]
          },
          "sensitive_attributes": [],
          "identity_schema_version": 0,
          "private": "bnVsbA==",
          "dependencies": [
            "aws_s3_bucket.website_bucket",
            "random_string.suffix"
          ]
        }
      ]
    },
    {
      "mode": "managed",
      "type": "aws_s3_bucket_website_configuration",
      "name": "website_bucket_config",
      "provider": "provider[\"registry.terraform.io/hashicorp/aws\"]",
      "instances": [
        {
          "schema_version": 0,
          "attributes": {
            "bucket": "vocaldocs-static-website-bucket-bu791qc9",
            "error_document": [
              {
                "key": "error.html"
              }
            ],
            "expected_bucket_owner": "",
            "id": "vocaldocs-static-website-bucket-bu791qc9",
            "index_document": [
              {
                "suffix": "index.html"
              }
            ],
            "redirect_all_requests_to": [],
            "routing_rule": [],
            "routing_rules": "",
            "website_domain": "s3-website-eu-west-1.amazonaws.com",
            "website_endpoint": "vocaldocs-static-website-bucket-bu791qc9.s3-website-eu-west-1.amazonaws.com"
          },
          "sensitive_attributes": [],
          "identity_schema_version": 0,
          "private": "bnVsbA==",
          "dependencies": [
            "aws_s3_bucket.website_bucket",
            "random_string.suffix"
          ]
        }
      ]
    },
    {
      "mode": "managed",
      "type": "aws_s3_object",
      "name": "config_js",
      "provider": "provider[\"registry.terraform.io/hashicorp/aws\"]",
      "instances": [
        {
          "schema_version": 0,
          "attributes": {
            "acl": null,
            "arn": "arn:aws:s3:::vocaldocs-static-website-bucket-bu791qc9/config.js",
            "bucket": "vocaldocs-static-website-bucket-bu791qc9",
            "bucket_key_enabled": false,
            "cache_control": "",
            "checksum_algorithm": null,
            "checksum_crc32": "",
            "checksum_crc32c": "",
            "checksum_sha1": "",
            "checksum_sha256": "",
            "content": "const config = {\r\n    PARTITION_DNS_SUFFIX: \"amazonaws.com\",\r\n    REGION: \"eu-west-1\",\r\n    USER_POOL_ID: \"eu-west-1_7cXLDArwh\",\r\n    COGNITO_USER_POOL_DOMAIN: \"https://vocaldocs-auth-bu791qc9.auth.eu-west-1.amazoncognito.com\",\r\n    USER_POOL_CLIENT_ID: \"13qs24batvnlh5ehgv66gl6pf2\",\r\n    IDENTITY_POOL_ID: \"eu-west-1:a1c23eb0-06ae-49ed-8c6e-cdbca98bc361\",\r\n    CLOUDFRONT_DOMAIN: \"d3m4bewcberec8.cloudfront.net\",\r\n    UPLOAD_LAMBDA_NAME: \"upload-execution-bu791qc9\",\r\n    TRACK_LAMBDA_NAME: \"track-execution-bu791qc9\"\r\n};\r\n\r\nexport default config;\r\n",
            "content_base64": null,
            "content_disposition": "",
            "content_encoding": "",
            "content_language": "",
            "content_type": "application/javascript",
            "etag": "4b1a5c164df94ff127ac57c63b53fd89",
            "force_destroy": false,
            "id": "config.js",
            "key": "config.js",
            "kms_key_id": null,
            "metadata": null,
            "object_lock_legal_hold_status": "",
            "object_lock_mode": "",
            "object_lock_retain_until_date": "",
            "override_provider": [],
            "server_side_encryption": "AES256",
            "source": null,
            "source_hash": null,
            "storage_class": "STANDARD",
            "tags": null,
            "tags_all": {
              "Application": "VocalDocs"
            },
            "version_id": "",
            "website_redirect": ""
          },
          "sensitive_attributes": [],
          "identity_schema_version": 0,
          "private": "bnVsbA==",
          "dependencies": [
            "aws_cloudfront_distribution.s3_distribution",
            "aws_cloudfront_origin_access_control.oac",
            "aws_cognito_identity_pool.main",
            "aws_cognito_user_pool.user_pool",
            "aws_cognito_user_pool_client.client",
            "aws_cognito_user_pool_domain.main",
            "aws_dynamodb_table.document_request_db",
            "aws_iam_role.lambda_track_execution_role",
            "aws_iam_role.lambda_upload_execution_role",
            "aws_lambda_function.track_execution",
            "aws_lambda_function.upload_execution",
            "aws_s3_bucket.document_bucket",
            "aws_s3_bucket.website_bucket",
            "data.archive_file.track_execution_lambda_package",
            "data.archive_file.upload_execution_lambda_package",
            "data.aws_partition.current",
            "local_file.web_config",
            "random_string.suffix"
          ]
        }
      ]
    },
    {
      "mode": "managed",
      "type": "aws_s3_object",
      "name": "dockerfile",
      "provider": "provider[\"registry.terraform.io/hashicorp/aws\"]",
      "instances": [
        {
          "schema_version": 0,
          "attributes": {
            "acl": null,
            "arn": "arn:aws:s3:::codebuild-artifacts-bu791qc9/build/Dockerfile",
            "bucket": "codebuild-artifacts-bu791qc9",
            "bucket_key_enabled": false,
            "cache_control": "",
            "checksum_algorithm": null,
            "checksum_crc32": "",
            "checksum_crc32c": "",
            "checksum_sha1": "",
            "checksum_sha256": "",
            "content": null,
            "content_base64": null,
            "content_disposition": "",
            "content_encoding": "",
            "content_language": "",
            "content_type": "application/octet-stream",
            "etag": "fa1728ff028a32816ef9dabeb0220bf7",
            "force_destroy": false,
            "id": "build/Dockerfile",
            "key": "build/Dockerfile",
            "kms_key_id": null,
            "metadata": null,
            "object_lock_legal_hold_status": "",
            "object_lock_mode": "",
            "object_lock_retain_until_date": "",
            "override_provider": [],
            "server_side_encryption": "AES256",
            "source": "./../codebuild_artifacts/Dockerfile",
            "source_hash": null,
            "storage_class": "STANDARD",
            "tags": null,
            "tags_all": {
              "Application": "VocalDocs"
            },
            "version_id": "",
            "website_redirect": ""
          },
          "sensitive_attributes": [],
          "identity_schema_version": 0,
          "private": "bnVsbA==",
          "dependencies": [
            "aws_s3_bucket.build_artifacts",
            "random_string.suffix"
          ]
        }
      ]
    },
    {
      "mode": "managed",
      "type": "aws_s3_object",
      "name": "download_prefix",
      "provider": "provider[\"registry.terraform.io/hashicorp/aws\"]",
      "instances": [
        {
          "schema_version": 0,
          "attributes": {
            "acl": null,
            "arn": "arn:aws:s3:::document-request-bucket-vocaldocs-bu791qc9/download/",
            "bucket": "document-request-bucket-vocaldocs-bu791qc9",
            "bucket_key_enabled": false,
            "cache_control": "",
            "checksum_algorithm": null,
            "checksum_crc32": "",
            "checksum_crc32c": "",
            "checksum_sha1": "",
            "checksum_sha256": "",
            "content": "",
            "content_base64": null,
            "content_disposition": "",
            "content_encoding": "",
            "content_language": "",
            "content_type": "application/octet-stream",
            "etag": "d41d8cd98f00b204e9800998ecf8427e",
            "force_destroy": false,
            "id": "download/",
            "key": "download/",
            "kms_key_id": null,
            "metadata": null,
            "object_lock_legal_hold_status": "",
            "object_lock_mode": "",
            "object_lock_retain_until_date": "",
            "override_provider": [],
            "server_side_encryption": "AES256",
            "source": null,
            "source_hash": null,
            "storage_class": "STANDARD",
            "tags": null,
            "tags_all": {
              "Application": "VocalDocs"
            },
            "version_id": "",
            "website_redirect": ""
          },
          "sensitive_attributes": [],
          "identity_schema_version": 0,
          "private": "bnVsbA==",
          "dependencies": [
            "aws_s3_bucket.document_bucket",
            "random_string.suffix"
          ]
        }
      ]
    },
    {
      "mode": "managed",
      "type": "aws_s3_object",
      "name": "lambda_function",
      "provider": "provider[\"registry.terraform.io/hashicorp/aws\"]",
      "instances": [
        {
          "schema_version": 0,
          "attributes": {
            "acl": null,
            "arn": "arn:aws:s3:::codebuild-artifacts-bu791qc9/build/lambda_function.py",
            "bucket": "codebuild-artifacts-bu791qc9",
            "bucket_key_enabled": false,
            "cache_control": "",
            "checksum_algorithm": null,
            "checksum_crc32": "",
            "checksum_crc32c": "",
            "checksum_sha1": "",
            "checksum_sha256": "",
            "content": null,
            "content_base64": null,
            "content_disposition": "",
            "content_encoding": "",
            "content_language": "",
            "content_type": "application/octet-stream",
            "etag": "4ad44dca06d22db96112b702f22e9ae9",
            "force_destroy": false,
            "id": "build/lambda_function.py",
            "key": "build/lambda_function.py",
            "kms_key_id": null,
            "metadata": null,
            "object_lock_legal_hold_status": "",
            "object_lock_mode": "",
            "object_lock_retain_until_date": "",
            "override_provider": [],
            "server_side_encryption": "AES256",
            "source": "./../codebuild_artifacts/lambda_function.py",
            "source_hash": null,
            "storage_class": "STANDARD",
            "tags": null,
            "tags_all": {
              "Application": "VocalDocs"
            },
            "version_id": "",
            "website_redirect": ""
          },
          "sensitive_attributes": [],
          "identity_schema_version": 0,
          "private": "bnVsbA==",
          "dependencies": [
            "aws_s3_bucket.build_artifacts",
            "random_string.suffix"
          ]
        }
      ]
    },
    {
      "mode": "managed",
      "type": "aws_s3_object",
      "name": "requirements",
      "provider": "provider[\"registry.terraform.io/hashicorp/aws\"]",
      "instances": [
        {
          "schema_version": 0,
          "attributes": {
            "acl": null,
            "arn": "arn:aws:s3:::codebuild-artifacts-bu791qc9/build/requirements.txt",
            "bucket": "codebuild-artifacts-bu791qc9",
            "bucket_key_enabled": false,
            "cache_control": "",
            "checksum_algorithm": null,
            "checksum_crc32": "",
            "checksum_crc32c": "",
            "checksum_sha1": "",
            "checksum_sha256": "",
            "content": null,
            "content_base64": null,
            "content_disposition": "",
            "content_encoding": "",
            "content_language": "",
            "content_type": "application/octet-stream",
            "etag": "e7de2f2c9b1705c0937e8252d27d0810",
            "force_destroy": false,
            "id": "build/requirements.txt",
            "key": "build/requirements.txt",
            "kms_key_id": null,
            "metadata": null,
            "object_lock_legal_hold_status": "",
            "object_lock_mode": "",
            "object_lock_retain_until_date": "",
            "override_provider": [],
            "server_side_encryption": "AES256",
            "source": "./../codebuild_artifacts/requirements.txt",
            "source_hash": null,
            "storage_class": "STANDARD",
            "tags": null,
            "tags_all": {
              "Application": "VocalDocs"
            },
            "version_id": "",
            "website_redirect": ""
          },
          "sensitive_attributes": [],
          "identity_schema_version": 0,
          "private": "bnVsbA==",
          "dependencies": [
            "aws_s3_bucket.build_artifacts",
            "random_string.suffix"
          ]
        }
      ]
    },
    {
      "mode": "managed",
      "type": "aws_s3_object",
      "name": "static_files",
      "provider": "provider[\"registry.terraform.io/hashicorp/aws\"]",
      "instances": [
        {
          "index_key": "VocalDocs.jpg",
          "schema_version": 0,
          "attributes": {
            "acl": null,
            "arn": "arn:aws:s3:::vocaldocs-static-website-bucket-bu791qc9/VocalDocs.jpg",
            "bucket": "vocaldocs-static-website-bucket-bu791qc9",
            "bucket_key_enabled": false,
            "cache_control": "",
            "checksum_algorithm": null,
            "checksum_crc32": "",
            "checksum_crc32c": "",
            "checksum_sha1": "",
            "checksum_sha256": "",
            "content": null,
            "content_base64": null,
            "content_disposition": "",
            "content_encoding": "",
            "content_language": "",
            "content_type": "image/jpeg",
            "etag": "a77eee8b18f49aad7b29455767a268b0",
            "force_destroy": false,
            "id": "VocalDocs.jpg",
            "key": "VocalDocs.jpg",
            "kms_key_id": null,
            "metadata": null,
            "object_lock_legal_hold_status": "",
            "object_lock_mode": "",
            "object_lock_retain_until_date": "",
            "override_provider": [],
            "server_side_encryption": "AES256",
            "source": "./../static_website/VocalDocs.jpg",
            "source_hash": null,
            "storage_class": "STANDARD",
            "tags": null,
            "tags_all": {
              "Application": "VocalDocs"
            },
            "version_id": "",
            "website_redirect": ""
          },
          "sensitive_attributes": [],
          "identity_schema_version": 0,
          "private": "bnVsbA==",
          "dependencies": [
            "aws_s3_bucket.website_bucket",
            "random_string.suffix"
          ]
        },
        {
          "index_key": "VocalDocs.png",
          "schema_version": 0,
          "attributes": {
            "acl": null,
            "arn": "arn:aws:s3:::vocaldocs-static-website-bucket-bu791qc9/VocalDocs.png",
            "bucket": "vocaldocs-static-website-bucket-bu791qc9",
            "bucket_key_enabled": false,
            "cache_control": "",
            "checksum_algorithm": null,
            "checksum_crc32": "",
            "checksum_crc32c": "",
            "checksum_sha1": "",
            "checksum_sha256": "",
            "content": null,
            "content_base64": null,
            "content_disposition": "",
            "content_encoding": "",
            "content_language": "",
            "content_type": "image/png",
            "etag": "32e755b0cf762a95beae8fe286dd660f",
            "force_destroy": false,
            "id": "VocalDocs.png",
            "key": "VocalDocs.png",
            "kms_key_id": null,
            "metadata": null,
            "object_lock_legal_hold_status": "",
            "object_lock_mode": "",
            "object_lock_retain_until_date": "",
            "override_provider": [],
            "server_side_encryption": "AES256",
            "source": "./../static_website/VocalDocs.png",
            "source_hash": null,
            "storage_class": "STANDARD",
            "tags": null,
            "tags_all": {
              "Application": "VocalDocs"
            },
            "version_id": "",
            "website_redirect": ""
          },
          "sensitive_attributes": [],
          "identity_schema_version": 0,
          "private": "bnVsbA==",
          "dependencies": [
            "aws_s3_bucket.website_bucket",
            "random_string.suffix"
          ]
        },
        {
          "index_key": "background.png",
          "schema_version": 0,
          "attributes": {
            "acl": null,
            "arn": "arn:aws:s3:::vocaldocs-static-website-bucket-bu791qc9/background.png",
            "bucket": "vocaldocs-static-website-bucket-bu791qc9",
            "bucket_key_enabled": false,
            "cache_control": "",
            "checksum_algorithm": null,
            "checksum_crc32": "",
            "checksum_crc32c": "",
            "checksum_sha1": "",
            "checksum_sha256": "",
            "content": null,
            "content_base64": null,
            "content_disposition": "",
            "content_encoding": "",
            "content_language": "",
            "content_type": "image/png",
            "etag": "88301aa0c89d61a0ec2352268ba6bf32",
            "force_destroy": false,
            "id": "background.png",
            "key": "background.png",
            "kms_key_id": null,
            "metadata": null,
            "object_lock_legal_hold_status": "",
            "object_lock_mode": "",
            "object_lock_retain_until_date": "",
            "override_provider": [],
            "server_side_encryption": "AES256",
            "source": "./../static_website/background.png",
            "source_hash": null,
            "storage_class": "STANDARD",
            "tags": null,
            "tags_all": {
              "Application": "VocalDocs"
            },
            "version_id": "",
            "website_redirect": ""
          },
          "sensitive_attributes": [],
          "identity_schema_version": 0,
          "private": "bnVsbA==",
          "dependencies": [
            "aws_s3_bucket.website_bucket",
            "random_string.suffix"
          ]
        },
        {
          "index_key": "comingsoon.html",
          "schema_version": 0,
          "attributes": {
            "acl": null,
            "arn": "arn:aws:s3:::vocaldocs-static-website-bucket-bu791qc9/comingsoon.html",
            "bucket": "vocaldocs-static-website-bucket-bu791qc9",
            "bucket_key_enabled": false,
            "cache_control": "",
            "checksum_algorithm": null,
            "checksum_crc32": "",
            "checksum_crc32c": "",
            "checksum_sha1": "",
            "checksum_sha256": "",
            "content": null,
            "content_base64": null,
            "content_disposition": "",
            "content_encoding": "",
            "content_language": "",
            "content_type": "text/html",
            "etag": "69d1b03957c034a63f889a882630aded",
            "force_destroy": false,
            "id": "comingsoon.html",
            "key": "comingsoon.html",
            "kms_key_id": null,
            "metadata": null,
            "object_lock_legal_hold_status": "",
            "object_lock_mode": "",
            "object_lock_retain_until_date": "",
            "override_provider": [],
            "server_side_encryption": "AES256",
            "source": "./../static_website/comingsoon.html",
            "source_hash": null,
            "storage_class": "STANDARD",
            "tags": null,
            "tags_all": {
              "Application": "VocalDocs"
            },
            "version_id": "",
            "website_redirect": ""
          },
          "sensitive_attributes": [],
          "identity_schema_version": 0,
          "private": "bnVsbA==",
          "dependencies": [
            "aws_s3_bucket.website_bucket",
            "random_string.suffix"
          ]
        },
        {
          "index_key": "favicon.ico",
          "schema_version": 0,
          "attributes": {
            "acl": null,
            "arn": "arn:aws:s3:::vocaldocs-static-website-bucket-bu791qc9/favicon.ico",
            "bucket": "vocaldocs-static-website-bucket-bu791qc9",
            "bucket_key_enabled": false,
            "cache_control": "",
            "checksum_algorithm": null,
            "checksum_crc32": "",
            "checksum_crc32c": "",
            "checksum_sha1": "",
            "checksum_sha256": "",
            "content": null,
            "content_base64": null,
            "content_disposition": "",
            "content_encoding": "",
            "content_language": "",
            "content_type": "image/x-icon",
            "etag": "32e755b0cf762a95beae8fe286dd660f",
            "force_destroy": false,
            "id": "favicon.ico",
            "key": "favicon.ico",
            "kms_key_id": null,
            "metadata": null,
            "object_lock_legal_hold_status": "",
            "object_lock_mode": "",
            "object_lock_retain_until_date": "",
            "override_provider": [],
            "server_side_encryption": "AES256",
            "source": "./../static_website/favicon.ico",
            "source_hash": null,
            "storage_class": "STANDARD",
            "tags": null,
            "tags_all": {
              "Application": "VocalDocs"
            },
            "version_id": "",
            "website_redirect": ""
          },
          "sensitive_attributes": [],
          "identity_schema_version": 0,
          "private": "bnVsbA==",
          "dependencies": [
            "aws_s3_bucket.website_bucket",
            "random_string.suffix"
          ]
        },
        {
          "index_key": "index.html",
          "schema_version": 0,
          "attributes": {
            "acl": null,
            "arn": "arn:aws:s3:::vocaldocs-static-website-bucket-bu791qc9/index.html",
            "bucket": "vocaldocs-static-website-bucket-bu791qc9",
            "bucket_key_enabled": false,
            "cache_control": "",
            "checksum_algorithm": null,
            "checksum_crc32": "",
            "checksum_crc32c": "",
            "checksum_sha1": "",
            "checksum_sha256": "",
            "content": null,
            "content_base64": null,
            "content_disposition": "",
            "content_encoding": "",
            "content_language": "",
            "content_type": "text/html",
            "etag": "aed8a29046a86049d33c03f365e3ebec",
            "force_destroy": false,
            "id": "index.html",
            "key": "index.html",
            "kms_key_id": null,
            "metadata": null,
            "object_lock_legal_hold_status": "",
            "object_lock_mode": "",
            "object_lock_retain_until_date": "",
            "override_provider": [],
            "server_side_encryption": "AES256",
            "source": "./../static_website/index.html",
            "source_hash": null,
            "storage_class": "STANDARD",
            "tags": null,
            "tags_all": {
              "Application": "VocalDocs"
            },
            "version_id": "",
            "website_redirect": ""
          },
          "sensitive_attributes": [],
          "identity_schema_version": 0,
          "private": "bnVsbA==",
          "dependencies": [
            "aws_s3_bucket.website_bucket",
            "random_string.suffix"
          ]
        },
        {
          "index_key": "main.js",
          "schema_version": 0,
          "attributes": {
            "acl": null,
            "arn": "arn:aws:s3:::vocaldocs-static-website-bucket-bu791qc9/main.js",
            "bucket": "vocaldocs-static-website-bucket-bu791qc9",
            "bucket_key_enabled": false,
            "cache_control": "",
            "checksum_algorithm": null,
            "checksum_crc32": "",
            "checksum_crc32c": "",
            "checksum_sha1": "",
            "checksum_sha256": "",
            "content": null,
            "content_base64": null,
            "content_disposition": "",
            "content_encoding": "",
            "content_language": "",
            "content_type": "application/javascript",
            "etag": "2f1957d001b5b40779b7bbdb3756302f",
            "force_destroy": false,
            "id": "main.js",
            "key": "main.js",
            "kms_key_id": null,
            "metadata": null,
            "object_lock_legal_hold_status": "",
            "object_lock_mode": "",
            "object_lock_retain_until_date": "",
            "override_provider": [],
            "server_side_encryption": "AES256",
            "source": "./../static_website/main.js",
            "source_hash": null,
            "storage_class": "STANDARD",
            "tags": null,
            "tags_all": {
              "Application": "VocalDocs"
            },
            "version_id": "",
            "website_redirect": ""
          },
          "sensitive_attributes": [],
          "identity_schema_version": 0,
          "private": "bnVsbA==",
          "dependencies": [
            "aws_s3_bucket.website_bucket",
            "random_string.suffix"
          ]
        },
        {
          "index_key": "new-request.html",
          "schema_version": 0,
          "attributes": {
            "acl": null,
            "arn": "arn:aws:s3:::vocaldocs-static-website-bucket-bu791qc9/new-request.html",
            "bucket": "vocaldocs-static-website-bucket-bu791qc9",
            "bucket_key_enabled": false,
            "cache_control": "",
            "checksum_algorithm": null,
            "checksum_crc32": "",
            "checksum_crc32c": "",
            "checksum_sha1": "",
            "checksum_sha256": "",
            "content": null,
            "content_base64": null,
            "content_disposition": "",
            "content_encoding": "",
            "content_language": "",
            "content_type": "text/html",
            "etag": "4d14fde9e5feb881c22a26bb899aea9c",
            "force_destroy": false,
            "id": "new-request.html",
            "key": "new-request.html",
            "kms_key_id": null,
            "metadata": null,
            "object_lock_legal_hold_status": "",
            "object_lock_mode": "",
            "object_lock_retain_until_date": "",
            "override_provider": [],
            "server_side_encryption": "AES256",
            "source": "./../static_website/new-request.html",
            "source_hash": null,
            "storage_class": "STANDARD",
            "tags": null,
            "tags_all": {
              "Application": "VocalDocs"
            },
            "version_id": "",
            "website_redirect": ""
          },
          "sensitive_attributes": [],
          "identity_schema_version": 0,
          "private": "bnVsbA==",
          "dependencies": [
            "aws_s3_bucket.website_bucket",
            "random_string.suffix"
          ]
        },
        {
          "index_key": "script.js",
          "schema_version": 0,
          "attributes": {
            "acl": null,
            "arn": "arn:aws:s3:::vocaldocs-static-website-bucket-bu791qc9/script.js",
            "bucket": "vocaldocs-static-website-bucket-bu791qc9",
            "bucket_key_enabled": false,
            "cache_control": "",
            "checksum_algorithm": null,
            "checksum_crc32": "",
            "checksum_crc32c": "",
            "checksum_sha1": "",
            "checksum_sha256": "",
            "content": null,
            "content_base64": null,
            "content_disposition": "",
            "content_encoding": "",
            "content_language": "",
            "content_type": "application/javascript",
            "etag": "641473688f001b272cbee4cad63621bd",
            "force_destroy": false,
            "id": "script.js",
            "key": "script.js",
            "kms_key_id": null,
            "metadata": null,
            "object_lock_legal_hold_status": "",
            "object_lock_mode": "",
            "object_lock_retain_until_date": "",
            "override_provider": [],
            "server_side_encryption": "AES256",
            "source": "./../static_website/script.js",
            "source_hash": null,
            "storage_class": "STANDARD",
            "tags": null,
            "tags_all": {
              "Application": "VocalDocs"
            },
            "version_id": "",
            "website_redirect": ""
          },
          "sensitive_attributes": [],
          "identity_schema_version": 0,
          "private": "bnVsbA==",
          "dependencies": [
            "aws_s3_bucket.website_bucket",
            "random_string.suffix"
          ]
        },
        {
          "index_key": "styles.css",
          "schema_version": 0,
          "attributes": {
            "acl": null,
            "arn": "arn:aws:s3:::vocaldocs-static-website-bucket-bu791qc9/styles.css",
            "bucket": "vocaldocs-static-website-bucket-bu791qc9",
            "bucket_key_enabled": false,
            "cache_control": "",
            "checksum_algorithm": null,
            "checksum_crc32": "",
            "checksum_crc32c": "",
            "checksum_sha1": "",
            "checksum_sha256": "",
            "content": null,
            "content_base64": null,
            "content_disposition": "",
            "content_encoding": "",
            "content_language": "",
            "content_type": "text/css",
            "etag": "db9c7acd9e031b1b4ad0bb643c359ae9",
            "force_destroy": false,
            "id": "styles.css",
            "key": "styles.css",
            "kms_key_id": null,
            "metadata": null,
            "object_lock_legal_hold_status": "",
            "object_lock_mode": "",
            "object_lock_retain_until_date": "",
            "override_provider": [],
            "server_side_encryption": "AES256",
            "source": "./../static_website/styles.css",
            "source_hash": null,
            "storage_class": "STANDARD",
            "tags": null,
            "tags_all": {
              "Application": "VocalDocs"
            },
            "version_id": "",
            "website_redirect": ""
          },
          "sensitive_attributes": [],
          "identity_schema_version": 0,
          "private": "bnVsbA==",
          "dependencies": [
            "aws_s3_bucket.website_bucket",
            "random_string.suffix"
          ]
        },
        {
          "index_key": "track-request.html",
          "schema_version": 0,
          "attributes": {
            "acl": null,
            "arn": "arn:aws:s3:::vocaldocs-static-website-bucket-bu791qc9/track-request.html",
            "bucket": "vocaldocs-static-website-bucket-bu791qc9",
            "bucket_key_enabled": false,
            "cache_control": "",
            "checksum_algorithm": null,
            "checksum_crc32": "",
            "checksum_crc32c": "",
            "checksum_sha1": "",
            "checksum_sha256": "",
            "content": null,
            "content_base64": null,
            "content_disposition": "",
            "content_encoding": "",
            "content_language": "",
            "content_type": "text/html",
            "etag": "165a22a42b272330f0902539947580b1",
            "force_destroy": false,
            "id": "track-request.html",
            "key": "track-request.html",
            "kms_key_id": null,
            "metadata": null,
            "object_lock_legal_hold_status": "",
            "object_lock_mode": "",
            "object_lock_retain_until_date": "",
            "override_provider": [],
            "server_side_encryption": "AES256",
            "source": "./../static_website/track-request.html",
            "source_hash": null,
            "storage_class": "STANDARD",
            "tags": null,
            "tags_all": {
              "Application": "VocalDocs"
            },
            "version_id": "",
            "website_redirect": ""
          },
          "sensitive_attributes": [],
          "identity_schema_version": 0,
          "private": "bnVsbA==",
          "dependencies": [
            "aws_s3_bucket.website_bucket",
            "random_string.suffix"
          ]
        }
      ]
    },
    {
      "mode": "managed",
      "type": "aws_s3_object",
      "name": "upload_prefix",
      "provider": "provider[\"registry.terraform.io/hashicorp/aws\"]",
      "instances": [
        {
          "schema_version": 0,
          "attributes": {
            "acl": null,
            "arn": "arn:aws:s3:::document-request-bucket-vocaldocs-bu791qc9/upload/",
            "bucket": "document-request-bucket-vocaldocs-bu791qc9",
            "bucket_key_enabled": false,
            "cache_control": "",
            "checksum_algorithm": null,
            "checksum_crc32": "",
            "checksum_crc32c": "",
            "checksum_sha1": "",
            "checksum_sha256": "",
            "content": "",
            "content_base64": null,
            "content_disposition": "",
            "content_encoding": "",
            "content_language": "",
            "content_type": "application/octet-stream",
            "etag": "d41d8cd98f00b204e9800998ecf8427e",
            "force_destroy": false,
            "id": "upload/",
            "key": "upload/",
            "kms_key_id": null,
            "metadata": null,
            "object_lock_legal_hold_status": "",
            "object_lock_mode": "",
            "object_lock_retain_until_date": "",
            "override_provider": [],
            "server_side_encryption": "AES256",
            "source": null,
            "source_hash": null,
            "storage_class": "STANDARD",
            "tags": null,
            "tags_all": {
              "Application": "VocalDocs"
            },
            "version_id": "",
            "website_redirect": ""
          },
          "sensitive_attributes": [],
          "identity_schema_version": 0,
          "private": "bnVsbA==",
          "dependencies": [
            "aws_s3_bucket.document_bucket",
            "random_string.suffix"
          ]
        }
      ]
    },
    {
      "mode": "managed",
      "type": "aws_sns_topic",
      "name": "vocaldocs_topic",
      "provider": "provider[\"registry.terraform.io/hashicorp/aws\"]",
      "instances": [
        {
          "schema_version": 0,
          "attributes": {
            "application_failure_feedback_role_arn": "",
            "application_success_feedback_role_arn": "",
            "application_success_feedback_sample_rate": 0,
            "archive_policy": "",
            "arn": "arn:aws:sns:eu-west-1:205930637405:VocalDocs-SNS-Topic-bu791qc9",
            "beginning_archive_time": "",
            "content_based_deduplication": false,
            "delivery_policy": "",
            "display_name": "",
            "fifo_topic": false,
            "firehose_failure_feedback_role_arn": "",
            "firehose_success_feedback_role_arn": "",
            "firehose_success_feedback_sample_rate": 0,
            "http_failure_feedback_role_arn": "",
            "http_success_feedback_role_arn": "",
            "http_success_feedback_sample_rate": 0,
            "id": "arn:aws:sns:eu-west-1:205930637405:VocalDocs-SNS-Topic-bu791qc9",
            "kms_master_key_id": "alias/aws/sns",
            "lambda_failure_feedback_role_arn": "",
            "lambda_success_feedback_role_arn": "",
            "lambda_success_feedback_sample_rate": 0,
            "name": "VocalDocs-SNS-Topic-bu791qc9",
            "name_prefix": "",
            "owner": "205930637405",
            "policy": "{\"Id\":\"__default_policy_ID\",\"Statement\":[{\"Action\":[\"SNS:GetTopicAttributes\",\"SNS:SetTopicAttributes\",\"SNS:AddPermission\",\"SNS:RemovePermission\",\"SNS:DeleteTopic\",\"SNS:Subscribe\",\"SNS:ListSubscriptionsByTopic\",\"SNS:Publish\"],\"Condition\":{\"StringEquals\":{\"AWS:SourceOwner\":\"205930637405\"}},\"Effect\":\"Allow\",\"Principal\":{\"AWS\":\"*\"},\"Resource\":\"arn:aws:sns:eu-west-1:205930637405:VocalDocs-SNS-Topic-bu791qc9\",\"Sid\":\"__default_statement_ID\"}],\"Version\":\"2008-10-17\"}",
            "signature_version": 0,
            "sqs_failure_feedback_role_arn": "",
            "sqs_success_feedback_role_arn": "",
            "sqs_success_feedback_sample_rate": 0,
            "tags": null,
            "tags_all": {
              "Application": "VocalDocs"
            },
            "tracing_config": ""
          },
          "sensitive_attributes": [],
          "identity_schema_version": 0,
          "private": "bnVsbA==",
          "dependencies": [
            "random_string.suffix"
          ]
        }
      ]
    },
    {
      "mode": "managed",
      "type": "aws_sns_topic_subscription",
      "name": "image_converter",
      "provider": "provider[\"registry.terraform.io/hashicorp/aws\"]",
      "instances": [
        {
          "schema_version": 0,
          "attributes": {
            "arn": "arn:aws:sns:eu-west-1:205930637405:VocalDocs-SNS-Topic-bu791qc9:3b8d190e-fb4f-47b3-abc6-54b581ce31e6",
            "confirmation_timeout_in_minutes": 1,
            "confirmation_was_authenticated": true,
            "delivery_policy": "",
            "endpoint": "arn:aws:lambda:eu-west-1:205930637405:function:image_converter-bu791qc9",
            "endpoint_auto_confirms": false,
            "filter_policy": "",
            "filter_policy_scope": "",
            "id": "arn:aws:sns:eu-west-1:205930637405:VocalDocs-SNS-Topic-bu791qc9:3b8d190e-fb4f-47b3-abc6-54b581ce31e6",
            "owner_id": "205930637405",
            "pending_confirmation": false,
            "protocol": "lambda",
            "raw_message_delivery": false,
            "redrive_policy": "",
            "replay_policy": "",
            "subscription_role_arn": "",
            "topic_arn": "arn:aws:sns:eu-west-1:205930637405:VocalDocs-SNS-Topic-bu791qc9"
          },
          "sensitive_attributes": [],
          "identity_schema_version": 0,
          "private": "bnVsbA==",
          "dependencies": [
            "aws_dynamodb_table.document_request_db",
            "aws_iam_role.lambda_image_converter_role",
            "aws_lambda_function.image_converter",
            "aws_sns_topic.vocaldocs_topic",
            "data.archive_file.image_converter_lambda_package",
            "data.aws_partition.current",
            "random_string.suffix"
          ]
        }
      ]
    },
    {
      "mode": "managed",
      "type": "local_file",
      "name": "web_config",
      "provider": "provider[\"registry.terraform.io/hashicorp/local\"]",
      "instances": [
        {
          "schema_version": 0,
          "attributes": {
            "content": "const config = {\r\n    PARTITION_DNS_SUFFIX: \"amazonaws.com\",\r\n    REGION: \"eu-west-1\",\r\n    USER_POOL_ID: \"eu-west-1_7cXLDArwh\",\r\n    COGNITO_USER_POOL_DOMAIN: \"https://vocaldocs-auth-bu791qc9.auth.eu-west-1.amazoncognito.com\",\r\n    USER_POOL_CLIENT_ID: \"13qs24batvnlh5ehgv66gl6pf2\",\r\n    IDENTITY_POOL_ID: \"eu-west-1:a1c23eb0-06ae-49ed-8c6e-cdbca98bc361\",\r\n    CLOUDFRONT_DOMAIN: \"d3m4bewcberec8.cloudfront.net\",\r\n    UPLOAD_LAMBDA_NAME: \"upload-execution-bu791qc9\",\r\n    TRACK_LAMBDA_NAME: \"track-execution-bu791qc9\"\r\n};\r\n\r\nexport default config;\r\n",
            "content_base64": null,
            "content_base64sha256": "OXKWjawSX0C137aP9l728UMqFEw8BWMBNtmxlv5hTR8=",
            "content_base64sha512": "mk//fUw1fRA9HQPT7GNZBIE6oS7RM7UUF0JVRYIZZHOiBo4VvZ5mu+PJP+JumAc9hdJmvV5tMcEVFpXceMxsuQ==",
            "content_md5": "4b1a5c164df94ff127ac57c63b53fd89",
            "content_sha1": "d644c436ef78b49af53823d13bbdb17e422480a6",
            "content_sha256": "3972968dac125f40b5dfb68ff65ef6f1432a144c3c05630136d9b196fe614d1f",
            "content_sha512": "9a4fff7d4c357d103d1d03d3ec635904813aa12ed133b5141742554582196473a2068e15bd9e66bbe3c93fe26e98073d85d266bd5e6d31c1151695dc78cc6cb9",
            "directory_permission": "0777",
            "file_permission": "0777",
            "filename": "./../static_website/config.js",
            "id": "d644c436ef78b49af53823d13bbdb17e422480a6",
            "sensitive_content": null,
            "source": null
          },
          "sensitive_attributes": [
            [
              {
                "type": "get_attr",
                "value": "sensitive_content"
              }
            ]
          ],
          "identity_schema_version": 0,
          "dependencies": [
            "aws_cloudfront_distribution.s3_distribution",
            "aws_cloudfront_origin_access_control.oac",
            "aws_cognito_identity_pool.main",
            "aws_cognito_user_pool.user_pool",
            "aws_cognito_user_pool_client.client",
            "aws_cognito_user_pool_domain.main",
            "aws_dynamodb_table.document_request_db",
            "aws_iam_role.lambda_track_execution_role",
            "aws_iam_role.lambda_upload_execution_role",
            "aws_lambda_function.track_execution",
            "aws_lambda_function.upload_execution",
            "aws_s3_bucket.document_bucket",
            "aws_s3_bucket.website_bucket",
            "data.archive_file.track_execution_lambda_package",
            "data.archive_file.upload_execution_lambda_package",
            "data.aws_partition.current",
            "random_string.suffix"
          ]
        }
      ]
    },
    {
      "mode": "managed",
      "type": "random_string",
      "name": "suffix",
      "provider": "provider[\"registry.terraform.io/hashicorp/random\"]",
      "instances": [
        {
          "schema_version": 2,
          "attributes": {
            "id": "bu791qc9",
            "keepers": null,
            "length": 8,
            "lower": true,
            "min_lower": 0,
            "min_numeric": 0,
            "min_special": 0,
            "min_upper": 0,
            "number": true,
            "numeric": true,
            "override_special": null,
            "result": "bu791qc9",
            "special": false,
            "upper": false
          },
          "sensitive_attributes": [],
          "identity_schema_version": 0
        }
      ]
    }
  ],
  "check_results": null
}
